
Microsoft Visual Studio Solution File, Format Version 12.00
# Visual Studio Version 16
VisualStudioVersion = 16.0.28729.10
MinimumVisualStudioVersion = 10.0.40219.1
Project("{9A19103F-16F7-4668-BE54-9A1E7A4F7556}") = "WInterop.Desktop", "src\WInterop.Desktop\WInterop.Desktop.csproj", "{AC918478-F510-44DD-92AE-6E0B013546F5}"
	ProjectSection(ProjectDependencies) = postProject
		{7334C3CF-A7B8-491B-BBA5-197856E3FA3B} = {7334C3CF-A7B8-491B-BBA5-197856E3FA3B}
	EndProjectSection
EndProject
Project("{D954291E-2A0B-460D-934E-DC6B0785DB48}") = "Common", "src\Common\Common.shproj", "{E7CAF10F-86B5-486F-9B76-BFC8B9EA41F8}"
EndProject
Project("{2150E333-8FDC-42A3-9474-1A3956D46DE8}") = "Tests", "Tests", "{9BFE01D1-0EF4-4CFC-8E20-254A7E39FB14}"
EndProject
Project("{9A19103F-16F7-4668-BE54-9A1E7A4F7556}") = "AutoGenerated", "src\AutoGenerated\AutoGenerated.csproj", "{7334C3CF-A7B8-491B-BBA5-197856E3FA3B}"
EndProject
Project("{2150E333-8FDC-42A3-9474-1A3956D46DE8}") = "Documentation", "Documentation", "{71CFE32A-7550-4ABF-B0F1-61862831E486}"
	ProjectSection(SolutionItems) = preProject
		docs\cominterop.md = docs\cominterop.md
		docs\pinvoke.md = docs\pinvoke.md
		README.md = README.md
		docs\structs.md = docs\structs.md
	EndProjectSection
EndProject
Project("{2150E333-8FDC-42A3-9474-1A3956D46DE8}") = "Infrastructure", "Infrastructure", "{03801197-72C1-4497-9AF8-51798E2F8EA8}"
	ProjectSection(SolutionItems) = preProject
		Directory.Build.props = Directory.Build.props
	EndProjectSection
EndProject
Project("{8BC9CEB8-8B4A-11D0-8D11-00A0C91BC942}") = "NativeTestLibrary", "src\Tests\NativeTestLibrary\NativeTestLibrary.vcxproj", "{9B6766AF-03F6-48B0-89DC-41881B3E00CA}"
EndProject
Project("{2150E333-8FDC-42A3-9474-1A3956D46DE8}") = "Samples", "Samples", "{F5D72A2B-8550-493A-8E91-A88FBB29643D}"
EndProject
Project("{9A19103F-16F7-4668-BE54-9A1E7A4F7556}") = "HelloMsg", "src\Samples\Petzold\5th\HelloMsg\HelloMsg.csproj", "{5E252D1C-F56D-4950-812F-8222DD16C388}"
EndProject
Project("{9A19103F-16F7-4668-BE54-9A1E7A4F7556}") = "ScrnSize", "src\Samples\Petzold\5th\ScrnSize\ScrnSize.csproj", "{CA46A0A4-331C-4625-B3A5-1A13109040C4}"
EndProject
Project("{9A19103F-16F7-4668-BE54-9A1E7A4F7556}") = "HelloWin", "src\Samples\Petzold\5th\HelloWin\HelloWin.csproj", "{64CBB60E-9013-4BFA-A06F-10F55C341CB7}"
EndProject
Project("{9A19103F-16F7-4668-BE54-9A1E7A4F7556}") = "SineWave", "src\Samples\Petzold\5th\SineWave\SineWave.csproj", "{31470B76-4B1F-498C-8156-00E1F7F86324}"
EndProject
Project("{9A19103F-16F7-4668-BE54-9A1E7A4F7556}") = "LineDemo", "src\Samples\Petzold\5th\LineDemo\LineDemo.csproj", "{A0745BCF-CC6B-45FC-AAA5-0EC614F160EC}"
EndProject
Project("{9A19103F-16F7-4668-BE54-9A1E7A4F7556}") = "Bezier", "src\Samples\Petzold\5th\Bezier\Bezier.csproj", "{F4427853-F86C-4BCA-AE15-9003D05B68E5}"
EndProject
Project("{9A19103F-16F7-4668-BE54-9A1E7A4F7556}") = "AltWind", "src\Samples\Petzold\5th\AltWind\AltWind.csproj", "{C0D13FCA-F032-4B2F-BC15-ABA9589C77B4}"
EndProject
Project("{9A19103F-16F7-4668-BE54-9A1E7A4F7556}") = "RandRect", "src\Samples\Petzold\5th\RandRect\RandRect.csproj", "{F9D04048-76C3-47E9-8D68-A4539F3FAD0A}"
EndProject
Project("{9A19103F-16F7-4668-BE54-9A1E7A4F7556}") = "Clover", "src\Samples\Petzold\5th\Clover\Clover.csproj", "{D8CD6E89-A961-458E-9A80-F615BC34F297}"
EndProject
Project("{9A19103F-16F7-4668-BE54-9A1E7A4F7556}") = "KeyView1", "src\Samples\Petzold\5th\KeyView1\KeyView1.csproj", "{F6C8EF2A-A996-49BC-90CF-7B8BFB626861}"
EndProject
Project("{9A19103F-16F7-4668-BE54-9A1E7A4F7556}") = "Typer", "src\Samples\Petzold\5th\Typer\Typer.csproj", "{D707EA1E-3F24-49F0-9C74-48FC565FD2E2}"
EndProject
Project("{9A19103F-16F7-4668-BE54-9A1E7A4F7556}") = "Connect", "src\Samples\Petzold\5th\Connect\Connect.csproj", "{C2F31CCA-EBA2-4BCC-9A6F-D13E2C7CD8D9}"
EndProject
Project("{9A19103F-16F7-4668-BE54-9A1E7A4F7556}") = "Checker", "src\Samples\Petzold\5th\Checker1\Checker.csproj", "{7B27DE84-65B6-4CA3-B1F6-F0A87810462E}"
EndProject
Project("{9A19103F-16F7-4668-BE54-9A1E7A4F7556}") = "Blokout2", "src\Samples\Petzold\5th\Blokout2\Blokout2.csproj", "{B32D80EF-5F4A-4476-989E-C98EDE93FB50}"
EndProject
Project("{9A19103F-16F7-4668-BE54-9A1E7A4F7556}") = "SysMets", "src\Samples\Petzold\5th\SysMets\SysMets.csproj", "{513338DE-9A71-4F2A-A4BA-95389A6166A8}"
EndProject
Project("{9A19103F-16F7-4668-BE54-9A1E7A4F7556}") = "Digclock", "src\Samples\Petzold\5th\Digclock\Digclock.csproj", "{5BADC8D8-FB25-4C6E-BDA6-B87ECF55C1C7}"
EndProject
Project("{9A19103F-16F7-4668-BE54-9A1E7A4F7556}") = "Clock", "src\Samples\Petzold\5th\Clock\Clock.csproj", "{573ED4AF-1002-4D19-95E4-3E9B2B59E197}"
EndProject
Project("{9A19103F-16F7-4668-BE54-9A1E7A4F7556}") = "WhatClr", "src\Samples\Petzold\5th\WhatClr\WhatClr.csproj", "{FBA09B28-1364-49B5-97E8-55F6967CE365}"
EndProject
Project("{9A19103F-16F7-4668-BE54-9A1E7A4F7556}") = "BtnLook", "src\Samples\Petzold\5th\BtnLook\BtnLook.csproj", "{F87A56DE-F6E3-43EB-ADC8-8521A88A45F1}"
EndProject
Project("{9A19103F-16F7-4668-BE54-9A1E7A4F7556}") = "OwnDraw", "src\Samples\Petzold\5th\OwnDraw\OwnDraw.csproj", "{9162B2F4-8992-49A6-8B7C-45F837F79413}"
EndProject
Project("{9A19103F-16F7-4668-BE54-9A1E7A4F7556}") = "Colors1", "src\Samples\Petzold\5th\Colors1\Colors1.csproj", "{60E967C5-2742-4B71-B8BC-46BE819A4C10}"
EndProject
Project("{9A19103F-16F7-4668-BE54-9A1E7A4F7556}") = "PopPad1", "src\Samples\Petzold\5th\PopPad1\PopPad1.csproj", "{2B8DC10B-20E1-4826-B71A-70B0A930DF10}"
EndProject
Project("{9A19103F-16F7-4668-BE54-9A1E7A4F7556}") = "Environ", "src\Samples\Petzold\5th\Environ\Environ.csproj", "{258898CB-7C18-45FE-A34D-778EB2DCCD3B}"
EndProject
Project("{9A19103F-16F7-4668-BE54-9A1E7A4F7556}") = "Head", "src\Samples\Petzold\5th\Head\Head.csproj", "{E45B871A-AC42-4ED0-AFD7-EC450297B3A4}"
EndProject
Project("{9A19103F-16F7-4668-BE54-9A1E7A4F7556}") = "WInterop.GdiPlus", "src\WInterop.GdiPlus\WInterop.GdiPlus.csproj", "{47987443-2B3A-4807-8E5C-0F4911D4A4FC}"
EndProject
Project("{2150E333-8FDC-42A3-9474-1A3956D46DE8}") = "Petzold", "Petzold", "{1C0A50A0-778D-4AF2-9F04-E95206DA34AC}"
EndProject
Project("{2150E333-8FDC-42A3-9474-1A3956D46DE8}") = "Console", "Console", "{BF9746AA-BAED-4F00-AE62-D9C0EFD3E579}"
EndProject
Project("{9A19103F-16F7-4668-BE54-9A1E7A4F7556}") = "CoreConsoleApp", "src\Samples\Console\CoreConsoleApp\CoreConsoleApp.csproj", "{DCA871A2-BE0E-4BE9-B3EC-9978968A4F1F}"
EndProject
Project("{2150E333-8FDC-42A3-9474-1A3956D46DE8}") = "CoreWindows", "CoreWindows", "{C104DD54-BF9F-4AF3-B3D7-AB934E304096}"
EndProject
Project("{9A19103F-16F7-4668-BE54-9A1E7A4F7556}") = "Inception", "src\Samples\CoreWindows\Inception\Inception.csproj", "{F87AC1B1-AC02-4E97-BBD8-35212E43DE49}"
EndProject
Project("{9A19103F-16F7-4668-BE54-9A1E7A4F7556}") = "Beeper", "src\Samples\Petzold\5th\Beeper\Beeper.csproj", "{2A653157-6405-4077-9917-6F3D4C145DD8}"
EndProject
Project("{9A19103F-16F7-4668-BE54-9A1E7A4F7556}") = "WInterop.Direct2d", "src\WInterop.DirectX\WInterop.Direct2d.csproj", "{620AADDD-95C7-4ADE-BD67-42BA9FFA5445}"
EndProject
Project("{9A19103F-16F7-4668-BE54-9A1E7A4F7556}") = "Direct2dDemo", "src\Samples\CoreWindows\Direct2dDemo\Direct2dDemo.csproj", "{9EB22299-CA21-432D-BBE4-CF53EBD5FE8C}"
EndProject
Project("{9A19103F-16F7-4668-BE54-9A1E7A4F7556}") = "DirectWriteDemo", "src\Samples\CoreWindows\DirectWriteDemo\DirectWriteDemo.csproj", "{90A39084-1ACF-4EF8-AA0B-3DB5C4FB712E}"
EndProject
Project("{9A19103F-16F7-4668-BE54-9A1E7A4F7556}") = "Performance", "src\Performance\Performance.csproj", "{C90F02C9-ECF4-4426-BAB1-79AF29FF2369}"
EndProject
Project("{9A19103F-16F7-4668-BE54-9A1E7A4F7556}") = "WInterop.Tests", "src\Tests\WInterop.Tests\WInterop.Tests.csproj", "{2EE95BF7-02F6-4D4A-956A-AB4B5C6B9A2E}"
EndProject
Project("{2150E333-8FDC-42A3-9474-1A3956D46DE8}") = "Tutorial", "Tutorial", "{C6E370BD-0A1E-41CE-B55C-8017FD449013}"
EndProject
Project("{9A19103F-16F7-4668-BE54-9A1E7A4F7556}") = "Windows101", "src\Samples\Tutorial\Windows101\Windows101.csproj", "{A54D1DAD-CDC0-4CE1-B341-CD5EE9A78CD5}"
EndProject
Project("{2150E333-8FDC-42A3-9474-1A3956D46DE8}") = "Solution Items", "Solution Items", "{1DD05300-BB40-4279-B368-0DAA3D0077A2}"
	ProjectSection(SolutionItems) = preProject
		.editorconfig = .editorconfig
		Directory.Build.props = Directory.Build.props
		..\il.props = ..\il.props
		stylecop.json = stylecop.json
	EndProjectSection
EndProject
Project("{9A19103F-16F7-4668-BE54-9A1E7A4F7556}") = "Controls", "src\Samples\Tutorial\Controls\Controls.csproj", "{F21CF94D-3102-4CE7-95BB-68F839B3156B}"
EndProject
Project("{9A19103F-16F7-4668-BE54-9A1E7A4F7556}") = "Drawing", "src\Tests\Drawing\Drawing.csproj", "{A6FC8457-8223-4DBE-841B-EFC82C535680}"
EndProject
Project("{2150E333-8FDC-42A3-9474-1A3956D46DE8}") = "OldNewThing", "OldNewThing", "{2A9BA0DC-C329-45AD-972B-83E063445289}"
EndProject
Project("{9A19103F-16F7-4668-BE54-9A1E7A4F7556}") = "Scratch", "src\Samples\OldNewThing\Scratch\Scratch.csproj", "{78444ABC-5425-457C-882C-4C928704971C}"
EndProject
Project("{9A19103F-16F7-4668-BE54-9A1E7A4F7556}") = "WInterop.SourceGenerators", "src\WInterop.SourceGenerators\WInterop.SourceGenerators.csproj", "{89E7FD50-13F6-45DA-8823-C3F6D38170C8}"
EndProject
Global
	GlobalSection(SharedMSBuildProjectFiles) = preSolution
		src\Common\Common.projitems*{ac918478-f510-44dd-92ae-6e0b013546f5}*SharedItemsImports = 5
		src\Common\Common.projitems*{e7caf10f-86b5-486f-9b76-bfc8b9ea41f8}*SharedItemsImports = 13
	EndGlobalSection
	GlobalSection(SolutionConfigurationPlatforms) = preSolution
		Debug|Any CPU = Debug|Any CPU
		Debug|ARM = Debug|ARM
		Debug|x64 = Debug|x64
		Debug|x86 = Debug|x86
		Release|Any CPU = Release|Any CPU
		Release|ARM = Release|ARM
		Release|x64 = Release|x64
		Release|x86 = Release|x86
	EndGlobalSection
	GlobalSection(ProjectConfigurationPlatforms) = postSolution
		{AC918478-F510-44DD-92AE-6E0B013546F5}.Debug|Any CPU.ActiveCfg = Debug|Any CPU
		{AC918478-F510-44DD-92AE-6E0B013546F5}.Debug|Any CPU.Build.0 = Debug|Any CPU
		{AC918478-F510-44DD-92AE-6E0B013546F5}.Debug|ARM.ActiveCfg = Debug|Any CPU
		{AC918478-F510-44DD-92AE-6E0B013546F5}.Debug|ARM.Build.0 = Debug|Any CPU
		{AC918478-F510-44DD-92AE-6E0B013546F5}.Debug|x64.ActiveCfg = Debug|Any CPU
		{AC918478-F510-44DD-92AE-6E0B013546F5}.Debug|x64.Build.0 = Debug|Any CPU
		{AC918478-F510-44DD-92AE-6E0B013546F5}.Debug|x86.ActiveCfg = Debug|Any CPU
		{AC918478-F510-44DD-92AE-6E0B013546F5}.Debug|x86.Build.0 = Debug|Any CPU
		{AC918478-F510-44DD-92AE-6E0B013546F5}.Release|Any CPU.ActiveCfg = Release|Any CPU
		{AC918478-F510-44DD-92AE-6E0B013546F5}.Release|Any CPU.Build.0 = Release|Any CPU
		{AC918478-F510-44DD-92AE-6E0B013546F5}.Release|ARM.ActiveCfg = Release|Any CPU
		{AC918478-F510-44DD-92AE-6E0B013546F5}.Release|ARM.Build.0 = Release|Any CPU
		{AC918478-F510-44DD-92AE-6E0B013546F5}.Release|x64.ActiveCfg = Release|Any CPU
		{AC918478-F510-44DD-92AE-6E0B013546F5}.Release|x64.Build.0 = Release|Any CPU
		{AC918478-F510-44DD-92AE-6E0B013546F5}.Release|x86.ActiveCfg = Release|Any CPU
		{AC918478-F510-44DD-92AE-6E0B013546F5}.Release|x86.Build.0 = Release|Any CPU
		{7334C3CF-A7B8-491B-BBA5-197856E3FA3B}.Debug|Any CPU.ActiveCfg = Debug|Any CPU
		{7334C3CF-A7B8-491B-BBA5-197856E3FA3B}.Debug|Any CPU.Build.0 = Debug|Any CPU
		{7334C3CF-A7B8-491B-BBA5-197856E3FA3B}.Debug|ARM.ActiveCfg = Debug|Any CPU
		{7334C3CF-A7B8-491B-BBA5-197856E3FA3B}.Debug|ARM.Build.0 = Debug|Any CPU
		{7334C3CF-A7B8-491B-BBA5-197856E3FA3B}.Debug|x64.ActiveCfg = Debug|Any CPU
		{7334C3CF-A7B8-491B-BBA5-197856E3FA3B}.Debug|x64.Build.0 = Debug|Any CPU
		{7334C3CF-A7B8-491B-BBA5-197856E3FA3B}.Debug|x86.ActiveCfg = Debug|Any CPU
		{7334C3CF-A7B8-491B-BBA5-197856E3FA3B}.Debug|x86.Build.0 = Debug|Any CPU
		{7334C3CF-A7B8-491B-BBA5-197856E3FA3B}.Release|Any CPU.ActiveCfg = Release|Any CPU
		{7334C3CF-A7B8-491B-BBA5-197856E3FA3B}.Release|Any CPU.Build.0 = Release|Any CPU
		{7334C3CF-A7B8-491B-BBA5-197856E3FA3B}.Release|ARM.ActiveCfg = Release|Any CPU
		{7334C3CF-A7B8-491B-BBA5-197856E3FA3B}.Release|ARM.Build.0 = Release|Any CPU
		{7334C3CF-A7B8-491B-BBA5-197856E3FA3B}.Release|x64.ActiveCfg = Release|Any CPU
		{7334C3CF-A7B8-491B-BBA5-197856E3FA3B}.Release|x64.Build.0 = Release|Any CPU
		{7334C3CF-A7B8-491B-BBA5-197856E3FA3B}.Release|x86.ActiveCfg = Release|Any CPU
		{7334C3CF-A7B8-491B-BBA5-197856E3FA3B}.Release|x86.Build.0 = Release|Any CPU
		{9B6766AF-03F6-48B0-89DC-41881B3E00CA}.Debug|Any CPU.ActiveCfg = Debug|x64
		{9B6766AF-03F6-48B0-89DC-41881B3E00CA}.Debug|Any CPU.Build.0 = Debug|x64
		{9B6766AF-03F6-48B0-89DC-41881B3E00CA}.Debug|ARM.ActiveCfg = Debug|Win32
		{9B6766AF-03F6-48B0-89DC-41881B3E00CA}.Debug|x64.ActiveCfg = Debug|x64
		{9B6766AF-03F6-48B0-89DC-41881B3E00CA}.Debug|x64.Build.0 = Debug|x64
		{9B6766AF-03F6-48B0-89DC-41881B3E00CA}.Debug|x86.ActiveCfg = Debug|Win32
		{9B6766AF-03F6-48B0-89DC-41881B3E00CA}.Debug|x86.Build.0 = Debug|Win32
		{9B6766AF-03F6-48B0-89DC-41881B3E00CA}.Release|Any CPU.ActiveCfg = Release|x64
		{9B6766AF-03F6-48B0-89DC-41881B3E00CA}.Release|Any CPU.Build.0 = Release|x64
		{9B6766AF-03F6-48B0-89DC-41881B3E00CA}.Release|ARM.ActiveCfg = Release|Win32
		{9B6766AF-03F6-48B0-89DC-41881B3E00CA}.Release|x64.ActiveCfg = Release|x64
		{9B6766AF-03F6-48B0-89DC-41881B3E00CA}.Release|x64.Build.0 = Release|x64
		{9B6766AF-03F6-48B0-89DC-41881B3E00CA}.Release|x86.ActiveCfg = Release|Win32
		{9B6766AF-03F6-48B0-89DC-41881B3E00CA}.Release|x86.Build.0 = Release|Win32
		{5E252D1C-F56D-4950-812F-8222DD16C388}.Debug|Any CPU.ActiveCfg = Debug|Any CPU
		{5E252D1C-F56D-4950-812F-8222DD16C388}.Debug|Any CPU.Build.0 = Debug|Any CPU
		{5E252D1C-F56D-4950-812F-8222DD16C388}.Debug|ARM.ActiveCfg = Debug|Any CPU
		{5E252D1C-F56D-4950-812F-8222DD16C388}.Debug|ARM.Build.0 = Debug|Any CPU
		{5E252D1C-F56D-4950-812F-8222DD16C388}.Debug|x64.ActiveCfg = Debug|Any CPU
		{5E252D1C-F56D-4950-812F-8222DD16C388}.Debug|x64.Build.0 = Debug|Any CPU
		{5E252D1C-F56D-4950-812F-8222DD16C388}.Debug|x86.ActiveCfg = Debug|Any CPU
		{5E252D1C-F56D-4950-812F-8222DD16C388}.Debug|x86.Build.0 = Debug|Any CPU
		{5E252D1C-F56D-4950-812F-8222DD16C388}.Release|Any CPU.ActiveCfg = Release|Any CPU
		{5E252D1C-F56D-4950-812F-8222DD16C388}.Release|Any CPU.Build.0 = Release|Any CPU
		{5E252D1C-F56D-4950-812F-8222DD16C388}.Release|ARM.ActiveCfg = Release|Any CPU
		{5E252D1C-F56D-4950-812F-8222DD16C388}.Release|ARM.Build.0 = Release|Any CPU
		{5E252D1C-F56D-4950-812F-8222DD16C388}.Release|x64.ActiveCfg = Release|Any CPU
		{5E252D1C-F56D-4950-812F-8222DD16C388}.Release|x64.Build.0 = Release|Any CPU
		{5E252D1C-F56D-4950-812F-8222DD16C388}.Release|x86.ActiveCfg = Release|Any CPU
		{5E252D1C-F56D-4950-812F-8222DD16C388}.Release|x86.Build.0 = Release|Any CPU
		{CA46A0A4-331C-4625-B3A5-1A13109040C4}.Debug|Any CPU.ActiveCfg = Debug|Any CPU
		{CA46A0A4-331C-4625-B3A5-1A13109040C4}.Debug|Any CPU.Build.0 = Debug|Any CPU
		{CA46A0A4-331C-4625-B3A5-1A13109040C4}.Debug|ARM.ActiveCfg = Debug|Any CPU
		{CA46A0A4-331C-4625-B3A5-1A13109040C4}.Debug|ARM.Build.0 = Debug|Any CPU
		{CA46A0A4-331C-4625-B3A5-1A13109040C4}.Debug|x64.ActiveCfg = Debug|Any CPU
		{CA46A0A4-331C-4625-B3A5-1A13109040C4}.Debug|x64.Build.0 = Debug|Any CPU
		{CA46A0A4-331C-4625-B3A5-1A13109040C4}.Debug|x86.ActiveCfg = Debug|Any CPU
		{CA46A0A4-331C-4625-B3A5-1A13109040C4}.Debug|x86.Build.0 = Debug|Any CPU
		{CA46A0A4-331C-4625-B3A5-1A13109040C4}.Release|Any CPU.ActiveCfg = Release|Any CPU
		{CA46A0A4-331C-4625-B3A5-1A13109040C4}.Release|Any CPU.Build.0 = Release|Any CPU
		{CA46A0A4-331C-4625-B3A5-1A13109040C4}.Release|ARM.ActiveCfg = Release|Any CPU
		{CA46A0A4-331C-4625-B3A5-1A13109040C4}.Release|ARM.Build.0 = Release|Any CPU
		{CA46A0A4-331C-4625-B3A5-1A13109040C4}.Release|x64.ActiveCfg = Release|Any CPU
		{CA46A0A4-331C-4625-B3A5-1A13109040C4}.Release|x64.Build.0 = Release|Any CPU
		{CA46A0A4-331C-4625-B3A5-1A13109040C4}.Release|x86.ActiveCfg = Release|Any CPU
		{CA46A0A4-331C-4625-B3A5-1A13109040C4}.Release|x86.Build.0 = Release|Any CPU
		{64CBB60E-9013-4BFA-A06F-10F55C341CB7}.Debug|Any CPU.ActiveCfg = Debug|Any CPU
		{64CBB60E-9013-4BFA-A06F-10F55C341CB7}.Debug|Any CPU.Build.0 = Debug|Any CPU
		{64CBB60E-9013-4BFA-A06F-10F55C341CB7}.Debug|ARM.ActiveCfg = Debug|Any CPU
		{64CBB60E-9013-4BFA-A06F-10F55C341CB7}.Debug|ARM.Build.0 = Debug|Any CPU
		{64CBB60E-9013-4BFA-A06F-10F55C341CB7}.Debug|x64.ActiveCfg = Debug|Any CPU
		{64CBB60E-9013-4BFA-A06F-10F55C341CB7}.Debug|x64.Build.0 = Debug|Any CPU
		{64CBB60E-9013-4BFA-A06F-10F55C341CB7}.Debug|x86.ActiveCfg = Debug|Any CPU
		{64CBB60E-9013-4BFA-A06F-10F55C341CB7}.Debug|x86.Build.0 = Debug|Any CPU
		{64CBB60E-9013-4BFA-A06F-10F55C341CB7}.Release|Any CPU.ActiveCfg = Release|Any CPU
		{64CBB60E-9013-4BFA-A06F-10F55C341CB7}.Release|Any CPU.Build.0 = Release|Any CPU
		{64CBB60E-9013-4BFA-A06F-10F55C341CB7}.Release|ARM.ActiveCfg = Release|Any CPU
		{64CBB60E-9013-4BFA-A06F-10F55C341CB7}.Release|ARM.Build.0 = Release|Any CPU
		{64CBB60E-9013-4BFA-A06F-10F55C341CB7}.Release|x64.ActiveCfg = Release|Any CPU
		{64CBB60E-9013-4BFA-A06F-10F55C341CB7}.Release|x64.Build.0 = Release|Any CPU
		{64CBB60E-9013-4BFA-A06F-10F55C341CB7}.Release|x86.ActiveCfg = Release|Any CPU
		{64CBB60E-9013-4BFA-A06F-10F55C341CB7}.Release|x86.Build.0 = Release|Any CPU
		{31470B76-4B1F-498C-8156-00E1F7F86324}.Debug|Any CPU.ActiveCfg = Debug|Any CPU
		{31470B76-4B1F-498C-8156-00E1F7F86324}.Debug|Any CPU.Build.0 = Debug|Any CPU
		{31470B76-4B1F-498C-8156-00E1F7F86324}.Debug|ARM.ActiveCfg = Debug|Any CPU
		{31470B76-4B1F-498C-8156-00E1F7F86324}.Debug|ARM.Build.0 = Debug|Any CPU
		{31470B76-4B1F-498C-8156-00E1F7F86324}.Debug|x64.ActiveCfg = Debug|Any CPU
		{31470B76-4B1F-498C-8156-00E1F7F86324}.Debug|x64.Build.0 = Debug|Any CPU
		{31470B76-4B1F-498C-8156-00E1F7F86324}.Debug|x86.ActiveCfg = Debug|Any CPU
		{31470B76-4B1F-498C-8156-00E1F7F86324}.Debug|x86.Build.0 = Debug|Any CPU
		{31470B76-4B1F-498C-8156-00E1F7F86324}.Release|Any CPU.ActiveCfg = Release|Any CPU
		{31470B76-4B1F-498C-8156-00E1F7F86324}.Release|Any CPU.Build.0 = Release|Any CPU
		{31470B76-4B1F-498C-8156-00E1F7F86324}.Release|ARM.ActiveCfg = Release|Any CPU
		{31470B76-4B1F-498C-8156-00E1F7F86324}.Release|ARM.Build.0 = Release|Any CPU
		{31470B76-4B1F-498C-8156-00E1F7F86324}.Release|x64.ActiveCfg = Release|Any CPU
		{31470B76-4B1F-498C-8156-00E1F7F86324}.Release|x64.Build.0 = Release|Any CPU
		{31470B76-4B1F-498C-8156-00E1F7F86324}.Release|x86.ActiveCfg = Release|Any CPU
		{31470B76-4B1F-498C-8156-00E1F7F86324}.Release|x86.Build.0 = Release|Any CPU
		{A0745BCF-CC6B-45FC-AAA5-0EC614F160EC}.Debug|Any CPU.ActiveCfg = Debug|Any CPU
		{A0745BCF-CC6B-45FC-AAA5-0EC614F160EC}.Debug|Any CPU.Build.0 = Debug|Any CPU
		{A0745BCF-CC6B-45FC-AAA5-0EC614F160EC}.Debug|ARM.ActiveCfg = Debug|Any CPU
		{A0745BCF-CC6B-45FC-AAA5-0EC614F160EC}.Debug|ARM.Build.0 = Debug|Any CPU
		{A0745BCF-CC6B-45FC-AAA5-0EC614F160EC}.Debug|x64.ActiveCfg = Debug|Any CPU
		{A0745BCF-CC6B-45FC-AAA5-0EC614F160EC}.Debug|x64.Build.0 = Debug|Any CPU
		{A0745BCF-CC6B-45FC-AAA5-0EC614F160EC}.Debug|x86.ActiveCfg = Debug|Any CPU
		{A0745BCF-CC6B-45FC-AAA5-0EC614F160EC}.Debug|x86.Build.0 = Debug|Any CPU
		{A0745BCF-CC6B-45FC-AAA5-0EC614F160EC}.Release|Any CPU.ActiveCfg = Release|Any CPU
		{A0745BCF-CC6B-45FC-AAA5-0EC614F160EC}.Release|Any CPU.Build.0 = Release|Any CPU
		{A0745BCF-CC6B-45FC-AAA5-0EC614F160EC}.Release|ARM.ActiveCfg = Release|Any CPU
		{A0745BCF-CC6B-45FC-AAA5-0EC614F160EC}.Release|ARM.Build.0 = Release|Any CPU
		{A0745BCF-CC6B-45FC-AAA5-0EC614F160EC}.Release|x64.ActiveCfg = Release|Any CPU
		{A0745BCF-CC6B-45FC-AAA5-0EC614F160EC}.Release|x64.Build.0 = Release|Any CPU
		{A0745BCF-CC6B-45FC-AAA5-0EC614F160EC}.Release|x86.ActiveCfg = Release|Any CPU
		{A0745BCF-CC6B-45FC-AAA5-0EC614F160EC}.Release|x86.Build.0 = Release|Any CPU
		{F4427853-F86C-4BCA-AE15-9003D05B68E5}.Debug|Any CPU.ActiveCfg = Debug|Any CPU
		{F4427853-F86C-4BCA-AE15-9003D05B68E5}.Debug|Any CPU.Build.0 = Debug|Any CPU
		{F4427853-F86C-4BCA-AE15-9003D05B68E5}.Debug|ARM.ActiveCfg = Debug|Any CPU
		{F4427853-F86C-4BCA-AE15-9003D05B68E5}.Debug|ARM.Build.0 = Debug|Any CPU
		{F4427853-F86C-4BCA-AE15-9003D05B68E5}.Debug|x64.ActiveCfg = Debug|Any CPU
		{F4427853-F86C-4BCA-AE15-9003D05B68E5}.Debug|x64.Build.0 = Debug|Any CPU
		{F4427853-F86C-4BCA-AE15-9003D05B68E5}.Debug|x86.ActiveCfg = Debug|Any CPU
		{F4427853-F86C-4BCA-AE15-9003D05B68E5}.Debug|x86.Build.0 = Debug|Any CPU
		{F4427853-F86C-4BCA-AE15-9003D05B68E5}.Release|Any CPU.ActiveCfg = Release|Any CPU
		{F4427853-F86C-4BCA-AE15-9003D05B68E5}.Release|Any CPU.Build.0 = Release|Any CPU
		{F4427853-F86C-4BCA-AE15-9003D05B68E5}.Release|ARM.ActiveCfg = Release|Any CPU
		{F4427853-F86C-4BCA-AE15-9003D05B68E5}.Release|ARM.Build.0 = Release|Any CPU
		{F4427853-F86C-4BCA-AE15-9003D05B68E5}.Release|x64.ActiveCfg = Release|Any CPU
		{F4427853-F86C-4BCA-AE15-9003D05B68E5}.Release|x64.Build.0 = Release|Any CPU
		{F4427853-F86C-4BCA-AE15-9003D05B68E5}.Release|x86.ActiveCfg = Release|Any CPU
		{F4427853-F86C-4BCA-AE15-9003D05B68E5}.Release|x86.Build.0 = Release|Any CPU
		{C0D13FCA-F032-4B2F-BC15-ABA9589C77B4}.Debug|Any CPU.ActiveCfg = Debug|Any CPU
		{C0D13FCA-F032-4B2F-BC15-ABA9589C77B4}.Debug|Any CPU.Build.0 = Debug|Any CPU
		{C0D13FCA-F032-4B2F-BC15-ABA9589C77B4}.Debug|ARM.ActiveCfg = Debug|Any CPU
		{C0D13FCA-F032-4B2F-BC15-ABA9589C77B4}.Debug|ARM.Build.0 = Debug|Any CPU
		{C0D13FCA-F032-4B2F-BC15-ABA9589C77B4}.Debug|x64.ActiveCfg = Debug|Any CPU
		{C0D13FCA-F032-4B2F-BC15-ABA9589C77B4}.Debug|x64.Build.0 = Debug|Any CPU
		{C0D13FCA-F032-4B2F-BC15-ABA9589C77B4}.Debug|x86.ActiveCfg = Debug|Any CPU
		{C0D13FCA-F032-4B2F-BC15-ABA9589C77B4}.Debug|x86.Build.0 = Debug|Any CPU
		{C0D13FCA-F032-4B2F-BC15-ABA9589C77B4}.Release|Any CPU.ActiveCfg = Release|Any CPU
		{C0D13FCA-F032-4B2F-BC15-ABA9589C77B4}.Release|Any CPU.Build.0 = Release|Any CPU
		{C0D13FCA-F032-4B2F-BC15-ABA9589C77B4}.Release|ARM.ActiveCfg = Release|Any CPU
		{C0D13FCA-F032-4B2F-BC15-ABA9589C77B4}.Release|ARM.Build.0 = Release|Any CPU
		{C0D13FCA-F032-4B2F-BC15-ABA9589C77B4}.Release|x64.ActiveCfg = Release|Any CPU
		{C0D13FCA-F032-4B2F-BC15-ABA9589C77B4}.Release|x64.Build.0 = Release|Any CPU
		{C0D13FCA-F032-4B2F-BC15-ABA9589C77B4}.Release|x86.ActiveCfg = Release|Any CPU
		{C0D13FCA-F032-4B2F-BC15-ABA9589C77B4}.Release|x86.Build.0 = Release|Any CPU
		{F9D04048-76C3-47E9-8D68-A4539F3FAD0A}.Debug|Any CPU.ActiveCfg = Debug|Any CPU
		{F9D04048-76C3-47E9-8D68-A4539F3FAD0A}.Debug|Any CPU.Build.0 = Debug|Any CPU
		{F9D04048-76C3-47E9-8D68-A4539F3FAD0A}.Debug|ARM.ActiveCfg = Debug|Any CPU
		{F9D04048-76C3-47E9-8D68-A4539F3FAD0A}.Debug|ARM.Build.0 = Debug|Any CPU
		{F9D04048-76C3-47E9-8D68-A4539F3FAD0A}.Debug|x64.ActiveCfg = Debug|Any CPU
		{F9D04048-76C3-47E9-8D68-A4539F3FAD0A}.Debug|x64.Build.0 = Debug|Any CPU
		{F9D04048-76C3-47E9-8D68-A4539F3FAD0A}.Debug|x86.ActiveCfg = Debug|Any CPU
		{F9D04048-76C3-47E9-8D68-A4539F3FAD0A}.Debug|x86.Build.0 = Debug|Any CPU
		{F9D04048-76C3-47E9-8D68-A4539F3FAD0A}.Release|Any CPU.ActiveCfg = Release|Any CPU
		{F9D04048-76C3-47E9-8D68-A4539F3FAD0A}.Release|Any CPU.Build.0 = Release|Any CPU
		{F9D04048-76C3-47E9-8D68-A4539F3FAD0A}.Release|ARM.ActiveCfg = Release|Any CPU
		{F9D04048-76C3-47E9-8D68-A4539F3FAD0A}.Release|ARM.Build.0 = Release|Any CPU
		{F9D04048-76C3-47E9-8D68-A4539F3FAD0A}.Release|x64.ActiveCfg = Release|Any CPU
		{F9D04048-76C3-47E9-8D68-A4539F3FAD0A}.Release|x64.Build.0 = Release|Any CPU
		{F9D04048-76C3-47E9-8D68-A4539F3FAD0A}.Release|x86.ActiveCfg = Release|Any CPU
		{F9D04048-76C3-47E9-8D68-A4539F3FAD0A}.Release|x86.Build.0 = Release|Any CPU
		{D8CD6E89-A961-458E-9A80-F615BC34F297}.Debug|Any CPU.ActiveCfg = Debug|Any CPU
		{D8CD6E89-A961-458E-9A80-F615BC34F297}.Debug|Any CPU.Build.0 = Debug|Any CPU
		{D8CD6E89-A961-458E-9A80-F615BC34F297}.Debug|ARM.ActiveCfg = Debug|Any CPU
		{D8CD6E89-A961-458E-9A80-F615BC34F297}.Debug|ARM.Build.0 = Debug|Any CPU
		{D8CD6E89-A961-458E-9A80-F615BC34F297}.Debug|x64.ActiveCfg = Debug|Any CPU
		{D8CD6E89-A961-458E-9A80-F615BC34F297}.Debug|x64.Build.0 = Debug|Any CPU
		{D8CD6E89-A961-458E-9A80-F615BC34F297}.Debug|x86.ActiveCfg = Debug|Any CPU
		{D8CD6E89-A961-458E-9A80-F615BC34F297}.Debug|x86.Build.0 = Debug|Any CPU
		{D8CD6E89-A961-458E-9A80-F615BC34F297}.Release|Any CPU.ActiveCfg = Release|Any CPU
		{D8CD6E89-A961-458E-9A80-F615BC34F297}.Release|Any CPU.Build.0 = Release|Any CPU
		{D8CD6E89-A961-458E-9A80-F615BC34F297}.Release|ARM.ActiveCfg = Release|Any CPU
		{D8CD6E89-A961-458E-9A80-F615BC34F297}.Release|ARM.Build.0 = Release|Any CPU
		{D8CD6E89-A961-458E-9A80-F615BC34F297}.Release|x64.ActiveCfg = Release|Any CPU
		{D8CD6E89-A961-458E-9A80-F615BC34F297}.Release|x64.Build.0 = Release|Any CPU
		{D8CD6E89-A961-458E-9A80-F615BC34F297}.Release|x86.ActiveCfg = Release|Any CPU
		{D8CD6E89-A961-458E-9A80-F615BC34F297}.Release|x86.Build.0 = Release|Any CPU
		{F6C8EF2A-A996-49BC-90CF-7B8BFB626861}.Debug|Any CPU.ActiveCfg = Debug|Any CPU
		{F6C8EF2A-A996-49BC-90CF-7B8BFB626861}.Debug|Any CPU.Build.0 = Debug|Any CPU
		{F6C8EF2A-A996-49BC-90CF-7B8BFB626861}.Debug|ARM.ActiveCfg = Debug|Any CPU
		{F6C8EF2A-A996-49BC-90CF-7B8BFB626861}.Debug|ARM.Build.0 = Debug|Any CPU
		{F6C8EF2A-A996-49BC-90CF-7B8BFB626861}.Debug|x64.ActiveCfg = Debug|Any CPU
		{F6C8EF2A-A996-49BC-90CF-7B8BFB626861}.Debug|x64.Build.0 = Debug|Any CPU
		{F6C8EF2A-A996-49BC-90CF-7B8BFB626861}.Debug|x86.ActiveCfg = Debug|Any CPU
		{F6C8EF2A-A996-49BC-90CF-7B8BFB626861}.Debug|x86.Build.0 = Debug|Any CPU
		{F6C8EF2A-A996-49BC-90CF-7B8BFB626861}.Release|Any CPU.ActiveCfg = Release|Any CPU
		{F6C8EF2A-A996-49BC-90CF-7B8BFB626861}.Release|Any CPU.Build.0 = Release|Any CPU
		{F6C8EF2A-A996-49BC-90CF-7B8BFB626861}.Release|ARM.ActiveCfg = Release|Any CPU
		{F6C8EF2A-A996-49BC-90CF-7B8BFB626861}.Release|ARM.Build.0 = Release|Any CPU
		{F6C8EF2A-A996-49BC-90CF-7B8BFB626861}.Release|x64.ActiveCfg = Release|Any CPU
		{F6C8EF2A-A996-49BC-90CF-7B8BFB626861}.Release|x64.Build.0 = Release|Any CPU
		{F6C8EF2A-A996-49BC-90CF-7B8BFB626861}.Release|x86.ActiveCfg = Release|Any CPU
		{F6C8EF2A-A996-49BC-90CF-7B8BFB626861}.Release|x86.Build.0 = Release|Any CPU
		{D707EA1E-3F24-49F0-9C74-48FC565FD2E2}.Debug|Any CPU.ActiveCfg = Debug|Any CPU
		{D707EA1E-3F24-49F0-9C74-48FC565FD2E2}.Debug|Any CPU.Build.0 = Debug|Any CPU
		{D707EA1E-3F24-49F0-9C74-48FC565FD2E2}.Debug|ARM.ActiveCfg = Debug|Any CPU
		{D707EA1E-3F24-49F0-9C74-48FC565FD2E2}.Debug|ARM.Build.0 = Debug|Any CPU
		{D707EA1E-3F24-49F0-9C74-48FC565FD2E2}.Debug|x64.ActiveCfg = Debug|Any CPU
		{D707EA1E-3F24-49F0-9C74-48FC565FD2E2}.Debug|x64.Build.0 = Debug|Any CPU
		{D707EA1E-3F24-49F0-9C74-48FC565FD2E2}.Debug|x86.ActiveCfg = Debug|Any CPU
		{D707EA1E-3F24-49F0-9C74-48FC565FD2E2}.Debug|x86.Build.0 = Debug|Any CPU
		{D707EA1E-3F24-49F0-9C74-48FC565FD2E2}.Release|Any CPU.ActiveCfg = Release|Any CPU
		{D707EA1E-3F24-49F0-9C74-48FC565FD2E2}.Release|Any CPU.Build.0 = Release|Any CPU
		{D707EA1E-3F24-49F0-9C74-48FC565FD2E2}.Release|ARM.ActiveCfg = Release|Any CPU
		{D707EA1E-3F24-49F0-9C74-48FC565FD2E2}.Release|ARM.Build.0 = Release|Any CPU
		{D707EA1E-3F24-49F0-9C74-48FC565FD2E2}.Release|x64.ActiveCfg = Release|Any CPU
		{D707EA1E-3F24-49F0-9C74-48FC565FD2E2}.Release|x64.Build.0 = Release|Any CPU
		{D707EA1E-3F24-49F0-9C74-48FC565FD2E2}.Release|x86.ActiveCfg = Release|Any CPU
		{D707EA1E-3F24-49F0-9C74-48FC565FD2E2}.Release|x86.Build.0 = Release|Any CPU
		{C2F31CCA-EBA2-4BCC-9A6F-D13E2C7CD8D9}.Debug|Any CPU.ActiveCfg = Debug|Any CPU
		{C2F31CCA-EBA2-4BCC-9A6F-D13E2C7CD8D9}.Debug|Any CPU.Build.0 = Debug|Any CPU
		{C2F31CCA-EBA2-4BCC-9A6F-D13E2C7CD8D9}.Debug|ARM.ActiveCfg = Debug|Any CPU
		{C2F31CCA-EBA2-4BCC-9A6F-D13E2C7CD8D9}.Debug|ARM.Build.0 = Debug|Any CPU
		{C2F31CCA-EBA2-4BCC-9A6F-D13E2C7CD8D9}.Debug|x64.ActiveCfg = Debug|Any CPU
		{C2F31CCA-EBA2-4BCC-9A6F-D13E2C7CD8D9}.Debug|x64.Build.0 = Debug|Any CPU
		{C2F31CCA-EBA2-4BCC-9A6F-D13E2C7CD8D9}.Debug|x86.ActiveCfg = Debug|Any CPU
		{C2F31CCA-EBA2-4BCC-9A6F-D13E2C7CD8D9}.Debug|x86.Build.0 = Debug|Any CPU
		{C2F31CCA-EBA2-4BCC-9A6F-D13E2C7CD8D9}.Release|Any CPU.ActiveCfg = Release|Any CPU
		{C2F31CCA-EBA2-4BCC-9A6F-D13E2C7CD8D9}.Release|Any CPU.Build.0 = Release|Any CPU
		{C2F31CCA-EBA2-4BCC-9A6F-D13E2C7CD8D9}.Release|ARM.ActiveCfg = Release|Any CPU
		{C2F31CCA-EBA2-4BCC-9A6F-D13E2C7CD8D9}.Release|ARM.Build.0 = Release|Any CPU
		{C2F31CCA-EBA2-4BCC-9A6F-D13E2C7CD8D9}.Release|x64.ActiveCfg = Release|Any CPU
		{C2F31CCA-EBA2-4BCC-9A6F-D13E2C7CD8D9}.Release|x64.Build.0 = Release|Any CPU
		{C2F31CCA-EBA2-4BCC-9A6F-D13E2C7CD8D9}.Release|x86.ActiveCfg = Release|Any CPU
		{C2F31CCA-EBA2-4BCC-9A6F-D13E2C7CD8D9}.Release|x86.Build.0 = Release|Any CPU
		{7B27DE84-65B6-4CA3-B1F6-F0A87810462E}.Debug|Any CPU.ActiveCfg = Debug|Any CPU
		{7B27DE84-65B6-4CA3-B1F6-F0A87810462E}.Debug|Any CPU.Build.0 = Debug|Any CPU
		{7B27DE84-65B6-4CA3-B1F6-F0A87810462E}.Debug|ARM.ActiveCfg = Debug|Any CPU
		{7B27DE84-65B6-4CA3-B1F6-F0A87810462E}.Debug|ARM.Build.0 = Debug|Any CPU
		{7B27DE84-65B6-4CA3-B1F6-F0A87810462E}.Debug|x64.ActiveCfg = Debug|Any CPU
		{7B27DE84-65B6-4CA3-B1F6-F0A87810462E}.Debug|x64.Build.0 = Debug|Any CPU
		{7B27DE84-65B6-4CA3-B1F6-F0A87810462E}.Debug|x86.ActiveCfg = Debug|Any CPU
		{7B27DE84-65B6-4CA3-B1F6-F0A87810462E}.Debug|x86.Build.0 = Debug|Any CPU
		{7B27DE84-65B6-4CA3-B1F6-F0A87810462E}.Release|Any CPU.ActiveCfg = Release|Any CPU
		{7B27DE84-65B6-4CA3-B1F6-F0A87810462E}.Release|Any CPU.Build.0 = Release|Any CPU
		{7B27DE84-65B6-4CA3-B1F6-F0A87810462E}.Release|ARM.ActiveCfg = Release|Any CPU
		{7B27DE84-65B6-4CA3-B1F6-F0A87810462E}.Release|ARM.Build.0 = Release|Any CPU
		{7B27DE84-65B6-4CA3-B1F6-F0A87810462E}.Release|x64.ActiveCfg = Release|Any CPU
		{7B27DE84-65B6-4CA3-B1F6-F0A87810462E}.Release|x64.Build.0 = Release|Any CPU
		{7B27DE84-65B6-4CA3-B1F6-F0A87810462E}.Release|x86.ActiveCfg = Release|Any CPU
		{7B27DE84-65B6-4CA3-B1F6-F0A87810462E}.Release|x86.Build.0 = Release|Any CPU
		{B32D80EF-5F4A-4476-989E-C98EDE93FB50}.Debug|Any CPU.ActiveCfg = Debug|Any CPU
		{B32D80EF-5F4A-4476-989E-C98EDE93FB50}.Debug|Any CPU.Build.0 = Debug|Any CPU
		{B32D80EF-5F4A-4476-989E-C98EDE93FB50}.Debug|ARM.ActiveCfg = Debug|Any CPU
		{B32D80EF-5F4A-4476-989E-C98EDE93FB50}.Debug|ARM.Build.0 = Debug|Any CPU
		{B32D80EF-5F4A-4476-989E-C98EDE93FB50}.Debug|x64.ActiveCfg = Debug|Any CPU
		{B32D80EF-5F4A-4476-989E-C98EDE93FB50}.Debug|x64.Build.0 = Debug|Any CPU
		{B32D80EF-5F4A-4476-989E-C98EDE93FB50}.Debug|x86.ActiveCfg = Debug|Any CPU
		{B32D80EF-5F4A-4476-989E-C98EDE93FB50}.Debug|x86.Build.0 = Debug|Any CPU
		{B32D80EF-5F4A-4476-989E-C98EDE93FB50}.Release|Any CPU.ActiveCfg = Release|Any CPU
		{B32D80EF-5F4A-4476-989E-C98EDE93FB50}.Release|Any CPU.Build.0 = Release|Any CPU
		{B32D80EF-5F4A-4476-989E-C98EDE93FB50}.Release|ARM.ActiveCfg = Release|Any CPU
		{B32D80EF-5F4A-4476-989E-C98EDE93FB50}.Release|ARM.Build.0 = Release|Any CPU
		{B32D80EF-5F4A-4476-989E-C98EDE93FB50}.Release|x64.ActiveCfg = Release|Any CPU
		{B32D80EF-5F4A-4476-989E-C98EDE93FB50}.Release|x64.Build.0 = Release|Any CPU
		{B32D80EF-5F4A-4476-989E-C98EDE93FB50}.Release|x86.ActiveCfg = Release|Any CPU
		{B32D80EF-5F4A-4476-989E-C98EDE93FB50}.Release|x86.Build.0 = Release|Any CPU
		{513338DE-9A71-4F2A-A4BA-95389A6166A8}.Debug|Any CPU.ActiveCfg = Debug|Any CPU
		{513338DE-9A71-4F2A-A4BA-95389A6166A8}.Debug|Any CPU.Build.0 = Debug|Any CPU
		{513338DE-9A71-4F2A-A4BA-95389A6166A8}.Debug|ARM.ActiveCfg = Debug|Any CPU
		{513338DE-9A71-4F2A-A4BA-95389A6166A8}.Debug|ARM.Build.0 = Debug|Any CPU
		{513338DE-9A71-4F2A-A4BA-95389A6166A8}.Debug|x64.ActiveCfg = Debug|Any CPU
		{513338DE-9A71-4F2A-A4BA-95389A6166A8}.Debug|x64.Build.0 = Debug|Any CPU
		{513338DE-9A71-4F2A-A4BA-95389A6166A8}.Debug|x86.ActiveCfg = Debug|Any CPU
		{513338DE-9A71-4F2A-A4BA-95389A6166A8}.Debug|x86.Build.0 = Debug|Any CPU
		{513338DE-9A71-4F2A-A4BA-95389A6166A8}.Release|Any CPU.ActiveCfg = Release|Any CPU
		{513338DE-9A71-4F2A-A4BA-95389A6166A8}.Release|Any CPU.Build.0 = Release|Any CPU
		{513338DE-9A71-4F2A-A4BA-95389A6166A8}.Release|ARM.ActiveCfg = Release|Any CPU
		{513338DE-9A71-4F2A-A4BA-95389A6166A8}.Release|ARM.Build.0 = Release|Any CPU
		{513338DE-9A71-4F2A-A4BA-95389A6166A8}.Release|x64.ActiveCfg = Release|Any CPU
		{513338DE-9A71-4F2A-A4BA-95389A6166A8}.Release|x64.Build.0 = Release|Any CPU
		{513338DE-9A71-4F2A-A4BA-95389A6166A8}.Release|x86.ActiveCfg = Release|Any CPU
		{513338DE-9A71-4F2A-A4BA-95389A6166A8}.Release|x86.Build.0 = Release|Any CPU
		{5BADC8D8-FB25-4C6E-BDA6-B87ECF55C1C7}.Debug|Any CPU.ActiveCfg = Debug|Any CPU
		{5BADC8D8-FB25-4C6E-BDA6-B87ECF55C1C7}.Debug|Any CPU.Build.0 = Debug|Any CPU
		{5BADC8D8-FB25-4C6E-BDA6-B87ECF55C1C7}.Debug|ARM.ActiveCfg = Debug|Any CPU
		{5BADC8D8-FB25-4C6E-BDA6-B87ECF55C1C7}.Debug|ARM.Build.0 = Debug|Any CPU
		{5BADC8D8-FB25-4C6E-BDA6-B87ECF55C1C7}.Debug|x64.ActiveCfg = Debug|Any CPU
		{5BADC8D8-FB25-4C6E-BDA6-B87ECF55C1C7}.Debug|x64.Build.0 = Debug|Any CPU
		{5BADC8D8-FB25-4C6E-BDA6-B87ECF55C1C7}.Debug|x86.ActiveCfg = Debug|Any CPU
		{5BADC8D8-FB25-4C6E-BDA6-B87ECF55C1C7}.Debug|x86.Build.0 = Debug|Any CPU
		{5BADC8D8-FB25-4C6E-BDA6-B87ECF55C1C7}.Release|Any CPU.ActiveCfg = Release|Any CPU
		{5BADC8D8-FB25-4C6E-BDA6-B87ECF55C1C7}.Release|Any CPU.Build.0 = Release|Any CPU
		{5BADC8D8-FB25-4C6E-BDA6-B87ECF55C1C7}.Release|ARM.ActiveCfg = Release|Any CPU
		{5BADC8D8-FB25-4C6E-BDA6-B87ECF55C1C7}.Release|ARM.Build.0 = Release|Any CPU
		{5BADC8D8-FB25-4C6E-BDA6-B87ECF55C1C7}.Release|x64.ActiveCfg = Release|Any CPU
		{5BADC8D8-FB25-4C6E-BDA6-B87ECF55C1C7}.Release|x64.Build.0 = Release|Any CPU
		{5BADC8D8-FB25-4C6E-BDA6-B87ECF55C1C7}.Release|x86.ActiveCfg = Release|Any CPU
		{5BADC8D8-FB25-4C6E-BDA6-B87ECF55C1C7}.Release|x86.Build.0 = Release|Any CPU
		{573ED4AF-1002-4D19-95E4-3E9B2B59E197}.Debug|Any CPU.ActiveCfg = Debug|Any CPU
		{573ED4AF-1002-4D19-95E4-3E9B2B59E197}.Debug|Any CPU.Build.0 = Debug|Any CPU
		{573ED4AF-1002-4D19-95E4-3E9B2B59E197}.Debug|ARM.ActiveCfg = Debug|Any CPU
		{573ED4AF-1002-4D19-95E4-3E9B2B59E197}.Debug|ARM.Build.0 = Debug|Any CPU
		{573ED4AF-1002-4D19-95E4-3E9B2B59E197}.Debug|x64.ActiveCfg = Debug|Any CPU
		{573ED4AF-1002-4D19-95E4-3E9B2B59E197}.Debug|x64.Build.0 = Debug|Any CPU
		{573ED4AF-1002-4D19-95E4-3E9B2B59E197}.Debug|x86.ActiveCfg = Debug|Any CPU
		{573ED4AF-1002-4D19-95E4-3E9B2B59E197}.Debug|x86.Build.0 = Debug|Any CPU
		{573ED4AF-1002-4D19-95E4-3E9B2B59E197}.Release|Any CPU.ActiveCfg = Release|Any CPU
		{573ED4AF-1002-4D19-95E4-3E9B2B59E197}.Release|Any CPU.Build.0 = Release|Any CPU
		{573ED4AF-1002-4D19-95E4-3E9B2B59E197}.Release|ARM.ActiveCfg = Release|Any CPU
		{573ED4AF-1002-4D19-95E4-3E9B2B59E197}.Release|ARM.Build.0 = Release|Any CPU
		{573ED4AF-1002-4D19-95E4-3E9B2B59E197}.Release|x64.ActiveCfg = Release|Any CPU
		{573ED4AF-1002-4D19-95E4-3E9B2B59E197}.Release|x64.Build.0 = Release|Any CPU
		{573ED4AF-1002-4D19-95E4-3E9B2B59E197}.Release|x86.ActiveCfg = Release|Any CPU
		{573ED4AF-1002-4D19-95E4-3E9B2B59E197}.Release|x86.Build.0 = Release|Any CPU
		{FBA09B28-1364-49B5-97E8-55F6967CE365}.Debug|Any CPU.ActiveCfg = Debug|Any CPU
		{FBA09B28-1364-49B5-97E8-55F6967CE365}.Debug|Any CPU.Build.0 = Debug|Any CPU
		{FBA09B28-1364-49B5-97E8-55F6967CE365}.Debug|ARM.ActiveCfg = Debug|Any CPU
		{FBA09B28-1364-49B5-97E8-55F6967CE365}.Debug|ARM.Build.0 = Debug|Any CPU
		{FBA09B28-1364-49B5-97E8-55F6967CE365}.Debug|x64.ActiveCfg = Debug|Any CPU
		{FBA09B28-1364-49B5-97E8-55F6967CE365}.Debug|x64.Build.0 = Debug|Any CPU
		{FBA09B28-1364-49B5-97E8-55F6967CE365}.Debug|x86.ActiveCfg = Debug|Any CPU
		{FBA09B28-1364-49B5-97E8-55F6967CE365}.Debug|x86.Build.0 = Debug|Any CPU
		{FBA09B28-1364-49B5-97E8-55F6967CE365}.Release|Any CPU.ActiveCfg = Release|Any CPU
		{FBA09B28-1364-49B5-97E8-55F6967CE365}.Release|Any CPU.Build.0 = Release|Any CPU
		{FBA09B28-1364-49B5-97E8-55F6967CE365}.Release|ARM.ActiveCfg = Release|Any CPU
		{FBA09B28-1364-49B5-97E8-55F6967CE365}.Release|ARM.Build.0 = Release|Any CPU
		{FBA09B28-1364-49B5-97E8-55F6967CE365}.Release|x64.ActiveCfg = Release|Any CPU
		{FBA09B28-1364-49B5-97E8-55F6967CE365}.Release|x64.Build.0 = Release|Any CPU
		{FBA09B28-1364-49B5-97E8-55F6967CE365}.Release|x86.ActiveCfg = Release|Any CPU
		{FBA09B28-1364-49B5-97E8-55F6967CE365}.Release|x86.Build.0 = Release|Any CPU
		{F87A56DE-F6E3-43EB-ADC8-8521A88A45F1}.Debug|Any CPU.ActiveCfg = Debug|Any CPU
		{F87A56DE-F6E3-43EB-ADC8-8521A88A45F1}.Debug|Any CPU.Build.0 = Debug|Any CPU
		{F87A56DE-F6E3-43EB-ADC8-8521A88A45F1}.Debug|ARM.ActiveCfg = Debug|Any CPU
		{F87A56DE-F6E3-43EB-ADC8-8521A88A45F1}.Debug|ARM.Build.0 = Debug|Any CPU
		{F87A56DE-F6E3-43EB-ADC8-8521A88A45F1}.Debug|x64.ActiveCfg = Debug|Any CPU
		{F87A56DE-F6E3-43EB-ADC8-8521A88A45F1}.Debug|x64.Build.0 = Debug|Any CPU
		{F87A56DE-F6E3-43EB-ADC8-8521A88A45F1}.Debug|x86.ActiveCfg = Debug|Any CPU
		{F87A56DE-F6E3-43EB-ADC8-8521A88A45F1}.Debug|x86.Build.0 = Debug|Any CPU
		{F87A56DE-F6E3-43EB-ADC8-8521A88A45F1}.Release|Any CPU.ActiveCfg = Release|Any CPU
		{F87A56DE-F6E3-43EB-ADC8-8521A88A45F1}.Release|Any CPU.Build.0 = Release|Any CPU
		{F87A56DE-F6E3-43EB-ADC8-8521A88A45F1}.Release|ARM.ActiveCfg = Release|Any CPU
		{F87A56DE-F6E3-43EB-ADC8-8521A88A45F1}.Release|ARM.Build.0 = Release|Any CPU
		{F87A56DE-F6E3-43EB-ADC8-8521A88A45F1}.Release|x64.ActiveCfg = Release|Any CPU
		{F87A56DE-F6E3-43EB-ADC8-8521A88A45F1}.Release|x64.Build.0 = Release|Any CPU
		{F87A56DE-F6E3-43EB-ADC8-8521A88A45F1}.Release|x86.ActiveCfg = Release|Any CPU
		{F87A56DE-F6E3-43EB-ADC8-8521A88A45F1}.Release|x86.Build.0 = Release|Any CPU
		{9162B2F4-8992-49A6-8B7C-45F837F79413}.Debug|Any CPU.ActiveCfg = Debug|Any CPU
		{9162B2F4-8992-49A6-8B7C-45F837F79413}.Debug|Any CPU.Build.0 = Debug|Any CPU
		{9162B2F4-8992-49A6-8B7C-45F837F79413}.Debug|ARM.ActiveCfg = Debug|Any CPU
		{9162B2F4-8992-49A6-8B7C-45F837F79413}.Debug|ARM.Build.0 = Debug|Any CPU
		{9162B2F4-8992-49A6-8B7C-45F837F79413}.Debug|x64.ActiveCfg = Debug|Any CPU
		{9162B2F4-8992-49A6-8B7C-45F837F79413}.Debug|x64.Build.0 = Debug|Any CPU
		{9162B2F4-8992-49A6-8B7C-45F837F79413}.Debug|x86.ActiveCfg = Debug|Any CPU
		{9162B2F4-8992-49A6-8B7C-45F837F79413}.Debug|x86.Build.0 = Debug|Any CPU
		{9162B2F4-8992-49A6-8B7C-45F837F79413}.Release|Any CPU.ActiveCfg = Release|Any CPU
		{9162B2F4-8992-49A6-8B7C-45F837F79413}.Release|Any CPU.Build.0 = Release|Any CPU
		{9162B2F4-8992-49A6-8B7C-45F837F79413}.Release|ARM.ActiveCfg = Release|Any CPU
		{9162B2F4-8992-49A6-8B7C-45F837F79413}.Release|ARM.Build.0 = Release|Any CPU
		{9162B2F4-8992-49A6-8B7C-45F837F79413}.Release|x64.ActiveCfg = Release|Any CPU
		{9162B2F4-8992-49A6-8B7C-45F837F79413}.Release|x64.Build.0 = Release|Any CPU
		{9162B2F4-8992-49A6-8B7C-45F837F79413}.Release|x86.ActiveCfg = Release|Any CPU
		{9162B2F4-8992-49A6-8B7C-45F837F79413}.Release|x86.Build.0 = Release|Any CPU
		{60E967C5-2742-4B71-B8BC-46BE819A4C10}.Debug|Any CPU.ActiveCfg = Debug|Any CPU
		{60E967C5-2742-4B71-B8BC-46BE819A4C10}.Debug|Any CPU.Build.0 = Debug|Any CPU
		{60E967C5-2742-4B71-B8BC-46BE819A4C10}.Debug|ARM.ActiveCfg = Debug|Any CPU
		{60E967C5-2742-4B71-B8BC-46BE819A4C10}.Debug|ARM.Build.0 = Debug|Any CPU
		{60E967C5-2742-4B71-B8BC-46BE819A4C10}.Debug|x64.ActiveCfg = Debug|Any CPU
		{60E967C5-2742-4B71-B8BC-46BE819A4C10}.Debug|x64.Build.0 = Debug|Any CPU
		{60E967C5-2742-4B71-B8BC-46BE819A4C10}.Debug|x86.ActiveCfg = Debug|Any CPU
		{60E967C5-2742-4B71-B8BC-46BE819A4C10}.Debug|x86.Build.0 = Debug|Any CPU
		{60E967C5-2742-4B71-B8BC-46BE819A4C10}.Release|Any CPU.ActiveCfg = Release|Any CPU
		{60E967C5-2742-4B71-B8BC-46BE819A4C10}.Release|Any CPU.Build.0 = Release|Any CPU
		{60E967C5-2742-4B71-B8BC-46BE819A4C10}.Release|ARM.ActiveCfg = Release|Any CPU
		{60E967C5-2742-4B71-B8BC-46BE819A4C10}.Release|ARM.Build.0 = Release|Any CPU
		{60E967C5-2742-4B71-B8BC-46BE819A4C10}.Release|x64.ActiveCfg = Release|Any CPU
		{60E967C5-2742-4B71-B8BC-46BE819A4C10}.Release|x64.Build.0 = Release|Any CPU
		{60E967C5-2742-4B71-B8BC-46BE819A4C10}.Release|x86.ActiveCfg = Release|Any CPU
		{60E967C5-2742-4B71-B8BC-46BE819A4C10}.Release|x86.Build.0 = Release|Any CPU
		{2B8DC10B-20E1-4826-B71A-70B0A930DF10}.Debug|Any CPU.ActiveCfg = Debug|Any CPU
		{2B8DC10B-20E1-4826-B71A-70B0A930DF10}.Debug|Any CPU.Build.0 = Debug|Any CPU
		{2B8DC10B-20E1-4826-B71A-70B0A930DF10}.Debug|ARM.ActiveCfg = Debug|Any CPU
		{2B8DC10B-20E1-4826-B71A-70B0A930DF10}.Debug|ARM.Build.0 = Debug|Any CPU
		{2B8DC10B-20E1-4826-B71A-70B0A930DF10}.Debug|x64.ActiveCfg = Debug|Any CPU
		{2B8DC10B-20E1-4826-B71A-70B0A930DF10}.Debug|x64.Build.0 = Debug|Any CPU
		{2B8DC10B-20E1-4826-B71A-70B0A930DF10}.Debug|x86.ActiveCfg = Debug|Any CPU
		{2B8DC10B-20E1-4826-B71A-70B0A930DF10}.Debug|x86.Build.0 = Debug|Any CPU
		{2B8DC10B-20E1-4826-B71A-70B0A930DF10}.Release|Any CPU.ActiveCfg = Release|Any CPU
		{2B8DC10B-20E1-4826-B71A-70B0A930DF10}.Release|Any CPU.Build.0 = Release|Any CPU
		{2B8DC10B-20E1-4826-B71A-70B0A930DF10}.Release|ARM.ActiveCfg = Release|Any CPU
		{2B8DC10B-20E1-4826-B71A-70B0A930DF10}.Release|ARM.Build.0 = Release|Any CPU
		{2B8DC10B-20E1-4826-B71A-70B0A930DF10}.Release|x64.ActiveCfg = Release|Any CPU
		{2B8DC10B-20E1-4826-B71A-70B0A930DF10}.Release|x64.Build.0 = Release|Any CPU
		{2B8DC10B-20E1-4826-B71A-70B0A930DF10}.Release|x86.ActiveCfg = Release|Any CPU
		{2B8DC10B-20E1-4826-B71A-70B0A930DF10}.Release|x86.Build.0 = Release|Any CPU
		{258898CB-7C18-45FE-A34D-778EB2DCCD3B}.Debug|Any CPU.ActiveCfg = Debug|Any CPU
		{258898CB-7C18-45FE-A34D-778EB2DCCD3B}.Debug|Any CPU.Build.0 = Debug|Any CPU
		{258898CB-7C18-45FE-A34D-778EB2DCCD3B}.Debug|ARM.ActiveCfg = Debug|Any CPU
		{258898CB-7C18-45FE-A34D-778EB2DCCD3B}.Debug|ARM.Build.0 = Debug|Any CPU
		{258898CB-7C18-45FE-A34D-778EB2DCCD3B}.Debug|x64.ActiveCfg = Debug|Any CPU
		{258898CB-7C18-45FE-A34D-778EB2DCCD3B}.Debug|x64.Build.0 = Debug|Any CPU
		{258898CB-7C18-45FE-A34D-778EB2DCCD3B}.Debug|x86.ActiveCfg = Debug|Any CPU
		{258898CB-7C18-45FE-A34D-778EB2DCCD3B}.Debug|x86.Build.0 = Debug|Any CPU
		{258898CB-7C18-45FE-A34D-778EB2DCCD3B}.Release|Any CPU.ActiveCfg = Release|Any CPU
		{258898CB-7C18-45FE-A34D-778EB2DCCD3B}.Release|Any CPU.Build.0 = Release|Any CPU
		{258898CB-7C18-45FE-A34D-778EB2DCCD3B}.Release|ARM.ActiveCfg = Release|Any CPU
		{258898CB-7C18-45FE-A34D-778EB2DCCD3B}.Release|ARM.Build.0 = Release|Any CPU
		{258898CB-7C18-45FE-A34D-778EB2DCCD3B}.Release|x64.ActiveCfg = Release|Any CPU
		{258898CB-7C18-45FE-A34D-778EB2DCCD3B}.Release|x64.Build.0 = Release|Any CPU
		{258898CB-7C18-45FE-A34D-778EB2DCCD3B}.Release|x86.ActiveCfg = Release|Any CPU
		{258898CB-7C18-45FE-A34D-778EB2DCCD3B}.Release|x86.Build.0 = Release|Any CPU
		{E45B871A-AC42-4ED0-AFD7-EC450297B3A4}.Debug|Any CPU.ActiveCfg = Debug|Any CPU
		{E45B871A-AC42-4ED0-AFD7-EC450297B3A4}.Debug|Any CPU.Build.0 = Debug|Any CPU
		{E45B871A-AC42-4ED0-AFD7-EC450297B3A4}.Debug|ARM.ActiveCfg = Debug|Any CPU
		{E45B871A-AC42-4ED0-AFD7-EC450297B3A4}.Debug|ARM.Build.0 = Debug|Any CPU
		{E45B871A-AC42-4ED0-AFD7-EC450297B3A4}.Debug|x64.ActiveCfg = Debug|Any CPU
		{E45B871A-AC42-4ED0-AFD7-EC450297B3A4}.Debug|x64.Build.0 = Debug|Any CPU
		{E45B871A-AC42-4ED0-AFD7-EC450297B3A4}.Debug|x86.ActiveCfg = Debug|Any CPU
		{E45B871A-AC42-4ED0-AFD7-EC450297B3A4}.Debug|x86.Build.0 = Debug|Any CPU
		{E45B871A-AC42-4ED0-AFD7-EC450297B3A4}.Release|Any CPU.ActiveCfg = Release|Any CPU
		{E45B871A-AC42-4ED0-AFD7-EC450297B3A4}.Release|Any CPU.Build.0 = Release|Any CPU
		{E45B871A-AC42-4ED0-AFD7-EC450297B3A4}.Release|ARM.ActiveCfg = Release|Any CPU
		{E45B871A-AC42-4ED0-AFD7-EC450297B3A4}.Release|ARM.Build.0 = Release|Any CPU
		{E45B871A-AC42-4ED0-AFD7-EC450297B3A4}.Release|x64.ActiveCfg = Release|Any CPU
		{E45B871A-AC42-4ED0-AFD7-EC450297B3A4}.Release|x64.Build.0 = Release|Any CPU
		{E45B871A-AC42-4ED0-AFD7-EC450297B3A4}.Release|x86.ActiveCfg = Release|Any CPU
		{E45B871A-AC42-4ED0-AFD7-EC450297B3A4}.Release|x86.Build.0 = Release|Any CPU
		{47987443-2B3A-4807-8E5C-0F4911D4A4FC}.Debug|Any CPU.ActiveCfg = Debug|Any CPU
		{47987443-2B3A-4807-8E5C-0F4911D4A4FC}.Debug|Any CPU.Build.0 = Debug|Any CPU
		{47987443-2B3A-4807-8E5C-0F4911D4A4FC}.Debug|ARM.ActiveCfg = Debug|Any CPU
		{47987443-2B3A-4807-8E5C-0F4911D4A4FC}.Debug|ARM.Build.0 = Debug|Any CPU
		{47987443-2B3A-4807-8E5C-0F4911D4A4FC}.Debug|x64.ActiveCfg = Debug|Any CPU
		{47987443-2B3A-4807-8E5C-0F4911D4A4FC}.Debug|x64.Build.0 = Debug|Any CPU
		{47987443-2B3A-4807-8E5C-0F4911D4A4FC}.Debug|x86.ActiveCfg = Debug|Any CPU
		{47987443-2B3A-4807-8E5C-0F4911D4A4FC}.Debug|x86.Build.0 = Debug|Any CPU
		{47987443-2B3A-4807-8E5C-0F4911D4A4FC}.Release|Any CPU.ActiveCfg = Release|Any CPU
		{47987443-2B3A-4807-8E5C-0F4911D4A4FC}.Release|Any CPU.Build.0 = Release|Any CPU
		{47987443-2B3A-4807-8E5C-0F4911D4A4FC}.Release|ARM.ActiveCfg = Release|Any CPU
		{47987443-2B3A-4807-8E5C-0F4911D4A4FC}.Release|ARM.Build.0 = Release|Any CPU
		{47987443-2B3A-4807-8E5C-0F4911D4A4FC}.Release|x64.ActiveCfg = Release|Any CPU
		{47987443-2B3A-4807-8E5C-0F4911D4A4FC}.Release|x64.Build.0 = Release|Any CPU
		{47987443-2B3A-4807-8E5C-0F4911D4A4FC}.Release|x86.ActiveCfg = Release|Any CPU
		{47987443-2B3A-4807-8E5C-0F4911D4A4FC}.Release|x86.Build.0 = Release|Any CPU
		{DCA871A2-BE0E-4BE9-B3EC-9978968A4F1F}.Debug|Any CPU.ActiveCfg = Debug|Any CPU
		{DCA871A2-BE0E-4BE9-B3EC-9978968A4F1F}.Debug|Any CPU.Build.0 = Debug|Any CPU
		{DCA871A2-BE0E-4BE9-B3EC-9978968A4F1F}.Debug|ARM.ActiveCfg = Debug|Any CPU
		{DCA871A2-BE0E-4BE9-B3EC-9978968A4F1F}.Debug|ARM.Build.0 = Debug|Any CPU
		{DCA871A2-BE0E-4BE9-B3EC-9978968A4F1F}.Debug|x64.ActiveCfg = Debug|Any CPU
		{DCA871A2-BE0E-4BE9-B3EC-9978968A4F1F}.Debug|x64.Build.0 = Debug|Any CPU
		{DCA871A2-BE0E-4BE9-B3EC-9978968A4F1F}.Debug|x86.ActiveCfg = Debug|Any CPU
		{DCA871A2-BE0E-4BE9-B3EC-9978968A4F1F}.Debug|x86.Build.0 = Debug|Any CPU
		{DCA871A2-BE0E-4BE9-B3EC-9978968A4F1F}.Release|Any CPU.ActiveCfg = Release|Any CPU
		{DCA871A2-BE0E-4BE9-B3EC-9978968A4F1F}.Release|Any CPU.Build.0 = Release|Any CPU
		{DCA871A2-BE0E-4BE9-B3EC-9978968A4F1F}.Release|ARM.ActiveCfg = Release|Any CPU
		{DCA871A2-BE0E-4BE9-B3EC-9978968A4F1F}.Release|ARM.Build.0 = Release|Any CPU
		{DCA871A2-BE0E-4BE9-B3EC-9978968A4F1F}.Release|x64.ActiveCfg = Release|Any CPU
		{DCA871A2-BE0E-4BE9-B3EC-9978968A4F1F}.Release|x64.Build.0 = Release|Any CPU
		{DCA871A2-BE0E-4BE9-B3EC-9978968A4F1F}.Release|x86.ActiveCfg = Release|Any CPU
		{DCA871A2-BE0E-4BE9-B3EC-9978968A4F1F}.Release|x86.Build.0 = Release|Any CPU
		{F87AC1B1-AC02-4E97-BBD8-35212E43DE49}.Debug|Any CPU.ActiveCfg = Debug|Any CPU
		{F87AC1B1-AC02-4E97-BBD8-35212E43DE49}.Debug|Any CPU.Build.0 = Debug|Any CPU
		{F87AC1B1-AC02-4E97-BBD8-35212E43DE49}.Debug|ARM.ActiveCfg = Debug|Any CPU
		{F87AC1B1-AC02-4E97-BBD8-35212E43DE49}.Debug|ARM.Build.0 = Debug|Any CPU
		{F87AC1B1-AC02-4E97-BBD8-35212E43DE49}.Debug|x64.ActiveCfg = Debug|Any CPU
		{F87AC1B1-AC02-4E97-BBD8-35212E43DE49}.Debug|x64.Build.0 = Debug|Any CPU
		{F87AC1B1-AC02-4E97-BBD8-35212E43DE49}.Debug|x86.ActiveCfg = Debug|Any CPU
		{F87AC1B1-AC02-4E97-BBD8-35212E43DE49}.Debug|x86.Build.0 = Debug|Any CPU
		{F87AC1B1-AC02-4E97-BBD8-35212E43DE49}.Release|Any CPU.ActiveCfg = Release|Any CPU
		{F87AC1B1-AC02-4E97-BBD8-35212E43DE49}.Release|Any CPU.Build.0 = Release|Any CPU
		{F87AC1B1-AC02-4E97-BBD8-35212E43DE49}.Release|ARM.ActiveCfg = Release|Any CPU
		{F87AC1B1-AC02-4E97-BBD8-35212E43DE49}.Release|ARM.Build.0 = Release|Any CPU
		{F87AC1B1-AC02-4E97-BBD8-35212E43DE49}.Release|x64.ActiveCfg = Release|Any CPU
		{F87AC1B1-AC02-4E97-BBD8-35212E43DE49}.Release|x64.Build.0 = Release|Any CPU
		{F87AC1B1-AC02-4E97-BBD8-35212E43DE49}.Release|x86.ActiveCfg = Release|Any CPU
		{F87AC1B1-AC02-4E97-BBD8-35212E43DE49}.Release|x86.Build.0 = Release|Any CPU
		{2A653157-6405-4077-9917-6F3D4C145DD8}.Debug|Any CPU.ActiveCfg = Debug|Any CPU
		{2A653157-6405-4077-9917-6F3D4C145DD8}.Debug|Any CPU.Build.0 = Debug|Any CPU
		{2A653157-6405-4077-9917-6F3D4C145DD8}.Debug|ARM.ActiveCfg = Debug|Any CPU
		{2A653157-6405-4077-9917-6F3D4C145DD8}.Debug|ARM.Build.0 = Debug|Any CPU
		{2A653157-6405-4077-9917-6F3D4C145DD8}.Debug|x64.ActiveCfg = Debug|Any CPU
		{2A653157-6405-4077-9917-6F3D4C145DD8}.Debug|x64.Build.0 = Debug|Any CPU
		{2A653157-6405-4077-9917-6F3D4C145DD8}.Debug|x86.ActiveCfg = Debug|Any CPU
		{2A653157-6405-4077-9917-6F3D4C145DD8}.Debug|x86.Build.0 = Debug|Any CPU
		{2A653157-6405-4077-9917-6F3D4C145DD8}.Release|Any CPU.ActiveCfg = Release|Any CPU
		{2A653157-6405-4077-9917-6F3D4C145DD8}.Release|Any CPU.Build.0 = Release|Any CPU
		{2A653157-6405-4077-9917-6F3D4C145DD8}.Release|ARM.ActiveCfg = Release|Any CPU
		{2A653157-6405-4077-9917-6F3D4C145DD8}.Release|ARM.Build.0 = Release|Any CPU
		{2A653157-6405-4077-9917-6F3D4C145DD8}.Release|x64.ActiveCfg = Release|Any CPU
		{2A653157-6405-4077-9917-6F3D4C145DD8}.Release|x64.Build.0 = Release|Any CPU
		{2A653157-6405-4077-9917-6F3D4C145DD8}.Release|x86.ActiveCfg = Release|Any CPU
		{2A653157-6405-4077-9917-6F3D4C145DD8}.Release|x86.Build.0 = Release|Any CPU
		{620AADDD-95C7-4ADE-BD67-42BA9FFA5445}.Debug|Any CPU.ActiveCfg = Debug|Any CPU
		{620AADDD-95C7-4ADE-BD67-42BA9FFA5445}.Debug|Any CPU.Build.0 = Debug|Any CPU
		{620AADDD-95C7-4ADE-BD67-42BA9FFA5445}.Debug|ARM.ActiveCfg = Debug|Any CPU
		{620AADDD-95C7-4ADE-BD67-42BA9FFA5445}.Debug|ARM.Build.0 = Debug|Any CPU
		{620AADDD-95C7-4ADE-BD67-42BA9FFA5445}.Debug|x64.ActiveCfg = Debug|Any CPU
		{620AADDD-95C7-4ADE-BD67-42BA9FFA5445}.Debug|x64.Build.0 = Debug|Any CPU
		{620AADDD-95C7-4ADE-BD67-42BA9FFA5445}.Debug|x86.ActiveCfg = Debug|Any CPU
		{620AADDD-95C7-4ADE-BD67-42BA9FFA5445}.Debug|x86.Build.0 = Debug|Any CPU
		{620AADDD-95C7-4ADE-BD67-42BA9FFA5445}.Release|Any CPU.ActiveCfg = Release|Any CPU
		{620AADDD-95C7-4ADE-BD67-42BA9FFA5445}.Release|Any CPU.Build.0 = Release|Any CPU
		{620AADDD-95C7-4ADE-BD67-42BA9FFA5445}.Release|ARM.ActiveCfg = Release|Any CPU
		{620AADDD-95C7-4ADE-BD67-42BA9FFA5445}.Release|ARM.Build.0 = Release|Any CPU
		{620AADDD-95C7-4ADE-BD67-42BA9FFA5445}.Release|x64.ActiveCfg = Release|Any CPU
		{620AADDD-95C7-4ADE-BD67-42BA9FFA5445}.Release|x64.Build.0 = Release|Any CPU
		{620AADDD-95C7-4ADE-BD67-42BA9FFA5445}.Release|x86.ActiveCfg = Release|Any CPU
		{620AADDD-95C7-4ADE-BD67-42BA9FFA5445}.Release|x86.Build.0 = Release|Any CPU
		{9EB22299-CA21-432D-BBE4-CF53EBD5FE8C}.Debug|Any CPU.ActiveCfg = Debug|Any CPU
		{9EB22299-CA21-432D-BBE4-CF53EBD5FE8C}.Debug|Any CPU.Build.0 = Debug|Any CPU
		{9EB22299-CA21-432D-BBE4-CF53EBD5FE8C}.Debug|ARM.ActiveCfg = Debug|Any CPU
		{9EB22299-CA21-432D-BBE4-CF53EBD5FE8C}.Debug|ARM.Build.0 = Debug|Any CPU
		{9EB22299-CA21-432D-BBE4-CF53EBD5FE8C}.Debug|x64.ActiveCfg = Debug|Any CPU
		{9EB22299-CA21-432D-BBE4-CF53EBD5FE8C}.Debug|x64.Build.0 = Debug|Any CPU
		{9EB22299-CA21-432D-BBE4-CF53EBD5FE8C}.Debug|x86.ActiveCfg = Debug|Any CPU
		{9EB22299-CA21-432D-BBE4-CF53EBD5FE8C}.Debug|x86.Build.0 = Debug|Any CPU
		{9EB22299-CA21-432D-BBE4-CF53EBD5FE8C}.Release|Any CPU.ActiveCfg = Release|Any CPU
		{9EB22299-CA21-432D-BBE4-CF53EBD5FE8C}.Release|Any CPU.Build.0 = Release|Any CPU
		{9EB22299-CA21-432D-BBE4-CF53EBD5FE8C}.Release|ARM.ActiveCfg = Release|Any CPU
		{9EB22299-CA21-432D-BBE4-CF53EBD5FE8C}.Release|ARM.Build.0 = Release|Any CPU
		{9EB22299-CA21-432D-BBE4-CF53EBD5FE8C}.Release|x64.ActiveCfg = Release|Any CPU
		{9EB22299-CA21-432D-BBE4-CF53EBD5FE8C}.Release|x64.Build.0 = Release|Any CPU
		{9EB22299-CA21-432D-BBE4-CF53EBD5FE8C}.Release|x86.ActiveCfg = Release|Any CPU
		{9EB22299-CA21-432D-BBE4-CF53EBD5FE8C}.Release|x86.Build.0 = Release|Any CPU
		{90A39084-1ACF-4EF8-AA0B-3DB5C4FB712E}.Debug|Any CPU.ActiveCfg = Debug|Any CPU
		{90A39084-1ACF-4EF8-AA0B-3DB5C4FB712E}.Debug|Any CPU.Build.0 = Debug|Any CPU
		{90A39084-1ACF-4EF8-AA0B-3DB5C4FB712E}.Debug|ARM.ActiveCfg = Debug|Any CPU
		{90A39084-1ACF-4EF8-AA0B-3DB5C4FB712E}.Debug|ARM.Build.0 = Debug|Any CPU
		{90A39084-1ACF-4EF8-AA0B-3DB5C4FB712E}.Debug|x64.ActiveCfg = Debug|Any CPU
		{90A39084-1ACF-4EF8-AA0B-3DB5C4FB712E}.Debug|x64.Build.0 = Debug|Any CPU
		{90A39084-1ACF-4EF8-AA0B-3DB5C4FB712E}.Debug|x86.ActiveCfg = Debug|Any CPU
		{90A39084-1ACF-4EF8-AA0B-3DB5C4FB712E}.Debug|x86.Build.0 = Debug|Any CPU
		{90A39084-1ACF-4EF8-AA0B-3DB5C4FB712E}.Release|Any CPU.ActiveCfg = Release|Any CPU
		{90A39084-1ACF-4EF8-AA0B-3DB5C4FB712E}.Release|Any CPU.Build.0 = Release|Any CPU
		{90A39084-1ACF-4EF8-AA0B-3DB5C4FB712E}.Release|ARM.ActiveCfg = Release|Any CPU
		{90A39084-1ACF-4EF8-AA0B-3DB5C4FB712E}.Release|ARM.Build.0 = Release|Any CPU
		{90A39084-1ACF-4EF8-AA0B-3DB5C4FB712E}.Release|x64.ActiveCfg = Release|Any CPU
		{90A39084-1ACF-4EF8-AA0B-3DB5C4FB712E}.Release|x64.Build.0 = Release|Any CPU
		{90A39084-1ACF-4EF8-AA0B-3DB5C4FB712E}.Release|x86.ActiveCfg = Release|Any CPU
		{90A39084-1ACF-4EF8-AA0B-3DB5C4FB712E}.Release|x86.Build.0 = Release|Any CPU
		{C90F02C9-ECF4-4426-BAB1-79AF29FF2369}.Debug|Any CPU.ActiveCfg = Debug|Any CPU
		{C90F02C9-ECF4-4426-BAB1-79AF29FF2369}.Debug|Any CPU.Build.0 = Debug|Any CPU
		{C90F02C9-ECF4-4426-BAB1-79AF29FF2369}.Debug|ARM.ActiveCfg = Debug|Any CPU
		{C90F02C9-ECF4-4426-BAB1-79AF29FF2369}.Debug|ARM.Build.0 = Debug|Any CPU
		{C90F02C9-ECF4-4426-BAB1-79AF29FF2369}.Debug|x64.ActiveCfg = Debug|Any CPU
		{C90F02C9-ECF4-4426-BAB1-79AF29FF2369}.Debug|x64.Build.0 = Debug|Any CPU
		{C90F02C9-ECF4-4426-BAB1-79AF29FF2369}.Debug|x86.ActiveCfg = Debug|Any CPU
		{C90F02C9-ECF4-4426-BAB1-79AF29FF2369}.Debug|x86.Build.0 = Debug|Any CPU
		{C90F02C9-ECF4-4426-BAB1-79AF29FF2369}.Release|Any CPU.ActiveCfg = Release|Any CPU
		{C90F02C9-ECF4-4426-BAB1-79AF29FF2369}.Release|Any CPU.Build.0 = Release|Any CPU
		{C90F02C9-ECF4-4426-BAB1-79AF29FF2369}.Release|ARM.ActiveCfg = Release|Any CPU
		{C90F02C9-ECF4-4426-BAB1-79AF29FF2369}.Release|ARM.Build.0 = Release|Any CPU
		{C90F02C9-ECF4-4426-BAB1-79AF29FF2369}.Release|x64.ActiveCfg = Release|Any CPU
		{C90F02C9-ECF4-4426-BAB1-79AF29FF2369}.Release|x64.Build.0 = Release|Any CPU
		{C90F02C9-ECF4-4426-BAB1-79AF29FF2369}.Release|x86.ActiveCfg = Release|Any CPU
		{C90F02C9-ECF4-4426-BAB1-79AF29FF2369}.Release|x86.Build.0 = Release|Any CPU
		{2EE95BF7-02F6-4D4A-956A-AB4B5C6B9A2E}.Debug|Any CPU.ActiveCfg = Debug|Any CPU
		{2EE95BF7-02F6-4D4A-956A-AB4B5C6B9A2E}.Debug|Any CPU.Build.0 = Debug|Any CPU
		{2EE95BF7-02F6-4D4A-956A-AB4B5C6B9A2E}.Debug|ARM.ActiveCfg = Debug|Any CPU
		{2EE95BF7-02F6-4D4A-956A-AB4B5C6B9A2E}.Debug|ARM.Build.0 = Debug|Any CPU
		{2EE95BF7-02F6-4D4A-956A-AB4B5C6B9A2E}.Debug|x64.ActiveCfg = Debug|Any CPU
		{2EE95BF7-02F6-4D4A-956A-AB4B5C6B9A2E}.Debug|x64.Build.0 = Debug|Any CPU
		{2EE95BF7-02F6-4D4A-956A-AB4B5C6B9A2E}.Debug|x86.ActiveCfg = Debug|Any CPU
		{2EE95BF7-02F6-4D4A-956A-AB4B5C6B9A2E}.Debug|x86.Build.0 = Debug|Any CPU
		{2EE95BF7-02F6-4D4A-956A-AB4B5C6B9A2E}.Release|Any CPU.ActiveCfg = Release|Any CPU
		{2EE95BF7-02F6-4D4A-956A-AB4B5C6B9A2E}.Release|Any CPU.Build.0 = Release|Any CPU
		{2EE95BF7-02F6-4D4A-956A-AB4B5C6B9A2E}.Release|ARM.ActiveCfg = Release|Any CPU
		{2EE95BF7-02F6-4D4A-956A-AB4B5C6B9A2E}.Release|ARM.Build.0 = Release|Any CPU
		{2EE95BF7-02F6-4D4A-956A-AB4B5C6B9A2E}.Release|x64.ActiveCfg = Release|Any CPU
		{2EE95BF7-02F6-4D4A-956A-AB4B5C6B9A2E}.Release|x64.Build.0 = Release|Any CPU
		{2EE95BF7-02F6-4D4A-956A-AB4B5C6B9A2E}.Release|x86.ActiveCfg = Release|Any CPU
		{2EE95BF7-02F6-4D4A-956A-AB4B5C6B9A2E}.Release|x86.Build.0 = Release|Any CPU
		{A54D1DAD-CDC0-4CE1-B341-CD5EE9A78CD5}.Debug|Any CPU.ActiveCfg = Debug|Any CPU
		{A54D1DAD-CDC0-4CE1-B341-CD5EE9A78CD5}.Debug|Any CPU.Build.0 = Debug|Any CPU
		{A54D1DAD-CDC0-4CE1-B341-CD5EE9A78CD5}.Debug|ARM.ActiveCfg = Debug|Any CPU
		{A54D1DAD-CDC0-4CE1-B341-CD5EE9A78CD5}.Debug|ARM.Build.0 = Debug|Any CPU
		{A54D1DAD-CDC0-4CE1-B341-CD5EE9A78CD5}.Debug|x64.ActiveCfg = Debug|Any CPU
		{A54D1DAD-CDC0-4CE1-B341-CD5EE9A78CD5}.Debug|x64.Build.0 = Debug|Any CPU
		{A54D1DAD-CDC0-4CE1-B341-CD5EE9A78CD5}.Debug|x86.ActiveCfg = Debug|Any CPU
		{A54D1DAD-CDC0-4CE1-B341-CD5EE9A78CD5}.Debug|x86.Build.0 = Debug|Any CPU
		{A54D1DAD-CDC0-4CE1-B341-CD5EE9A78CD5}.Release|Any CPU.ActiveCfg = Release|Any CPU
		{A54D1DAD-CDC0-4CE1-B341-CD5EE9A78CD5}.Release|Any CPU.Build.0 = Release|Any CPU
		{A54D1DAD-CDC0-4CE1-B341-CD5EE9A78CD5}.Release|ARM.ActiveCfg = Release|Any CPU
		{A54D1DAD-CDC0-4CE1-B341-CD5EE9A78CD5}.Release|ARM.Build.0 = Release|Any CPU
		{A54D1DAD-CDC0-4CE1-B341-CD5EE9A78CD5}.Release|x64.ActiveCfg = Release|Any CPU
		{A54D1DAD-CDC0-4CE1-B341-CD5EE9A78CD5}.Release|x64.Build.0 = Release|Any CPU
		{A54D1DAD-CDC0-4CE1-B341-CD5EE9A78CD5}.Release|x86.ActiveCfg = Release|Any CPU
		{A54D1DAD-CDC0-4CE1-B341-CD5EE9A78CD5}.Release|x86.Build.0 = Release|Any CPU
		{F21CF94D-3102-4CE7-95BB-68F839B3156B}.Debug|Any CPU.ActiveCfg = Debug|Any CPU
		{F21CF94D-3102-4CE7-95BB-68F839B3156B}.Debug|Any CPU.Build.0 = Debug|Any CPU
		{F21CF94D-3102-4CE7-95BB-68F839B3156B}.Debug|ARM.ActiveCfg = Debug|Any CPU
		{F21CF94D-3102-4CE7-95BB-68F839B3156B}.Debug|ARM.Build.0 = Debug|Any CPU
		{F21CF94D-3102-4CE7-95BB-68F839B3156B}.Debug|x64.ActiveCfg = Debug|Any CPU
		{F21CF94D-3102-4CE7-95BB-68F839B3156B}.Debug|x64.Build.0 = Debug|Any CPU
		{F21CF94D-3102-4CE7-95BB-68F839B3156B}.Debug|x86.ActiveCfg = Debug|Any CPU
		{F21CF94D-3102-4CE7-95BB-68F839B3156B}.Debug|x86.Build.0 = Debug|Any CPU
		{F21CF94D-3102-4CE7-95BB-68F839B3156B}.Release|Any CPU.ActiveCfg = Release|Any CPU
		{F21CF94D-3102-4CE7-95BB-68F839B3156B}.Release|Any CPU.Build.0 = Release|Any CPU
		{F21CF94D-3102-4CE7-95BB-68F839B3156B}.Release|ARM.ActiveCfg = Release|Any CPU
		{F21CF94D-3102-4CE7-95BB-68F839B3156B}.Release|ARM.Build.0 = Release|Any CPU
		{F21CF94D-3102-4CE7-95BB-68F839B3156B}.Release|x64.ActiveCfg = Release|Any CPU
		{F21CF94D-3102-4CE7-95BB-68F839B3156B}.Release|x64.Build.0 = Release|Any CPU
		{F21CF94D-3102-4CE7-95BB-68F839B3156B}.Release|x86.ActiveCfg = Release|Any CPU
		{F21CF94D-3102-4CE7-95BB-68F839B3156B}.Release|x86.Build.0 = Release|Any CPU
		{A6FC8457-8223-4DBE-841B-EFC82C535680}.Debug|Any CPU.ActiveCfg = Debug|Any CPU
		{A6FC8457-8223-4DBE-841B-EFC82C535680}.Debug|Any CPU.Build.0 = Debug|Any CPU
		{A6FC8457-8223-4DBE-841B-EFC82C535680}.Debug|ARM.ActiveCfg = Debug|Any CPU
		{A6FC8457-8223-4DBE-841B-EFC82C535680}.Debug|ARM.Build.0 = Debug|Any CPU
		{A6FC8457-8223-4DBE-841B-EFC82C535680}.Debug|x64.ActiveCfg = Debug|Any CPU
		{A6FC8457-8223-4DBE-841B-EFC82C535680}.Debug|x64.Build.0 = Debug|Any CPU
		{A6FC8457-8223-4DBE-841B-EFC82C535680}.Debug|x86.ActiveCfg = Debug|Any CPU
		{A6FC8457-8223-4DBE-841B-EFC82C535680}.Debug|x86.Build.0 = Debug|Any CPU
		{A6FC8457-8223-4DBE-841B-EFC82C535680}.Release|Any CPU.ActiveCfg = Release|Any CPU
		{A6FC8457-8223-4DBE-841B-EFC82C535680}.Release|Any CPU.Build.0 = Release|Any CPU
		{A6FC8457-8223-4DBE-841B-EFC82C535680}.Release|ARM.ActiveCfg = Release|Any CPU
		{A6FC8457-8223-4DBE-841B-EFC82C535680}.Release|ARM.Build.0 = Release|Any CPU
		{A6FC8457-8223-4DBE-841B-EFC82C535680}.Release|x64.ActiveCfg = Release|Any CPU
		{A6FC8457-8223-4DBE-841B-EFC82C535680}.Release|x64.Build.0 = Release|Any CPU
		{A6FC8457-8223-4DBE-841B-EFC82C535680}.Release|x86.ActiveCfg = Release|Any CPU
		{A6FC8457-8223-4DBE-841B-EFC82C535680}.Release|x86.Build.0 = Release|Any CPU
		{78444ABC-5425-457C-882C-4C928704971C}.Debug|Any CPU.ActiveCfg = Debug|Any CPU
		{78444ABC-5425-457C-882C-4C928704971C}.Debug|Any CPU.Build.0 = Debug|Any CPU
		{78444ABC-5425-457C-882C-4C928704971C}.Debug|ARM.ActiveCfg = Debug|Any CPU
		{78444ABC-5425-457C-882C-4C928704971C}.Debug|ARM.Build.0 = Debug|Any CPU
		{78444ABC-5425-457C-882C-4C928704971C}.Debug|x64.ActiveCfg = Debug|Any CPU
		{78444ABC-5425-457C-882C-4C928704971C}.Debug|x64.Build.0 = Debug|Any CPU
		{78444ABC-5425-457C-882C-4C928704971C}.Debug|x86.ActiveCfg = Debug|Any CPU
		{78444ABC-5425-457C-882C-4C928704971C}.Debug|x86.Build.0 = Debug|Any CPU
		{78444ABC-5425-457C-882C-4C928704971C}.Release|Any CPU.ActiveCfg = Release|Any CPU
		{78444ABC-5425-457C-882C-4C928704971C}.Release|Any CPU.Build.0 = Release|Any CPU
		{78444ABC-5425-457C-882C-4C928704971C}.Release|ARM.ActiveCfg = Release|Any CPU
		{78444ABC-5425-457C-882C-4C928704971C}.Release|ARM.Build.0 = Release|Any CPU
		{78444ABC-5425-457C-882C-4C928704971C}.Release|x64.ActiveCfg = Release|Any CPU
		{78444ABC-5425-457C-882C-4C928704971C}.Release|x64.Build.0 = Release|Any CPU
		{78444ABC-5425-457C-882C-4C928704971C}.Release|x86.ActiveCfg = Release|Any CPU
		{78444ABC-5425-457C-882C-4C928704971C}.Release|x86.Build.0 = Release|Any CPU
		{89E7FD50-13F6-45DA-8823-C3F6D38170C8}.Debug|Any CPU.ActiveCfg = Debug|Any CPU
		{89E7FD50-13F6-45DA-8823-C3F6D38170C8}.Debug|Any CPU.Build.0 = Debug|Any CPU
		{89E7FD50-13F6-45DA-8823-C3F6D38170C8}.Debug|ARM.ActiveCfg = Debug|Any CPU
		{89E7FD50-13F6-45DA-8823-C3F6D38170C8}.Debug|ARM.Build.0 = Debug|Any CPU
		{89E7FD50-13F6-45DA-8823-C3F6D38170C8}.Debug|x64.ActiveCfg = Debug|Any CPU
		{89E7FD50-13F6-45DA-8823-C3F6D38170C8}.Debug|x64.Build.0 = Debug|Any CPU
		{89E7FD50-13F6-45DA-8823-C3F6D38170C8}.Debug|x86.ActiveCfg = Debug|Any CPU
		{89E7FD50-13F6-45DA-8823-C3F6D38170C8}.Debug|x86.Build.0 = Debug|Any CPU
		{89E7FD50-13F6-45DA-8823-C3F6D38170C8}.Release|Any CPU.ActiveCfg = Release|Any CPU
		{89E7FD50-13F6-45DA-8823-C3F6D38170C8}.Release|Any CPU.Build.0 = Release|Any CPU
		{89E7FD50-13F6-45DA-8823-C3F6D38170C8}.Release|ARM.ActiveCfg = Release|Any CPU
		{89E7FD50-13F6-45DA-8823-C3F6D38170C8}.Release|ARM.Build.0 = Release|Any CPU
		{89E7FD50-13F6-45DA-8823-C3F6D38170C8}.Release|x64.ActiveCfg = Release|Any CPU
		{89E7FD50-13F6-45DA-8823-C3F6D38170C8}.Release|x64.Build.0 = Release|Any CPU
		{89E7FD50-13F6-45DA-8823-C3F6D38170C8}.Release|x86.ActiveCfg = Release|Any CPU
		{89E7FD50-13F6-45DA-8823-C3F6D38170C8}.Release|x86.Build.0 = Release|Any CPU
	EndGlobalSection
	GlobalSection(SolutionProperties) = preSolution
		HideSolutionNode = FALSE
	EndGlobalSection
	GlobalSection(NestedProjects) = preSolution
		{E7CAF10F-86B5-486F-9B76-BFC8B9EA41F8} = {03801197-72C1-4497-9AF8-51798E2F8EA8}
		{7334C3CF-A7B8-491B-BBA5-197856E3FA3B} = {03801197-72C1-4497-9AF8-51798E2F8EA8}
		{9B6766AF-03F6-48B0-89DC-41881B3E00CA} = {9BFE01D1-0EF4-4CFC-8E20-254A7E39FB14}
		{5E252D1C-F56D-4950-812F-8222DD16C388} = {1C0A50A0-778D-4AF2-9F04-E95206DA34AC}
		{CA46A0A4-331C-4625-B3A5-1A13109040C4} = {1C0A50A0-778D-4AF2-9F04-E95206DA34AC}
		{64CBB60E-9013-4BFA-A06F-10F55C341CB7} = {1C0A50A0-778D-4AF2-9F04-E95206DA34AC}
		{31470B76-4B1F-498C-8156-00E1F7F86324} = {1C0A50A0-778D-4AF2-9F04-E95206DA34AC}
		{A0745BCF-CC6B-45FC-AAA5-0EC614F160EC} = {1C0A50A0-778D-4AF2-9F04-E95206DA34AC}
		{F4427853-F86C-4BCA-AE15-9003D05B68E5} = {1C0A50A0-778D-4AF2-9F04-E95206DA34AC}
		{C0D13FCA-F032-4B2F-BC15-ABA9589C77B4} = {1C0A50A0-778D-4AF2-9F04-E95206DA34AC}
		{F9D04048-76C3-47E9-8D68-A4539F3FAD0A} = {1C0A50A0-778D-4AF2-9F04-E95206DA34AC}
		{D8CD6E89-A961-458E-9A80-F615BC34F297} = {1C0A50A0-778D-4AF2-9F04-E95206DA34AC}
		{F6C8EF2A-A996-49BC-90CF-7B8BFB626861} = {1C0A50A0-778D-4AF2-9F04-E95206DA34AC}
		{D707EA1E-3F24-49F0-9C74-48FC565FD2E2} = {1C0A50A0-778D-4AF2-9F04-E95206DA34AC}
		{C2F31CCA-EBA2-4BCC-9A6F-D13E2C7CD8D9} = {1C0A50A0-778D-4AF2-9F04-E95206DA34AC}
		{7B27DE84-65B6-4CA3-B1F6-F0A87810462E} = {1C0A50A0-778D-4AF2-9F04-E95206DA34AC}
		{B32D80EF-5F4A-4476-989E-C98EDE93FB50} = {1C0A50A0-778D-4AF2-9F04-E95206DA34AC}
		{513338DE-9A71-4F2A-A4BA-95389A6166A8} = {1C0A50A0-778D-4AF2-9F04-E95206DA34AC}
		{5BADC8D8-FB25-4C6E-BDA6-B87ECF55C1C7} = {1C0A50A0-778D-4AF2-9F04-E95206DA34AC}
		{573ED4AF-1002-4D19-95E4-3E9B2B59E197} = {1C0A50A0-778D-4AF2-9F04-E95206DA34AC}
		{FBA09B28-1364-49B5-97E8-55F6967CE365} = {1C0A50A0-778D-4AF2-9F04-E95206DA34AC}
		{F87A56DE-F6E3-43EB-ADC8-8521A88A45F1} = {1C0A50A0-778D-4AF2-9F04-E95206DA34AC}
		{9162B2F4-8992-49A6-8B7C-45F837F79413} = {1C0A50A0-778D-4AF2-9F04-E95206DA34AC}
		{60E967C5-2742-4B71-B8BC-46BE819A4C10} = {1C0A50A0-778D-4AF2-9F04-E95206DA34AC}
		{2B8DC10B-20E1-4826-B71A-70B0A930DF10} = {1C0A50A0-778D-4AF2-9F04-E95206DA34AC}
		{258898CB-7C18-45FE-A34D-778EB2DCCD3B} = {1C0A50A0-778D-4AF2-9F04-E95206DA34AC}
		{E45B871A-AC42-4ED0-AFD7-EC450297B3A4} = {1C0A50A0-778D-4AF2-9F04-E95206DA34AC}
		{1C0A50A0-778D-4AF2-9F04-E95206DA34AC} = {F5D72A2B-8550-493A-8E91-A88FBB29643D}
		{BF9746AA-BAED-4F00-AE62-D9C0EFD3E579} = {F5D72A2B-8550-493A-8E91-A88FBB29643D}
		{DCA871A2-BE0E-4BE9-B3EC-9978968A4F1F} = {BF9746AA-BAED-4F00-AE62-D9C0EFD3E579}
		{C104DD54-BF9F-4AF3-B3D7-AB934E304096} = {F5D72A2B-8550-493A-8E91-A88FBB29643D}
		{F87AC1B1-AC02-4E97-BBD8-35212E43DE49} = {C104DD54-BF9F-4AF3-B3D7-AB934E304096}
		{2A653157-6405-4077-9917-6F3D4C145DD8} = {1C0A50A0-778D-4AF2-9F04-E95206DA34AC}
		{9EB22299-CA21-432D-BBE4-CF53EBD5FE8C} = {C104DD54-BF9F-4AF3-B3D7-AB934E304096}
		{90A39084-1ACF-4EF8-AA0B-3DB5C4FB712E} = {C104DD54-BF9F-4AF3-B3D7-AB934E304096}
		{2EE95BF7-02F6-4D4A-956A-AB4B5C6B9A2E} = {9BFE01D1-0EF4-4CFC-8E20-254A7E39FB14}
		{C6E370BD-0A1E-41CE-B55C-8017FD449013} = {F5D72A2B-8550-493A-8E91-A88FBB29643D}
		{A54D1DAD-CDC0-4CE1-B341-CD5EE9A78CD5} = {C6E370BD-0A1E-41CE-B55C-8017FD449013}
		{F21CF94D-3102-4CE7-95BB-68F839B3156B} = {C6E370BD-0A1E-41CE-B55C-8017FD449013}
		{A6FC8457-8223-4DBE-841B-EFC82C535680} = {9BFE01D1-0EF4-4CFC-8E20-254A7E39FB14}
		{2A9BA0DC-C329-45AD-972B-83E063445289} = {F5D72A2B-8550-493A-8E91-A88FBB29643D}
		{78444ABC-5425-457C-882C-4C928704971C} = {2A9BA0DC-C329-45AD-972B-83E063445289}
	EndGlobalSection
	GlobalSection(ExtensibilityGlobals) = postSolution
		SolutionGuid = {1D0C3A88-8F05-4858-97B6-0E554C1064BD}
	EndGlobalSection
	GlobalSection(Performance) = preSolution
		HasPerformanceSessions = true
	EndGlobalSection
	GlobalSection(Performance) = preSolution
		HasPerformanceSessions = true
	EndGlobalSection
	GlobalSection(Performance) = preSolution
		HasPerformanceSessions = true
	EndGlobalSection
	GlobalSection(Performance) = preSolution
		HasPerformanceSessions = true
	EndGlobalSection
EndGlobal
