
Microsoft Visual Studio Solution File, Format Version 12.00
# Visual Studio 15
VisualStudioVersion = 15.0.27004.2005
MinimumVisualStudioVersion = 10.0.40219.1
Project("{9A19103F-16F7-4668-BE54-9A1E7A4F7556}") = "WInterop.Desktop", "WInterop.Desktop\WInterop.Desktop.csproj", "{AC918478-F510-44DD-92AE-6E0B013546F5}"
	ProjectSection(ProjectDependencies) = postProject
		{7334C3CF-A7B8-491B-BBA5-197856E3FA3B} = {7334C3CF-A7B8-491B-BBA5-197856E3FA3B}
	EndProjectSection
EndProject
Project("{D954291E-2A0B-460D-934E-DC6B0785DB48}") = "Common", "Common\Common.shproj", "{E7CAF10F-86B5-486F-9B76-BFC8B9EA41F8}"
EndProject
Project("{2150E333-8FDC-42A3-9474-1A3956D46DE8}") = "Tests", "Tests", "{9BFE01D1-0EF4-4CFC-8E20-254A7E39FB14}"
EndProject
Project("{9A19103F-16F7-4668-BE54-9A1E7A4F7556}") = "AutoGenerated", "AutoGenerated\AutoGenerated.csproj", "{7334C3CF-A7B8-491B-BBA5-197856E3FA3B}"
EndProject
Project("{2150E333-8FDC-42A3-9474-1A3956D46DE8}") = "Documentation", "Documentation", "{71CFE32A-7550-4ABF-B0F1-61862831E486}"
	ProjectSection(SolutionItems) = preProject
		..\docs\cominterop.md = ..\docs\cominterop.md
		..\docs\pinvoke.md = ..\docs\pinvoke.md
		..\README.md = ..\README.md
		..\docs\structs.md = ..\docs\structs.md
	EndProjectSection
EndProject
Project("{2150E333-8FDC-42A3-9474-1A3956D46DE8}") = "Infrastructure", "Infrastructure", "{03801197-72C1-4497-9AF8-51798E2F8EA8}"
	ProjectSection(SolutionItems) = preProject
		..\il.props = ..\il.props
	EndProjectSection
EndProject
Project("{8BC9CEB8-8B4A-11D0-8D11-00A0C91BC942}") = "NativeTestLibrary", "Tests\NativeTestLibrary\NativeTestLibrary.vcxproj", "{9B6766AF-03F6-48B0-89DC-41881B3E00CA}"
EndProject
Project("{9A19103F-16F7-4668-BE54-9A1E7A4F7556}") = "WInterop.Types", "WInterop.Types\WInterop.Types.csproj", "{2BA38BE4-66E8-4B7C-A978-7BA8F3FCE486}"
EndProject
Project("{D954291E-2A0B-460D-934E-DC6B0785DB48}") = "Tests.Shared.Support", "Tests\Tests.Shared.Support\Tests.Shared.Support.shproj", "{1CC4AF0D-DC51-4626-B08E-955F36898073}"
EndProject
Project("{2150E333-8FDC-42A3-9474-1A3956D46DE8}") = "Samples", "Samples", "{F5D72A2B-8550-493A-8E91-A88FBB29643D}"
EndProject
Project("{9A19103F-16F7-4668-BE54-9A1E7A4F7556}") = "HelloMsg", "Samples\Petzold\5th\HelloMsg\HelloMsg.csproj", "{5E252D1C-F56D-4950-812F-8222DD16C388}"
EndProject
Project("{9A19103F-16F7-4668-BE54-9A1E7A4F7556}") = "ScrnSize", "Samples\Petzold\5th\ScrnSize\ScrnSize.csproj", "{CA46A0A4-331C-4625-B3A5-1A13109040C4}"
EndProject
Project("{9A19103F-16F7-4668-BE54-9A1E7A4F7556}") = "HelloWin", "Samples\Petzold\5th\HelloWin\HelloWin.csproj", "{64CBB60E-9013-4BFA-A06F-10F55C341CB7}"
EndProject
Project("{9A19103F-16F7-4668-BE54-9A1E7A4F7556}") = "SysMets1", "Samples\Petzold\5th\SysMets1\SysMets1.csproj", "{88F9C515-92A1-4B29-891C-F91C285DED5D}"
EndProject
Project("{9A19103F-16F7-4668-BE54-9A1E7A4F7556}") = "SysMets2", "Samples\Petzold\5th\SysMets2\SysMets2.csproj", "{2AB1734F-11BF-439C-8CD3-B34634FEDD77}"
EndProject
Project("{9A19103F-16F7-4668-BE54-9A1E7A4F7556}") = "SysMets3", "Samples\Petzold\5th\SysMets3\SysMets3.csproj", "{2B0C9C59-F5BF-48CB-AF8F-E226A6FA32AC}"
EndProject
Project("{9A19103F-16F7-4668-BE54-9A1E7A4F7556}") = "SineWave", "Samples\Petzold\5th\SineWave\SineWave.csproj", "{31470B76-4B1F-498C-8156-00E1F7F86324}"
EndProject
Project("{9A19103F-16F7-4668-BE54-9A1E7A4F7556}") = "LineDemo", "Samples\Petzold\5th\LineDemo\LineDemo.csproj", "{A0745BCF-CC6B-45FC-AAA5-0EC614F160EC}"
EndProject
Project("{9A19103F-16F7-4668-BE54-9A1E7A4F7556}") = "Bezier", "Samples\Petzold\5th\Bezier\Bezier.csproj", "{F4427853-F86C-4BCA-AE15-9003D05B68E5}"
EndProject
Project("{9A19103F-16F7-4668-BE54-9A1E7A4F7556}") = "AltWind", "Samples\Petzold\5th\AltWind\AltWind.csproj", "{C0D13FCA-F032-4B2F-BC15-ABA9589C77B4}"
EndProject
Project("{9A19103F-16F7-4668-BE54-9A1E7A4F7556}") = "RandRect", "Samples\Petzold\5th\RandRect\RandRect.csproj", "{F9D04048-76C3-47E9-8D68-A4539F3FAD0A}"
EndProject
Project("{9A19103F-16F7-4668-BE54-9A1E7A4F7556}") = "Clover", "Samples\Petzold\5th\Clover\Clover.csproj", "{D8CD6E89-A961-458E-9A80-F615BC34F297}"
EndProject
Project("{9A19103F-16F7-4668-BE54-9A1E7A4F7556}") = "SysMets4", "Samples\Petzold\5th\SysMets4\SysMets4.csproj", "{54FFFCF8-C40B-4FB5-AE5F-C417B773D46D}"
EndProject
Project("{9A19103F-16F7-4668-BE54-9A1E7A4F7556}") = "KeyView1", "Samples\Petzold\5th\KeyView1\KeyView1.csproj", "{F6C8EF2A-A996-49BC-90CF-7B8BFB626861}"
EndProject
Project("{9A19103F-16F7-4668-BE54-9A1E7A4F7556}") = "Typer", "Samples\Petzold\5th\Typer\Typer.csproj", "{D707EA1E-3F24-49F0-9C74-48FC565FD2E2}"
EndProject
Project("{9A19103F-16F7-4668-BE54-9A1E7A4F7556}") = "Connect", "Samples\Petzold\5th\Connect\Connect.csproj", "{C2F31CCA-EBA2-4BCC-9A6F-D13E2C7CD8D9}"
EndProject
Project("{9A19103F-16F7-4668-BE54-9A1E7A4F7556}") = "Checker1", "Samples\Petzold\5th\Checker1\Checker1.csproj", "{7B27DE84-65B6-4CA3-B1F6-F0A87810462E}"
EndProject
Project("{9A19103F-16F7-4668-BE54-9A1E7A4F7556}") = "Checker2", "Samples\Petzold\5th\Checker2\Checker2.csproj", "{C3FBBE93-2E56-4208-AD34-2574F0D32A42}"
EndProject
Project("{9A19103F-16F7-4668-BE54-9A1E7A4F7556}") = "Checker3", "Samples\Petzold\5th\Checker3\Checker3.csproj", "{27BB2901-134E-4B35-8D41-03466E5F3D5F}"
EndProject
Project("{9A19103F-16F7-4668-BE54-9A1E7A4F7556}") = "Checker4", "Samples\Petzold\5th\Checker4\Checker4.csproj", "{458C85A2-8B0E-43A6-B5C3-6EC3276031B5}"
EndProject
Project("{9A19103F-16F7-4668-BE54-9A1E7A4F7556}") = "Blokout2", "Samples\Petzold\5th\Blokout2\Blokout2.csproj", "{B32D80EF-5F4A-4476-989E-C98EDE93FB50}"
EndProject
Project("{9A19103F-16F7-4668-BE54-9A1E7A4F7556}") = "SysMets", "Samples\Petzold\5th\SysMets\SysMets.csproj", "{513338DE-9A71-4F2A-A4BA-95389A6166A8}"
EndProject
Project("{9A19103F-16F7-4668-BE54-9A1E7A4F7556}") = "Beeper1", "Samples\Petzold\5th\Beeper1\Beeper1.csproj", "{24B6950D-846C-4F2E-95B0-81253DAE49D0}"
EndProject
Project("{9A19103F-16F7-4668-BE54-9A1E7A4F7556}") = "Beeper2", "Samples\Petzold\5th\Beeper2\Beeper2.csproj", "{7B85DD9D-F850-4ED8-BD5B-5B7804831936}"
EndProject
Project("{9A19103F-16F7-4668-BE54-9A1E7A4F7556}") = "Digclock", "Samples\Petzold\5th\Digclock\Digclock.csproj", "{5BADC8D8-FB25-4C6E-BDA6-B87ECF55C1C7}"
EndProject
Project("{9A19103F-16F7-4668-BE54-9A1E7A4F7556}") = "Clock", "Samples\Petzold\5th\Clock\Clock.csproj", "{573ED4AF-1002-4D19-95E4-3E9B2B59E197}"
EndProject
Project("{9A19103F-16F7-4668-BE54-9A1E7A4F7556}") = "WhatClr", "Samples\Petzold\5th\WhatClr\WhatClr.csproj", "{FBA09B28-1364-49B5-97E8-55F6967CE365}"
EndProject
Project("{9A19103F-16F7-4668-BE54-9A1E7A4F7556}") = "BtnLook", "Samples\Petzold\5th\BtnLook\BtnLook.csproj", "{F87A56DE-F6E3-43EB-ADC8-8521A88A45F1}"
EndProject
Project("{9A19103F-16F7-4668-BE54-9A1E7A4F7556}") = "OwnDraw", "Samples\Petzold\5th\OwnDraw\OwnDraw.csproj", "{9162B2F4-8992-49A6-8B7C-45F837F79413}"
EndProject
Project("{9A19103F-16F7-4668-BE54-9A1E7A4F7556}") = "Colors1", "Samples\Petzold\5th\Colors1\Colors1.csproj", "{60E967C5-2742-4B71-B8BC-46BE819A4C10}"
EndProject
Project("{9A19103F-16F7-4668-BE54-9A1E7A4F7556}") = "PopPad1", "Samples\Petzold\5th\PopPad1\PopPad1.csproj", "{2B8DC10B-20E1-4826-B71A-70B0A930DF10}"
EndProject
Project("{9A19103F-16F7-4668-BE54-9A1E7A4F7556}") = "Environ", "Samples\Petzold\5th\Environ\Environ.csproj", "{258898CB-7C18-45FE-A34D-778EB2DCCD3B}"
EndProject
Project("{9A19103F-16F7-4668-BE54-9A1E7A4F7556}") = "Head", "Samples\Petzold\5th\Head\Head.csproj", "{E45B871A-AC42-4ED0-AFD7-EC450297B3A4}"
EndProject
Project("{9A19103F-16F7-4668-BE54-9A1E7A4F7556}") = "Tests.Windows", "Tests\Tests.Windows\Tests.Windows.csproj", "{50B373FD-DFEF-4DFF-9260-3BFAC746BAFC}"
EndProject
Project("{9A19103F-16F7-4668-BE54-9A1E7A4F7556}") = "WInterop.GdiPlus", "WInterop.GdiPlus\WInterop.GdiPlus.csproj", "{47987443-2B3A-4807-8E5C-0F4911D4A4FC}"
EndProject
Project("{2150E333-8FDC-42A3-9474-1A3956D46DE8}") = "Petzold", "Petzold", "{1C0A50A0-778D-4AF2-9F04-E95206DA34AC}"
EndProject
Project("{D954291E-2A0B-460D-934E-DC6B0785DB48}") = "WInterop.Shared", "WInterop.Shared\WInterop.Shared.shproj", "{2322DE30-4C84-4D86-AC36-8E6C0E750C43}"
EndProject
Project("{9A19103F-16F7-4668-BE54-9A1E7A4F7556}") = "CoreConsole", "Tests\CoreConsole\CoreConsole.csproj", "{F95CD2A5-479F-4EE2-A073-CED7F2BDF7EC}"
EndProject
Project("{D954291E-2A0B-460D-934E-DC6B0785DB48}") = "Tests.Shared.Desktop", "Tests\Tests.Shared.Desktop\Tests.Shared.Desktop.shproj", "{A6BC8AF5-E3BF-4F75-9FBA-FE5ED7D50AD2}"
EndProject
Project("{D954291E-2A0B-460D-934E-DC6B0785DB48}") = "Tests.Shared", "Tests\Tests.Shared\Tests.Shared.shproj", "{2035A6EE-3425-4EBA-8067-919ADAB2599E}"
EndProject
Project("{9A19103F-16F7-4668-BE54-9A1E7A4F7556}") = "WInterop.UniversalWindows", "WInterop.UniversalWindows\WInterop.UniversalWindows.csproj", "{5037BB6A-4389-4057-BB74-301067A4E067}"
EndProject
Project("{9A19103F-16F7-4668-BE54-9A1E7A4F7556}") = "Tests.NetFX", "Tests\Tests.NetFX\Tests.NetFX.csproj", "{E2D1B0A6-1EC9-488C-A138-8ADBC675A40B}"
EndProject
Project("{FAE04EC0-301F-11D3-BF4B-00C04F79EFBC}") = "Tests.UniversalWindows", "Tests\Tests.UniversalWindows\Tests.UniversalWindows.csproj", "{21EF5968-19F9-4F6E-92AE-47E3776478C9}"
EndProject
Global
	GlobalSection(SharedMSBuildProjectFiles) = preSolution
		Tests\Tests.Shared.Support\Tests.Shared.Support.projitems*{1cc4af0d-dc51-4626-b08e-955f36898073}*SharedItemsImports = 13
		Tests\Tests.Shared\Tests.Shared.projitems*{2035a6ee-3425-4eba-8067-919adab2599e}*SharedItemsImports = 13
		Tests\Tests.Shared.Support\Tests.Shared.Support.projitems*{21ef5968-19f9-4f6e-92ae-47e3776478c9}*SharedItemsImports = 4
		Tests\Tests.Shared\Tests.Shared.projitems*{21ef5968-19f9-4f6e-92ae-47e3776478c9}*SharedItemsImports = 4
		WInterop.Shared\WInterop.Shared.projitems*{2322de30-4c84-4d86-ac36-8e6c0e750c43}*SharedItemsImports = 13
		Tests\Tests.Shared.Desktop\Tests.Shared.Desktop.projitems*{a6bc8af5-e3bf-4f75-9fba-fe5ed7d50ad2}*SharedItemsImports = 13
		Common\Common.projitems*{ac918478-f510-44dd-92ae-6e0b013546f5}*SharedItemsImports = 4
		Common\Common.projitems*{e7caf10f-86b5-486f-9b76-bfc8b9ea41f8}*SharedItemsImports = 13
	EndGlobalSection
	GlobalSection(SolutionConfigurationPlatforms) = preSolution
		Debug|Any CPU = Debug|Any CPU
		Debug|ARM = Debug|ARM
		Debug|x64 = Debug|x64
		Debug|x86 = Debug|x86
		Release|Any CPU = Release|Any CPU
		Release|ARM = Release|ARM
		Release|x64 = Release|x64
		Release|x86 = Release|x86
	EndGlobalSection
	GlobalSection(ProjectConfigurationPlatforms) = postSolution
		{AC918478-F510-44DD-92AE-6E0B013546F5}.Debug|Any CPU.ActiveCfg = Debug|Any CPU
		{AC918478-F510-44DD-92AE-6E0B013546F5}.Debug|Any CPU.Build.0 = Debug|Any CPU
		{AC918478-F510-44DD-92AE-6E0B013546F5}.Debug|ARM.ActiveCfg = Debug|Any CPU
		{AC918478-F510-44DD-92AE-6E0B013546F5}.Debug|ARM.Build.0 = Debug|Any CPU
		{AC918478-F510-44DD-92AE-6E0B013546F5}.Debug|x64.ActiveCfg = Debug|Any CPU
		{AC918478-F510-44DD-92AE-6E0B013546F5}.Debug|x64.Build.0 = Debug|Any CPU
		{AC918478-F510-44DD-92AE-6E0B013546F5}.Debug|x86.ActiveCfg = Debug|Any CPU
		{AC918478-F510-44DD-92AE-6E0B013546F5}.Debug|x86.Build.0 = Debug|Any CPU
		{AC918478-F510-44DD-92AE-6E0B013546F5}.Release|Any CPU.ActiveCfg = Release|Any CPU
		{AC918478-F510-44DD-92AE-6E0B013546F5}.Release|Any CPU.Build.0 = Release|Any CPU
		{AC918478-F510-44DD-92AE-6E0B013546F5}.Release|ARM.ActiveCfg = Release|Any CPU
		{AC918478-F510-44DD-92AE-6E0B013546F5}.Release|ARM.Build.0 = Release|Any CPU
		{AC918478-F510-44DD-92AE-6E0B013546F5}.Release|x64.ActiveCfg = Release|Any CPU
		{AC918478-F510-44DD-92AE-6E0B013546F5}.Release|x64.Build.0 = Release|Any CPU
		{AC918478-F510-44DD-92AE-6E0B013546F5}.Release|x86.ActiveCfg = Release|Any CPU
		{AC918478-F510-44DD-92AE-6E0B013546F5}.Release|x86.Build.0 = Release|Any CPU
		{7334C3CF-A7B8-491B-BBA5-197856E3FA3B}.Debug|Any CPU.ActiveCfg = Debug|Any CPU
		{7334C3CF-A7B8-491B-BBA5-197856E3FA3B}.Debug|Any CPU.Build.0 = Debug|Any CPU
		{7334C3CF-A7B8-491B-BBA5-197856E3FA3B}.Debug|ARM.ActiveCfg = Debug|Any CPU
		{7334C3CF-A7B8-491B-BBA5-197856E3FA3B}.Debug|ARM.Build.0 = Debug|Any CPU
		{7334C3CF-A7B8-491B-BBA5-197856E3FA3B}.Debug|x64.ActiveCfg = Debug|Any CPU
		{7334C3CF-A7B8-491B-BBA5-197856E3FA3B}.Debug|x64.Build.0 = Debug|Any CPU
		{7334C3CF-A7B8-491B-BBA5-197856E3FA3B}.Debug|x86.ActiveCfg = Debug|Any CPU
		{7334C3CF-A7B8-491B-BBA5-197856E3FA3B}.Debug|x86.Build.0 = Debug|Any CPU
		{7334C3CF-A7B8-491B-BBA5-197856E3FA3B}.Release|Any CPU.ActiveCfg = Release|Any CPU
		{7334C3CF-A7B8-491B-BBA5-197856E3FA3B}.Release|Any CPU.Build.0 = Release|Any CPU
		{7334C3CF-A7B8-491B-BBA5-197856E3FA3B}.Release|ARM.ActiveCfg = Release|Any CPU
		{7334C3CF-A7B8-491B-BBA5-197856E3FA3B}.Release|ARM.Build.0 = Release|Any CPU
		{7334C3CF-A7B8-491B-BBA5-197856E3FA3B}.Release|x64.ActiveCfg = Release|Any CPU
		{7334C3CF-A7B8-491B-BBA5-197856E3FA3B}.Release|x64.Build.0 = Release|Any CPU
		{7334C3CF-A7B8-491B-BBA5-197856E3FA3B}.Release|x86.ActiveCfg = Release|Any CPU
		{7334C3CF-A7B8-491B-BBA5-197856E3FA3B}.Release|x86.Build.0 = Release|Any CPU
		{9B6766AF-03F6-48B0-89DC-41881B3E00CA}.Debug|Any CPU.ActiveCfg = Debug|x64
		{9B6766AF-03F6-48B0-89DC-41881B3E00CA}.Debug|Any CPU.Build.0 = Debug|x64
		{9B6766AF-03F6-48B0-89DC-41881B3E00CA}.Debug|ARM.ActiveCfg = Debug|Win32
		{9B6766AF-03F6-48B0-89DC-41881B3E00CA}.Debug|x64.ActiveCfg = Debug|x64
		{9B6766AF-03F6-48B0-89DC-41881B3E00CA}.Debug|x64.Build.0 = Debug|x64
		{9B6766AF-03F6-48B0-89DC-41881B3E00CA}.Debug|x86.ActiveCfg = Debug|Win32
		{9B6766AF-03F6-48B0-89DC-41881B3E00CA}.Debug|x86.Build.0 = Debug|Win32
		{9B6766AF-03F6-48B0-89DC-41881B3E00CA}.Release|Any CPU.ActiveCfg = Release|x64
		{9B6766AF-03F6-48B0-89DC-41881B3E00CA}.Release|Any CPU.Build.0 = Release|x64
		{9B6766AF-03F6-48B0-89DC-41881B3E00CA}.Release|ARM.ActiveCfg = Release|Win32
		{9B6766AF-03F6-48B0-89DC-41881B3E00CA}.Release|x64.ActiveCfg = Release|x64
		{9B6766AF-03F6-48B0-89DC-41881B3E00CA}.Release|x64.Build.0 = Release|x64
		{9B6766AF-03F6-48B0-89DC-41881B3E00CA}.Release|x86.ActiveCfg = Release|Win32
		{9B6766AF-03F6-48B0-89DC-41881B3E00CA}.Release|x86.Build.0 = Release|Win32
		{2BA38BE4-66E8-4B7C-A978-7BA8F3FCE486}.Debug|Any CPU.ActiveCfg = Debug|Any CPU
		{2BA38BE4-66E8-4B7C-A978-7BA8F3FCE486}.Debug|Any CPU.Build.0 = Debug|Any CPU
		{2BA38BE4-66E8-4B7C-A978-7BA8F3FCE486}.Debug|ARM.ActiveCfg = Debug|Any CPU
		{2BA38BE4-66E8-4B7C-A978-7BA8F3FCE486}.Debug|ARM.Build.0 = Debug|Any CPU
		{2BA38BE4-66E8-4B7C-A978-7BA8F3FCE486}.Debug|x64.ActiveCfg = Debug|Any CPU
		{2BA38BE4-66E8-4B7C-A978-7BA8F3FCE486}.Debug|x64.Build.0 = Debug|Any CPU
		{2BA38BE4-66E8-4B7C-A978-7BA8F3FCE486}.Debug|x86.ActiveCfg = Debug|Any CPU
		{2BA38BE4-66E8-4B7C-A978-7BA8F3FCE486}.Debug|x86.Build.0 = Debug|Any CPU
		{2BA38BE4-66E8-4B7C-A978-7BA8F3FCE486}.Release|Any CPU.ActiveCfg = Release|Any CPU
		{2BA38BE4-66E8-4B7C-A978-7BA8F3FCE486}.Release|Any CPU.Build.0 = Release|Any CPU
		{2BA38BE4-66E8-4B7C-A978-7BA8F3FCE486}.Release|ARM.ActiveCfg = Release|Any CPU
		{2BA38BE4-66E8-4B7C-A978-7BA8F3FCE486}.Release|ARM.Build.0 = Release|Any CPU
		{2BA38BE4-66E8-4B7C-A978-7BA8F3FCE486}.Release|x64.ActiveCfg = Release|Any CPU
		{2BA38BE4-66E8-4B7C-A978-7BA8F3FCE486}.Release|x64.Build.0 = Release|Any CPU
		{2BA38BE4-66E8-4B7C-A978-7BA8F3FCE486}.Release|x86.ActiveCfg = Release|Any CPU
		{2BA38BE4-66E8-4B7C-A978-7BA8F3FCE486}.Release|x86.Build.0 = Release|Any CPU
		{5E252D1C-F56D-4950-812F-8222DD16C388}.Debug|Any CPU.ActiveCfg = Debug|Any CPU
		{5E252D1C-F56D-4950-812F-8222DD16C388}.Debug|Any CPU.Build.0 = Debug|Any CPU
		{5E252D1C-F56D-4950-812F-8222DD16C388}.Debug|ARM.ActiveCfg = Debug|Any CPU
		{5E252D1C-F56D-4950-812F-8222DD16C388}.Debug|ARM.Build.0 = Debug|Any CPU
		{5E252D1C-F56D-4950-812F-8222DD16C388}.Debug|x64.ActiveCfg = Debug|Any CPU
		{5E252D1C-F56D-4950-812F-8222DD16C388}.Debug|x64.Build.0 = Debug|Any CPU
		{5E252D1C-F56D-4950-812F-8222DD16C388}.Debug|x86.ActiveCfg = Debug|Any CPU
		{5E252D1C-F56D-4950-812F-8222DD16C388}.Debug|x86.Build.0 = Debug|Any CPU
		{5E252D1C-F56D-4950-812F-8222DD16C388}.Release|Any CPU.ActiveCfg = Release|Any CPU
		{5E252D1C-F56D-4950-812F-8222DD16C388}.Release|Any CPU.Build.0 = Release|Any CPU
		{5E252D1C-F56D-4950-812F-8222DD16C388}.Release|ARM.ActiveCfg = Release|Any CPU
		{5E252D1C-F56D-4950-812F-8222DD16C388}.Release|ARM.Build.0 = Release|Any CPU
		{5E252D1C-F56D-4950-812F-8222DD16C388}.Release|x64.ActiveCfg = Release|Any CPU
		{5E252D1C-F56D-4950-812F-8222DD16C388}.Release|x64.Build.0 = Release|Any CPU
		{5E252D1C-F56D-4950-812F-8222DD16C388}.Release|x86.ActiveCfg = Release|Any CPU
		{5E252D1C-F56D-4950-812F-8222DD16C388}.Release|x86.Build.0 = Release|Any CPU
		{CA46A0A4-331C-4625-B3A5-1A13109040C4}.Debug|Any CPU.ActiveCfg = Debug|Any CPU
		{CA46A0A4-331C-4625-B3A5-1A13109040C4}.Debug|Any CPU.Build.0 = Debug|Any CPU
		{CA46A0A4-331C-4625-B3A5-1A13109040C4}.Debug|ARM.ActiveCfg = Debug|Any CPU
		{CA46A0A4-331C-4625-B3A5-1A13109040C4}.Debug|ARM.Build.0 = Debug|Any CPU
		{CA46A0A4-331C-4625-B3A5-1A13109040C4}.Debug|x64.ActiveCfg = Debug|Any CPU
		{CA46A0A4-331C-4625-B3A5-1A13109040C4}.Debug|x64.Build.0 = Debug|Any CPU
		{CA46A0A4-331C-4625-B3A5-1A13109040C4}.Debug|x86.ActiveCfg = Debug|Any CPU
		{CA46A0A4-331C-4625-B3A5-1A13109040C4}.Debug|x86.Build.0 = Debug|Any CPU
		{CA46A0A4-331C-4625-B3A5-1A13109040C4}.Release|Any CPU.ActiveCfg = Release|Any CPU
		{CA46A0A4-331C-4625-B3A5-1A13109040C4}.Release|Any CPU.Build.0 = Release|Any CPU
		{CA46A0A4-331C-4625-B3A5-1A13109040C4}.Release|ARM.ActiveCfg = Release|Any CPU
		{CA46A0A4-331C-4625-B3A5-1A13109040C4}.Release|ARM.Build.0 = Release|Any CPU
		{CA46A0A4-331C-4625-B3A5-1A13109040C4}.Release|x64.ActiveCfg = Release|Any CPU
		{CA46A0A4-331C-4625-B3A5-1A13109040C4}.Release|x64.Build.0 = Release|Any CPU
		{CA46A0A4-331C-4625-B3A5-1A13109040C4}.Release|x86.ActiveCfg = Release|Any CPU
		{CA46A0A4-331C-4625-B3A5-1A13109040C4}.Release|x86.Build.0 = Release|Any CPU
		{64CBB60E-9013-4BFA-A06F-10F55C341CB7}.Debug|Any CPU.ActiveCfg = Debug|Any CPU
		{64CBB60E-9013-4BFA-A06F-10F55C341CB7}.Debug|Any CPU.Build.0 = Debug|Any CPU
		{64CBB60E-9013-4BFA-A06F-10F55C341CB7}.Debug|ARM.ActiveCfg = Debug|Any CPU
		{64CBB60E-9013-4BFA-A06F-10F55C341CB7}.Debug|ARM.Build.0 = Debug|Any CPU
		{64CBB60E-9013-4BFA-A06F-10F55C341CB7}.Debug|x64.ActiveCfg = Debug|Any CPU
		{64CBB60E-9013-4BFA-A06F-10F55C341CB7}.Debug|x64.Build.0 = Debug|Any CPU
		{64CBB60E-9013-4BFA-A06F-10F55C341CB7}.Debug|x86.ActiveCfg = Debug|Any CPU
		{64CBB60E-9013-4BFA-A06F-10F55C341CB7}.Debug|x86.Build.0 = Debug|Any CPU
		{64CBB60E-9013-4BFA-A06F-10F55C341CB7}.Release|Any CPU.ActiveCfg = Release|Any CPU
		{64CBB60E-9013-4BFA-A06F-10F55C341CB7}.Release|Any CPU.Build.0 = Release|Any CPU
		{64CBB60E-9013-4BFA-A06F-10F55C341CB7}.Release|ARM.ActiveCfg = Release|Any CPU
		{64CBB60E-9013-4BFA-A06F-10F55C341CB7}.Release|ARM.Build.0 = Release|Any CPU
		{64CBB60E-9013-4BFA-A06F-10F55C341CB7}.Release|x64.ActiveCfg = Release|Any CPU
		{64CBB60E-9013-4BFA-A06F-10F55C341CB7}.Release|x64.Build.0 = Release|Any CPU
		{64CBB60E-9013-4BFA-A06F-10F55C341CB7}.Release|x86.ActiveCfg = Release|Any CPU
		{64CBB60E-9013-4BFA-A06F-10F55C341CB7}.Release|x86.Build.0 = Release|Any CPU
		{88F9C515-92A1-4B29-891C-F91C285DED5D}.Debug|Any CPU.ActiveCfg = Debug|Any CPU
		{88F9C515-92A1-4B29-891C-F91C285DED5D}.Debug|Any CPU.Build.0 = Debug|Any CPU
		{88F9C515-92A1-4B29-891C-F91C285DED5D}.Debug|ARM.ActiveCfg = Debug|Any CPU
		{88F9C515-92A1-4B29-891C-F91C285DED5D}.Debug|ARM.Build.0 = Debug|Any CPU
		{88F9C515-92A1-4B29-891C-F91C285DED5D}.Debug|x64.ActiveCfg = Debug|Any CPU
		{88F9C515-92A1-4B29-891C-F91C285DED5D}.Debug|x64.Build.0 = Debug|Any CPU
		{88F9C515-92A1-4B29-891C-F91C285DED5D}.Debug|x86.ActiveCfg = Debug|Any CPU
		{88F9C515-92A1-4B29-891C-F91C285DED5D}.Debug|x86.Build.0 = Debug|Any CPU
		{88F9C515-92A1-4B29-891C-F91C285DED5D}.Release|Any CPU.ActiveCfg = Release|Any CPU
		{88F9C515-92A1-4B29-891C-F91C285DED5D}.Release|Any CPU.Build.0 = Release|Any CPU
		{88F9C515-92A1-4B29-891C-F91C285DED5D}.Release|ARM.ActiveCfg = Release|Any CPU
		{88F9C515-92A1-4B29-891C-F91C285DED5D}.Release|ARM.Build.0 = Release|Any CPU
		{88F9C515-92A1-4B29-891C-F91C285DED5D}.Release|x64.ActiveCfg = Release|Any CPU
		{88F9C515-92A1-4B29-891C-F91C285DED5D}.Release|x64.Build.0 = Release|Any CPU
		{88F9C515-92A1-4B29-891C-F91C285DED5D}.Release|x86.ActiveCfg = Release|Any CPU
		{88F9C515-92A1-4B29-891C-F91C285DED5D}.Release|x86.Build.0 = Release|Any CPU
		{2AB1734F-11BF-439C-8CD3-B34634FEDD77}.Debug|Any CPU.ActiveCfg = Debug|Any CPU
		{2AB1734F-11BF-439C-8CD3-B34634FEDD77}.Debug|Any CPU.Build.0 = Debug|Any CPU
		{2AB1734F-11BF-439C-8CD3-B34634FEDD77}.Debug|ARM.ActiveCfg = Debug|Any CPU
		{2AB1734F-11BF-439C-8CD3-B34634FEDD77}.Debug|ARM.Build.0 = Debug|Any CPU
		{2AB1734F-11BF-439C-8CD3-B34634FEDD77}.Debug|x64.ActiveCfg = Debug|Any CPU
		{2AB1734F-11BF-439C-8CD3-B34634FEDD77}.Debug|x64.Build.0 = Debug|Any CPU
		{2AB1734F-11BF-439C-8CD3-B34634FEDD77}.Debug|x86.ActiveCfg = Debug|Any CPU
		{2AB1734F-11BF-439C-8CD3-B34634FEDD77}.Debug|x86.Build.0 = Debug|Any CPU
		{2AB1734F-11BF-439C-8CD3-B34634FEDD77}.Release|Any CPU.ActiveCfg = Release|Any CPU
		{2AB1734F-11BF-439C-8CD3-B34634FEDD77}.Release|Any CPU.Build.0 = Release|Any CPU
		{2AB1734F-11BF-439C-8CD3-B34634FEDD77}.Release|ARM.ActiveCfg = Release|Any CPU
		{2AB1734F-11BF-439C-8CD3-B34634FEDD77}.Release|ARM.Build.0 = Release|Any CPU
		{2AB1734F-11BF-439C-8CD3-B34634FEDD77}.Release|x64.ActiveCfg = Release|Any CPU
		{2AB1734F-11BF-439C-8CD3-B34634FEDD77}.Release|x64.Build.0 = Release|Any CPU
		{2AB1734F-11BF-439C-8CD3-B34634FEDD77}.Release|x86.ActiveCfg = Release|Any CPU
		{2AB1734F-11BF-439C-8CD3-B34634FEDD77}.Release|x86.Build.0 = Release|Any CPU
		{2B0C9C59-F5BF-48CB-AF8F-E226A6FA32AC}.Debug|Any CPU.ActiveCfg = Debug|Any CPU
		{2B0C9C59-F5BF-48CB-AF8F-E226A6FA32AC}.Debug|Any CPU.Build.0 = Debug|Any CPU
		{2B0C9C59-F5BF-48CB-AF8F-E226A6FA32AC}.Debug|ARM.ActiveCfg = Debug|Any CPU
		{2B0C9C59-F5BF-48CB-AF8F-E226A6FA32AC}.Debug|ARM.Build.0 = Debug|Any CPU
		{2B0C9C59-F5BF-48CB-AF8F-E226A6FA32AC}.Debug|x64.ActiveCfg = Debug|Any CPU
		{2B0C9C59-F5BF-48CB-AF8F-E226A6FA32AC}.Debug|x64.Build.0 = Debug|Any CPU
		{2B0C9C59-F5BF-48CB-AF8F-E226A6FA32AC}.Debug|x86.ActiveCfg = Debug|Any CPU
		{2B0C9C59-F5BF-48CB-AF8F-E226A6FA32AC}.Debug|x86.Build.0 = Debug|Any CPU
		{2B0C9C59-F5BF-48CB-AF8F-E226A6FA32AC}.Release|Any CPU.ActiveCfg = Release|Any CPU
		{2B0C9C59-F5BF-48CB-AF8F-E226A6FA32AC}.Release|Any CPU.Build.0 = Release|Any CPU
		{2B0C9C59-F5BF-48CB-AF8F-E226A6FA32AC}.Release|ARM.ActiveCfg = Release|Any CPU
		{2B0C9C59-F5BF-48CB-AF8F-E226A6FA32AC}.Release|ARM.Build.0 = Release|Any CPU
		{2B0C9C59-F5BF-48CB-AF8F-E226A6FA32AC}.Release|x64.ActiveCfg = Release|Any CPU
		{2B0C9C59-F5BF-48CB-AF8F-E226A6FA32AC}.Release|x64.Build.0 = Release|Any CPU
		{2B0C9C59-F5BF-48CB-AF8F-E226A6FA32AC}.Release|x86.ActiveCfg = Release|Any CPU
		{2B0C9C59-F5BF-48CB-AF8F-E226A6FA32AC}.Release|x86.Build.0 = Release|Any CPU
		{31470B76-4B1F-498C-8156-00E1F7F86324}.Debug|Any CPU.ActiveCfg = Debug|Any CPU
		{31470B76-4B1F-498C-8156-00E1F7F86324}.Debug|Any CPU.Build.0 = Debug|Any CPU
		{31470B76-4B1F-498C-8156-00E1F7F86324}.Debug|ARM.ActiveCfg = Debug|Any CPU
		{31470B76-4B1F-498C-8156-00E1F7F86324}.Debug|ARM.Build.0 = Debug|Any CPU
		{31470B76-4B1F-498C-8156-00E1F7F86324}.Debug|x64.ActiveCfg = Debug|Any CPU
		{31470B76-4B1F-498C-8156-00E1F7F86324}.Debug|x64.Build.0 = Debug|Any CPU
		{31470B76-4B1F-498C-8156-00E1F7F86324}.Debug|x86.ActiveCfg = Debug|Any CPU
		{31470B76-4B1F-498C-8156-00E1F7F86324}.Debug|x86.Build.0 = Debug|Any CPU
		{31470B76-4B1F-498C-8156-00E1F7F86324}.Release|Any CPU.ActiveCfg = Release|Any CPU
		{31470B76-4B1F-498C-8156-00E1F7F86324}.Release|Any CPU.Build.0 = Release|Any CPU
		{31470B76-4B1F-498C-8156-00E1F7F86324}.Release|ARM.ActiveCfg = Release|Any CPU
		{31470B76-4B1F-498C-8156-00E1F7F86324}.Release|ARM.Build.0 = Release|Any CPU
		{31470B76-4B1F-498C-8156-00E1F7F86324}.Release|x64.ActiveCfg = Release|Any CPU
		{31470B76-4B1F-498C-8156-00E1F7F86324}.Release|x64.Build.0 = Release|Any CPU
		{31470B76-4B1F-498C-8156-00E1F7F86324}.Release|x86.ActiveCfg = Release|Any CPU
		{31470B76-4B1F-498C-8156-00E1F7F86324}.Release|x86.Build.0 = Release|Any CPU
		{A0745BCF-CC6B-45FC-AAA5-0EC614F160EC}.Debug|Any CPU.ActiveCfg = Debug|Any CPU
		{A0745BCF-CC6B-45FC-AAA5-0EC614F160EC}.Debug|Any CPU.Build.0 = Debug|Any CPU
		{A0745BCF-CC6B-45FC-AAA5-0EC614F160EC}.Debug|ARM.ActiveCfg = Debug|Any CPU
		{A0745BCF-CC6B-45FC-AAA5-0EC614F160EC}.Debug|ARM.Build.0 = Debug|Any CPU
		{A0745BCF-CC6B-45FC-AAA5-0EC614F160EC}.Debug|x64.ActiveCfg = Debug|Any CPU
		{A0745BCF-CC6B-45FC-AAA5-0EC614F160EC}.Debug|x64.Build.0 = Debug|Any CPU
		{A0745BCF-CC6B-45FC-AAA5-0EC614F160EC}.Debug|x86.ActiveCfg = Debug|Any CPU
		{A0745BCF-CC6B-45FC-AAA5-0EC614F160EC}.Debug|x86.Build.0 = Debug|Any CPU
		{A0745BCF-CC6B-45FC-AAA5-0EC614F160EC}.Release|Any CPU.ActiveCfg = Release|Any CPU
		{A0745BCF-CC6B-45FC-AAA5-0EC614F160EC}.Release|Any CPU.Build.0 = Release|Any CPU
		{A0745BCF-CC6B-45FC-AAA5-0EC614F160EC}.Release|ARM.ActiveCfg = Release|Any CPU
		{A0745BCF-CC6B-45FC-AAA5-0EC614F160EC}.Release|ARM.Build.0 = Release|Any CPU
		{A0745BCF-CC6B-45FC-AAA5-0EC614F160EC}.Release|x64.ActiveCfg = Release|Any CPU
		{A0745BCF-CC6B-45FC-AAA5-0EC614F160EC}.Release|x64.Build.0 = Release|Any CPU
		{A0745BCF-CC6B-45FC-AAA5-0EC614F160EC}.Release|x86.ActiveCfg = Release|Any CPU
		{A0745BCF-CC6B-45FC-AAA5-0EC614F160EC}.Release|x86.Build.0 = Release|Any CPU
		{F4427853-F86C-4BCA-AE15-9003D05B68E5}.Debug|Any CPU.ActiveCfg = Debug|Any CPU
		{F4427853-F86C-4BCA-AE15-9003D05B68E5}.Debug|Any CPU.Build.0 = Debug|Any CPU
		{F4427853-F86C-4BCA-AE15-9003D05B68E5}.Debug|ARM.ActiveCfg = Debug|Any CPU
		{F4427853-F86C-4BCA-AE15-9003D05B68E5}.Debug|ARM.Build.0 = Debug|Any CPU
		{F4427853-F86C-4BCA-AE15-9003D05B68E5}.Debug|x64.ActiveCfg = Debug|Any CPU
		{F4427853-F86C-4BCA-AE15-9003D05B68E5}.Debug|x64.Build.0 = Debug|Any CPU
		{F4427853-F86C-4BCA-AE15-9003D05B68E5}.Debug|x86.ActiveCfg = Debug|Any CPU
		{F4427853-F86C-4BCA-AE15-9003D05B68E5}.Debug|x86.Build.0 = Debug|Any CPU
		{F4427853-F86C-4BCA-AE15-9003D05B68E5}.Release|Any CPU.ActiveCfg = Release|Any CPU
		{F4427853-F86C-4BCA-AE15-9003D05B68E5}.Release|Any CPU.Build.0 = Release|Any CPU
		{F4427853-F86C-4BCA-AE15-9003D05B68E5}.Release|ARM.ActiveCfg = Release|Any CPU
		{F4427853-F86C-4BCA-AE15-9003D05B68E5}.Release|ARM.Build.0 = Release|Any CPU
		{F4427853-F86C-4BCA-AE15-9003D05B68E5}.Release|x64.ActiveCfg = Release|Any CPU
		{F4427853-F86C-4BCA-AE15-9003D05B68E5}.Release|x64.Build.0 = Release|Any CPU
		{F4427853-F86C-4BCA-AE15-9003D05B68E5}.Release|x86.ActiveCfg = Release|Any CPU
		{F4427853-F86C-4BCA-AE15-9003D05B68E5}.Release|x86.Build.0 = Release|Any CPU
		{C0D13FCA-F032-4B2F-BC15-ABA9589C77B4}.Debug|Any CPU.ActiveCfg = Debug|Any CPU
		{C0D13FCA-F032-4B2F-BC15-ABA9589C77B4}.Debug|Any CPU.Build.0 = Debug|Any CPU
		{C0D13FCA-F032-4B2F-BC15-ABA9589C77B4}.Debug|ARM.ActiveCfg = Debug|Any CPU
		{C0D13FCA-F032-4B2F-BC15-ABA9589C77B4}.Debug|ARM.Build.0 = Debug|Any CPU
		{C0D13FCA-F032-4B2F-BC15-ABA9589C77B4}.Debug|x64.ActiveCfg = Debug|Any CPU
		{C0D13FCA-F032-4B2F-BC15-ABA9589C77B4}.Debug|x64.Build.0 = Debug|Any CPU
		{C0D13FCA-F032-4B2F-BC15-ABA9589C77B4}.Debug|x86.ActiveCfg = Debug|Any CPU
		{C0D13FCA-F032-4B2F-BC15-ABA9589C77B4}.Debug|x86.Build.0 = Debug|Any CPU
		{C0D13FCA-F032-4B2F-BC15-ABA9589C77B4}.Release|Any CPU.ActiveCfg = Release|Any CPU
		{C0D13FCA-F032-4B2F-BC15-ABA9589C77B4}.Release|Any CPU.Build.0 = Release|Any CPU
		{C0D13FCA-F032-4B2F-BC15-ABA9589C77B4}.Release|ARM.ActiveCfg = Release|Any CPU
		{C0D13FCA-F032-4B2F-BC15-ABA9589C77B4}.Release|ARM.Build.0 = Release|Any CPU
		{C0D13FCA-F032-4B2F-BC15-ABA9589C77B4}.Release|x64.ActiveCfg = Release|Any CPU
		{C0D13FCA-F032-4B2F-BC15-ABA9589C77B4}.Release|x64.Build.0 = Release|Any CPU
		{C0D13FCA-F032-4B2F-BC15-ABA9589C77B4}.Release|x86.ActiveCfg = Release|Any CPU
		{C0D13FCA-F032-4B2F-BC15-ABA9589C77B4}.Release|x86.Build.0 = Release|Any CPU
		{F9D04048-76C3-47E9-8D68-A4539F3FAD0A}.Debug|Any CPU.ActiveCfg = Debug|Any CPU
		{F9D04048-76C3-47E9-8D68-A4539F3FAD0A}.Debug|Any CPU.Build.0 = Debug|Any CPU
		{F9D04048-76C3-47E9-8D68-A4539F3FAD0A}.Debug|ARM.ActiveCfg = Debug|Any CPU
		{F9D04048-76C3-47E9-8D68-A4539F3FAD0A}.Debug|ARM.Build.0 = Debug|Any CPU
		{F9D04048-76C3-47E9-8D68-A4539F3FAD0A}.Debug|x64.ActiveCfg = Debug|Any CPU
		{F9D04048-76C3-47E9-8D68-A4539F3FAD0A}.Debug|x64.Build.0 = Debug|Any CPU
		{F9D04048-76C3-47E9-8D68-A4539F3FAD0A}.Debug|x86.ActiveCfg = Debug|Any CPU
		{F9D04048-76C3-47E9-8D68-A4539F3FAD0A}.Debug|x86.Build.0 = Debug|Any CPU
		{F9D04048-76C3-47E9-8D68-A4539F3FAD0A}.Release|Any CPU.ActiveCfg = Release|Any CPU
		{F9D04048-76C3-47E9-8D68-A4539F3FAD0A}.Release|Any CPU.Build.0 = Release|Any CPU
		{F9D04048-76C3-47E9-8D68-A4539F3FAD0A}.Release|ARM.ActiveCfg = Release|Any CPU
		{F9D04048-76C3-47E9-8D68-A4539F3FAD0A}.Release|ARM.Build.0 = Release|Any CPU
		{F9D04048-76C3-47E9-8D68-A4539F3FAD0A}.Release|x64.ActiveCfg = Release|Any CPU
		{F9D04048-76C3-47E9-8D68-A4539F3FAD0A}.Release|x64.Build.0 = Release|Any CPU
		{F9D04048-76C3-47E9-8D68-A4539F3FAD0A}.Release|x86.ActiveCfg = Release|Any CPU
		{F9D04048-76C3-47E9-8D68-A4539F3FAD0A}.Release|x86.Build.0 = Release|Any CPU
		{D8CD6E89-A961-458E-9A80-F615BC34F297}.Debug|Any CPU.ActiveCfg = Debug|Any CPU
		{D8CD6E89-A961-458E-9A80-F615BC34F297}.Debug|Any CPU.Build.0 = Debug|Any CPU
		{D8CD6E89-A961-458E-9A80-F615BC34F297}.Debug|ARM.ActiveCfg = Debug|Any CPU
		{D8CD6E89-A961-458E-9A80-F615BC34F297}.Debug|ARM.Build.0 = Debug|Any CPU
		{D8CD6E89-A961-458E-9A80-F615BC34F297}.Debug|x64.ActiveCfg = Debug|Any CPU
		{D8CD6E89-A961-458E-9A80-F615BC34F297}.Debug|x64.Build.0 = Debug|Any CPU
		{D8CD6E89-A961-458E-9A80-F615BC34F297}.Debug|x86.ActiveCfg = Debug|Any CPU
		{D8CD6E89-A961-458E-9A80-F615BC34F297}.Debug|x86.Build.0 = Debug|Any CPU
		{D8CD6E89-A961-458E-9A80-F615BC34F297}.Release|Any CPU.ActiveCfg = Release|Any CPU
		{D8CD6E89-A961-458E-9A80-F615BC34F297}.Release|Any CPU.Build.0 = Release|Any CPU
		{D8CD6E89-A961-458E-9A80-F615BC34F297}.Release|ARM.ActiveCfg = Release|Any CPU
		{D8CD6E89-A961-458E-9A80-F615BC34F297}.Release|ARM.Build.0 = Release|Any CPU
		{D8CD6E89-A961-458E-9A80-F615BC34F297}.Release|x64.ActiveCfg = Release|Any CPU
		{D8CD6E89-A961-458E-9A80-F615BC34F297}.Release|x64.Build.0 = Release|Any CPU
		{D8CD6E89-A961-458E-9A80-F615BC34F297}.Release|x86.ActiveCfg = Release|Any CPU
		{D8CD6E89-A961-458E-9A80-F615BC34F297}.Release|x86.Build.0 = Release|Any CPU
		{54FFFCF8-C40B-4FB5-AE5F-C417B773D46D}.Debug|Any CPU.ActiveCfg = Debug|Any CPU
		{54FFFCF8-C40B-4FB5-AE5F-C417B773D46D}.Debug|Any CPU.Build.0 = Debug|Any CPU
		{54FFFCF8-C40B-4FB5-AE5F-C417B773D46D}.Debug|ARM.ActiveCfg = Debug|Any CPU
		{54FFFCF8-C40B-4FB5-AE5F-C417B773D46D}.Debug|ARM.Build.0 = Debug|Any CPU
		{54FFFCF8-C40B-4FB5-AE5F-C417B773D46D}.Debug|x64.ActiveCfg = Debug|Any CPU
		{54FFFCF8-C40B-4FB5-AE5F-C417B773D46D}.Debug|x64.Build.0 = Debug|Any CPU
		{54FFFCF8-C40B-4FB5-AE5F-C417B773D46D}.Debug|x86.ActiveCfg = Debug|Any CPU
		{54FFFCF8-C40B-4FB5-AE5F-C417B773D46D}.Debug|x86.Build.0 = Debug|Any CPU
		{54FFFCF8-C40B-4FB5-AE5F-C417B773D46D}.Release|Any CPU.ActiveCfg = Release|Any CPU
		{54FFFCF8-C40B-4FB5-AE5F-C417B773D46D}.Release|Any CPU.Build.0 = Release|Any CPU
		{54FFFCF8-C40B-4FB5-AE5F-C417B773D46D}.Release|ARM.ActiveCfg = Release|Any CPU
		{54FFFCF8-C40B-4FB5-AE5F-C417B773D46D}.Release|ARM.Build.0 = Release|Any CPU
		{54FFFCF8-C40B-4FB5-AE5F-C417B773D46D}.Release|x64.ActiveCfg = Release|Any CPU
		{54FFFCF8-C40B-4FB5-AE5F-C417B773D46D}.Release|x64.Build.0 = Release|Any CPU
		{54FFFCF8-C40B-4FB5-AE5F-C417B773D46D}.Release|x86.ActiveCfg = Release|Any CPU
		{54FFFCF8-C40B-4FB5-AE5F-C417B773D46D}.Release|x86.Build.0 = Release|Any CPU
		{F6C8EF2A-A996-49BC-90CF-7B8BFB626861}.Debug|Any CPU.ActiveCfg = Debug|Any CPU
		{F6C8EF2A-A996-49BC-90CF-7B8BFB626861}.Debug|Any CPU.Build.0 = Debug|Any CPU
		{F6C8EF2A-A996-49BC-90CF-7B8BFB626861}.Debug|ARM.ActiveCfg = Debug|Any CPU
		{F6C8EF2A-A996-49BC-90CF-7B8BFB626861}.Debug|ARM.Build.0 = Debug|Any CPU
		{F6C8EF2A-A996-49BC-90CF-7B8BFB626861}.Debug|x64.ActiveCfg = Debug|Any CPU
		{F6C8EF2A-A996-49BC-90CF-7B8BFB626861}.Debug|x64.Build.0 = Debug|Any CPU
		{F6C8EF2A-A996-49BC-90CF-7B8BFB626861}.Debug|x86.ActiveCfg = Debug|Any CPU
		{F6C8EF2A-A996-49BC-90CF-7B8BFB626861}.Debug|x86.Build.0 = Debug|Any CPU
		{F6C8EF2A-A996-49BC-90CF-7B8BFB626861}.Release|Any CPU.ActiveCfg = Release|Any CPU
		{F6C8EF2A-A996-49BC-90CF-7B8BFB626861}.Release|Any CPU.Build.0 = Release|Any CPU
		{F6C8EF2A-A996-49BC-90CF-7B8BFB626861}.Release|ARM.ActiveCfg = Release|Any CPU
		{F6C8EF2A-A996-49BC-90CF-7B8BFB626861}.Release|ARM.Build.0 = Release|Any CPU
		{F6C8EF2A-A996-49BC-90CF-7B8BFB626861}.Release|x64.ActiveCfg = Release|Any CPU
		{F6C8EF2A-A996-49BC-90CF-7B8BFB626861}.Release|x64.Build.0 = Release|Any CPU
		{F6C8EF2A-A996-49BC-90CF-7B8BFB626861}.Release|x86.ActiveCfg = Release|Any CPU
		{F6C8EF2A-A996-49BC-90CF-7B8BFB626861}.Release|x86.Build.0 = Release|Any CPU
		{D707EA1E-3F24-49F0-9C74-48FC565FD2E2}.Debug|Any CPU.ActiveCfg = Debug|Any CPU
		{D707EA1E-3F24-49F0-9C74-48FC565FD2E2}.Debug|Any CPU.Build.0 = Debug|Any CPU
		{D707EA1E-3F24-49F0-9C74-48FC565FD2E2}.Debug|ARM.ActiveCfg = Debug|Any CPU
		{D707EA1E-3F24-49F0-9C74-48FC565FD2E2}.Debug|ARM.Build.0 = Debug|Any CPU
		{D707EA1E-3F24-49F0-9C74-48FC565FD2E2}.Debug|x64.ActiveCfg = Debug|Any CPU
		{D707EA1E-3F24-49F0-9C74-48FC565FD2E2}.Debug|x64.Build.0 = Debug|Any CPU
		{D707EA1E-3F24-49F0-9C74-48FC565FD2E2}.Debug|x86.ActiveCfg = Debug|Any CPU
		{D707EA1E-3F24-49F0-9C74-48FC565FD2E2}.Debug|x86.Build.0 = Debug|Any CPU
		{D707EA1E-3F24-49F0-9C74-48FC565FD2E2}.Release|Any CPU.ActiveCfg = Release|Any CPU
		{D707EA1E-3F24-49F0-9C74-48FC565FD2E2}.Release|Any CPU.Build.0 = Release|Any CPU
		{D707EA1E-3F24-49F0-9C74-48FC565FD2E2}.Release|ARM.ActiveCfg = Release|Any CPU
		{D707EA1E-3F24-49F0-9C74-48FC565FD2E2}.Release|ARM.Build.0 = Release|Any CPU
		{D707EA1E-3F24-49F0-9C74-48FC565FD2E2}.Release|x64.ActiveCfg = Release|Any CPU
		{D707EA1E-3F24-49F0-9C74-48FC565FD2E2}.Release|x64.Build.0 = Release|Any CPU
		{D707EA1E-3F24-49F0-9C74-48FC565FD2E2}.Release|x86.ActiveCfg = Release|Any CPU
		{D707EA1E-3F24-49F0-9C74-48FC565FD2E2}.Release|x86.Build.0 = Release|Any CPU
		{C2F31CCA-EBA2-4BCC-9A6F-D13E2C7CD8D9}.Debug|Any CPU.ActiveCfg = Debug|Any CPU
		{C2F31CCA-EBA2-4BCC-9A6F-D13E2C7CD8D9}.Debug|Any CPU.Build.0 = Debug|Any CPU
		{C2F31CCA-EBA2-4BCC-9A6F-D13E2C7CD8D9}.Debug|ARM.ActiveCfg = Debug|Any CPU
		{C2F31CCA-EBA2-4BCC-9A6F-D13E2C7CD8D9}.Debug|ARM.Build.0 = Debug|Any CPU
		{C2F31CCA-EBA2-4BCC-9A6F-D13E2C7CD8D9}.Debug|x64.ActiveCfg = Debug|Any CPU
		{C2F31CCA-EBA2-4BCC-9A6F-D13E2C7CD8D9}.Debug|x64.Build.0 = Debug|Any CPU
		{C2F31CCA-EBA2-4BCC-9A6F-D13E2C7CD8D9}.Debug|x86.ActiveCfg = Debug|Any CPU
		{C2F31CCA-EBA2-4BCC-9A6F-D13E2C7CD8D9}.Debug|x86.Build.0 = Debug|Any CPU
		{C2F31CCA-EBA2-4BCC-9A6F-D13E2C7CD8D9}.Release|Any CPU.ActiveCfg = Release|Any CPU
		{C2F31CCA-EBA2-4BCC-9A6F-D13E2C7CD8D9}.Release|Any CPU.Build.0 = Release|Any CPU
		{C2F31CCA-EBA2-4BCC-9A6F-D13E2C7CD8D9}.Release|ARM.ActiveCfg = Release|Any CPU
		{C2F31CCA-EBA2-4BCC-9A6F-D13E2C7CD8D9}.Release|ARM.Build.0 = Release|Any CPU
		{C2F31CCA-EBA2-4BCC-9A6F-D13E2C7CD8D9}.Release|x64.ActiveCfg = Release|Any CPU
		{C2F31CCA-EBA2-4BCC-9A6F-D13E2C7CD8D9}.Release|x64.Build.0 = Release|Any CPU
		{C2F31CCA-EBA2-4BCC-9A6F-D13E2C7CD8D9}.Release|x86.ActiveCfg = Release|Any CPU
		{C2F31CCA-EBA2-4BCC-9A6F-D13E2C7CD8D9}.Release|x86.Build.0 = Release|Any CPU
		{7B27DE84-65B6-4CA3-B1F6-F0A87810462E}.Debug|Any CPU.ActiveCfg = Debug|Any CPU
		{7B27DE84-65B6-4CA3-B1F6-F0A87810462E}.Debug|Any CPU.Build.0 = Debug|Any CPU
		{7B27DE84-65B6-4CA3-B1F6-F0A87810462E}.Debug|ARM.ActiveCfg = Debug|Any CPU
		{7B27DE84-65B6-4CA3-B1F6-F0A87810462E}.Debug|ARM.Build.0 = Debug|Any CPU
		{7B27DE84-65B6-4CA3-B1F6-F0A87810462E}.Debug|x64.ActiveCfg = Debug|Any CPU
		{7B27DE84-65B6-4CA3-B1F6-F0A87810462E}.Debug|x64.Build.0 = Debug|Any CPU
		{7B27DE84-65B6-4CA3-B1F6-F0A87810462E}.Debug|x86.ActiveCfg = Debug|Any CPU
		{7B27DE84-65B6-4CA3-B1F6-F0A87810462E}.Debug|x86.Build.0 = Debug|Any CPU
		{7B27DE84-65B6-4CA3-B1F6-F0A87810462E}.Release|Any CPU.ActiveCfg = Release|Any CPU
		{7B27DE84-65B6-4CA3-B1F6-F0A87810462E}.Release|Any CPU.Build.0 = Release|Any CPU
		{7B27DE84-65B6-4CA3-B1F6-F0A87810462E}.Release|ARM.ActiveCfg = Release|Any CPU
		{7B27DE84-65B6-4CA3-B1F6-F0A87810462E}.Release|ARM.Build.0 = Release|Any CPU
		{7B27DE84-65B6-4CA3-B1F6-F0A87810462E}.Release|x64.ActiveCfg = Release|Any CPU
		{7B27DE84-65B6-4CA3-B1F6-F0A87810462E}.Release|x64.Build.0 = Release|Any CPU
		{7B27DE84-65B6-4CA3-B1F6-F0A87810462E}.Release|x86.ActiveCfg = Release|Any CPU
		{7B27DE84-65B6-4CA3-B1F6-F0A87810462E}.Release|x86.Build.0 = Release|Any CPU
		{C3FBBE93-2E56-4208-AD34-2574F0D32A42}.Debug|Any CPU.ActiveCfg = Debug|Any CPU
		{C3FBBE93-2E56-4208-AD34-2574F0D32A42}.Debug|Any CPU.Build.0 = Debug|Any CPU
		{C3FBBE93-2E56-4208-AD34-2574F0D32A42}.Debug|ARM.ActiveCfg = Debug|Any CPU
		{C3FBBE93-2E56-4208-AD34-2574F0D32A42}.Debug|ARM.Build.0 = Debug|Any CPU
		{C3FBBE93-2E56-4208-AD34-2574F0D32A42}.Debug|x64.ActiveCfg = Debug|Any CPU
		{C3FBBE93-2E56-4208-AD34-2574F0D32A42}.Debug|x64.Build.0 = Debug|Any CPU
		{C3FBBE93-2E56-4208-AD34-2574F0D32A42}.Debug|x86.ActiveCfg = Debug|Any CPU
		{C3FBBE93-2E56-4208-AD34-2574F0D32A42}.Debug|x86.Build.0 = Debug|Any CPU
		{C3FBBE93-2E56-4208-AD34-2574F0D32A42}.Release|Any CPU.ActiveCfg = Release|Any CPU
		{C3FBBE93-2E56-4208-AD34-2574F0D32A42}.Release|Any CPU.Build.0 = Release|Any CPU
		{C3FBBE93-2E56-4208-AD34-2574F0D32A42}.Release|ARM.ActiveCfg = Release|Any CPU
		{C3FBBE93-2E56-4208-AD34-2574F0D32A42}.Release|ARM.Build.0 = Release|Any CPU
		{C3FBBE93-2E56-4208-AD34-2574F0D32A42}.Release|x64.ActiveCfg = Release|Any CPU
		{C3FBBE93-2E56-4208-AD34-2574F0D32A42}.Release|x64.Build.0 = Release|Any CPU
		{C3FBBE93-2E56-4208-AD34-2574F0D32A42}.Release|x86.ActiveCfg = Release|Any CPU
		{C3FBBE93-2E56-4208-AD34-2574F0D32A42}.Release|x86.Build.0 = Release|Any CPU
		{27BB2901-134E-4B35-8D41-03466E5F3D5F}.Debug|Any CPU.ActiveCfg = Debug|Any CPU
		{27BB2901-134E-4B35-8D41-03466E5F3D5F}.Debug|Any CPU.Build.0 = Debug|Any CPU
		{27BB2901-134E-4B35-8D41-03466E5F3D5F}.Debug|ARM.ActiveCfg = Debug|Any CPU
		{27BB2901-134E-4B35-8D41-03466E5F3D5F}.Debug|ARM.Build.0 = Debug|Any CPU
		{27BB2901-134E-4B35-8D41-03466E5F3D5F}.Debug|x64.ActiveCfg = Debug|Any CPU
		{27BB2901-134E-4B35-8D41-03466E5F3D5F}.Debug|x64.Build.0 = Debug|Any CPU
		{27BB2901-134E-4B35-8D41-03466E5F3D5F}.Debug|x86.ActiveCfg = Debug|Any CPU
		{27BB2901-134E-4B35-8D41-03466E5F3D5F}.Debug|x86.Build.0 = Debug|Any CPU
		{27BB2901-134E-4B35-8D41-03466E5F3D5F}.Release|Any CPU.ActiveCfg = Release|Any CPU
		{27BB2901-134E-4B35-8D41-03466E5F3D5F}.Release|Any CPU.Build.0 = Release|Any CPU
		{27BB2901-134E-4B35-8D41-03466E5F3D5F}.Release|ARM.ActiveCfg = Release|Any CPU
		{27BB2901-134E-4B35-8D41-03466E5F3D5F}.Release|ARM.Build.0 = Release|Any CPU
		{27BB2901-134E-4B35-8D41-03466E5F3D5F}.Release|x64.ActiveCfg = Release|Any CPU
		{27BB2901-134E-4B35-8D41-03466E5F3D5F}.Release|x64.Build.0 = Release|Any CPU
		{27BB2901-134E-4B35-8D41-03466E5F3D5F}.Release|x86.ActiveCfg = Release|Any CPU
		{27BB2901-134E-4B35-8D41-03466E5F3D5F}.Release|x86.Build.0 = Release|Any CPU
		{458C85A2-8B0E-43A6-B5C3-6EC3276031B5}.Debug|Any CPU.ActiveCfg = Debug|Any CPU
		{458C85A2-8B0E-43A6-B5C3-6EC3276031B5}.Debug|Any CPU.Build.0 = Debug|Any CPU
		{458C85A2-8B0E-43A6-B5C3-6EC3276031B5}.Debug|ARM.ActiveCfg = Debug|Any CPU
		{458C85A2-8B0E-43A6-B5C3-6EC3276031B5}.Debug|ARM.Build.0 = Debug|Any CPU
		{458C85A2-8B0E-43A6-B5C3-6EC3276031B5}.Debug|x64.ActiveCfg = Debug|Any CPU
		{458C85A2-8B0E-43A6-B5C3-6EC3276031B5}.Debug|x64.Build.0 = Debug|Any CPU
		{458C85A2-8B0E-43A6-B5C3-6EC3276031B5}.Debug|x86.ActiveCfg = Debug|Any CPU
		{458C85A2-8B0E-43A6-B5C3-6EC3276031B5}.Debug|x86.Build.0 = Debug|Any CPU
		{458C85A2-8B0E-43A6-B5C3-6EC3276031B5}.Release|Any CPU.ActiveCfg = Release|Any CPU
		{458C85A2-8B0E-43A6-B5C3-6EC3276031B5}.Release|Any CPU.Build.0 = Release|Any CPU
		{458C85A2-8B0E-43A6-B5C3-6EC3276031B5}.Release|ARM.ActiveCfg = Release|Any CPU
		{458C85A2-8B0E-43A6-B5C3-6EC3276031B5}.Release|ARM.Build.0 = Release|Any CPU
		{458C85A2-8B0E-43A6-B5C3-6EC3276031B5}.Release|x64.ActiveCfg = Release|Any CPU
		{458C85A2-8B0E-43A6-B5C3-6EC3276031B5}.Release|x64.Build.0 = Release|Any CPU
		{458C85A2-8B0E-43A6-B5C3-6EC3276031B5}.Release|x86.ActiveCfg = Release|Any CPU
		{458C85A2-8B0E-43A6-B5C3-6EC3276031B5}.Release|x86.Build.0 = Release|Any CPU
		{B32D80EF-5F4A-4476-989E-C98EDE93FB50}.Debug|Any CPU.ActiveCfg = Debug|Any CPU
		{B32D80EF-5F4A-4476-989E-C98EDE93FB50}.Debug|Any CPU.Build.0 = Debug|Any CPU
		{B32D80EF-5F4A-4476-989E-C98EDE93FB50}.Debug|ARM.ActiveCfg = Debug|Any CPU
		{B32D80EF-5F4A-4476-989E-C98EDE93FB50}.Debug|ARM.Build.0 = Debug|Any CPU
		{B32D80EF-5F4A-4476-989E-C98EDE93FB50}.Debug|x64.ActiveCfg = Debug|Any CPU
		{B32D80EF-5F4A-4476-989E-C98EDE93FB50}.Debug|x64.Build.0 = Debug|Any CPU
		{B32D80EF-5F4A-4476-989E-C98EDE93FB50}.Debug|x86.ActiveCfg = Debug|Any CPU
		{B32D80EF-5F4A-4476-989E-C98EDE93FB50}.Debug|x86.Build.0 = Debug|Any CPU
		{B32D80EF-5F4A-4476-989E-C98EDE93FB50}.Release|Any CPU.ActiveCfg = Release|Any CPU
		{B32D80EF-5F4A-4476-989E-C98EDE93FB50}.Release|Any CPU.Build.0 = Release|Any CPU
		{B32D80EF-5F4A-4476-989E-C98EDE93FB50}.Release|ARM.ActiveCfg = Release|Any CPU
		{B32D80EF-5F4A-4476-989E-C98EDE93FB50}.Release|ARM.Build.0 = Release|Any CPU
		{B32D80EF-5F4A-4476-989E-C98EDE93FB50}.Release|x64.ActiveCfg = Release|Any CPU
		{B32D80EF-5F4A-4476-989E-C98EDE93FB50}.Release|x64.Build.0 = Release|Any CPU
		{B32D80EF-5F4A-4476-989E-C98EDE93FB50}.Release|x86.ActiveCfg = Release|Any CPU
		{B32D80EF-5F4A-4476-989E-C98EDE93FB50}.Release|x86.Build.0 = Release|Any CPU
		{513338DE-9A71-4F2A-A4BA-95389A6166A8}.Debug|Any CPU.ActiveCfg = Debug|Any CPU
		{513338DE-9A71-4F2A-A4BA-95389A6166A8}.Debug|Any CPU.Build.0 = Debug|Any CPU
		{513338DE-9A71-4F2A-A4BA-95389A6166A8}.Debug|ARM.ActiveCfg = Debug|Any CPU
		{513338DE-9A71-4F2A-A4BA-95389A6166A8}.Debug|ARM.Build.0 = Debug|Any CPU
		{513338DE-9A71-4F2A-A4BA-95389A6166A8}.Debug|x64.ActiveCfg = Debug|Any CPU
		{513338DE-9A71-4F2A-A4BA-95389A6166A8}.Debug|x64.Build.0 = Debug|Any CPU
		{513338DE-9A71-4F2A-A4BA-95389A6166A8}.Debug|x86.ActiveCfg = Debug|Any CPU
		{513338DE-9A71-4F2A-A4BA-95389A6166A8}.Debug|x86.Build.0 = Debug|Any CPU
		{513338DE-9A71-4F2A-A4BA-95389A6166A8}.Release|Any CPU.ActiveCfg = Release|Any CPU
		{513338DE-9A71-4F2A-A4BA-95389A6166A8}.Release|Any CPU.Build.0 = Release|Any CPU
		{513338DE-9A71-4F2A-A4BA-95389A6166A8}.Release|ARM.ActiveCfg = Release|Any CPU
		{513338DE-9A71-4F2A-A4BA-95389A6166A8}.Release|ARM.Build.0 = Release|Any CPU
		{513338DE-9A71-4F2A-A4BA-95389A6166A8}.Release|x64.ActiveCfg = Release|Any CPU
		{513338DE-9A71-4F2A-A4BA-95389A6166A8}.Release|x64.Build.0 = Release|Any CPU
		{513338DE-9A71-4F2A-A4BA-95389A6166A8}.Release|x86.ActiveCfg = Release|Any CPU
		{513338DE-9A71-4F2A-A4BA-95389A6166A8}.Release|x86.Build.0 = Release|Any CPU
		{24B6950D-846C-4F2E-95B0-81253DAE49D0}.Debug|Any CPU.ActiveCfg = Debug|Any CPU
		{24B6950D-846C-4F2E-95B0-81253DAE49D0}.Debug|Any CPU.Build.0 = Debug|Any CPU
		{24B6950D-846C-4F2E-95B0-81253DAE49D0}.Debug|ARM.ActiveCfg = Debug|Any CPU
		{24B6950D-846C-4F2E-95B0-81253DAE49D0}.Debug|ARM.Build.0 = Debug|Any CPU
		{24B6950D-846C-4F2E-95B0-81253DAE49D0}.Debug|x64.ActiveCfg = Debug|Any CPU
		{24B6950D-846C-4F2E-95B0-81253DAE49D0}.Debug|x64.Build.0 = Debug|Any CPU
		{24B6950D-846C-4F2E-95B0-81253DAE49D0}.Debug|x86.ActiveCfg = Debug|Any CPU
		{24B6950D-846C-4F2E-95B0-81253DAE49D0}.Debug|x86.Build.0 = Debug|Any CPU
		{24B6950D-846C-4F2E-95B0-81253DAE49D0}.Release|Any CPU.ActiveCfg = Release|Any CPU
		{24B6950D-846C-4F2E-95B0-81253DAE49D0}.Release|Any CPU.Build.0 = Release|Any CPU
		{24B6950D-846C-4F2E-95B0-81253DAE49D0}.Release|ARM.ActiveCfg = Release|Any CPU
		{24B6950D-846C-4F2E-95B0-81253DAE49D0}.Release|ARM.Build.0 = Release|Any CPU
		{24B6950D-846C-4F2E-95B0-81253DAE49D0}.Release|x64.ActiveCfg = Release|Any CPU
		{24B6950D-846C-4F2E-95B0-81253DAE49D0}.Release|x64.Build.0 = Release|Any CPU
		{24B6950D-846C-4F2E-95B0-81253DAE49D0}.Release|x86.ActiveCfg = Release|Any CPU
		{24B6950D-846C-4F2E-95B0-81253DAE49D0}.Release|x86.Build.0 = Release|Any CPU
		{7B85DD9D-F850-4ED8-BD5B-5B7804831936}.Debug|Any CPU.ActiveCfg = Debug|Any CPU
		{7B85DD9D-F850-4ED8-BD5B-5B7804831936}.Debug|Any CPU.Build.0 = Debug|Any CPU
		{7B85DD9D-F850-4ED8-BD5B-5B7804831936}.Debug|ARM.ActiveCfg = Debug|Any CPU
		{7B85DD9D-F850-4ED8-BD5B-5B7804831936}.Debug|ARM.Build.0 = Debug|Any CPU
		{7B85DD9D-F850-4ED8-BD5B-5B7804831936}.Debug|x64.ActiveCfg = Debug|Any CPU
		{7B85DD9D-F850-4ED8-BD5B-5B7804831936}.Debug|x64.Build.0 = Debug|Any CPU
		{7B85DD9D-F850-4ED8-BD5B-5B7804831936}.Debug|x86.ActiveCfg = Debug|Any CPU
		{7B85DD9D-F850-4ED8-BD5B-5B7804831936}.Debug|x86.Build.0 = Debug|Any CPU
		{7B85DD9D-F850-4ED8-BD5B-5B7804831936}.Release|Any CPU.ActiveCfg = Release|Any CPU
		{7B85DD9D-F850-4ED8-BD5B-5B7804831936}.Release|Any CPU.Build.0 = Release|Any CPU
		{7B85DD9D-F850-4ED8-BD5B-5B7804831936}.Release|ARM.ActiveCfg = Release|Any CPU
		{7B85DD9D-F850-4ED8-BD5B-5B7804831936}.Release|ARM.Build.0 = Release|Any CPU
		{7B85DD9D-F850-4ED8-BD5B-5B7804831936}.Release|x64.ActiveCfg = Release|Any CPU
		{7B85DD9D-F850-4ED8-BD5B-5B7804831936}.Release|x64.Build.0 = Release|Any CPU
		{7B85DD9D-F850-4ED8-BD5B-5B7804831936}.Release|x86.ActiveCfg = Release|Any CPU
		{7B85DD9D-F850-4ED8-BD5B-5B7804831936}.Release|x86.Build.0 = Release|Any CPU
		{5BADC8D8-FB25-4C6E-BDA6-B87ECF55C1C7}.Debug|Any CPU.ActiveCfg = Debug|Any CPU
		{5BADC8D8-FB25-4C6E-BDA6-B87ECF55C1C7}.Debug|Any CPU.Build.0 = Debug|Any CPU
		{5BADC8D8-FB25-4C6E-BDA6-B87ECF55C1C7}.Debug|ARM.ActiveCfg = Debug|Any CPU
		{5BADC8D8-FB25-4C6E-BDA6-B87ECF55C1C7}.Debug|ARM.Build.0 = Debug|Any CPU
		{5BADC8D8-FB25-4C6E-BDA6-B87ECF55C1C7}.Debug|x64.ActiveCfg = Debug|Any CPU
		{5BADC8D8-FB25-4C6E-BDA6-B87ECF55C1C7}.Debug|x64.Build.0 = Debug|Any CPU
		{5BADC8D8-FB25-4C6E-BDA6-B87ECF55C1C7}.Debug|x86.ActiveCfg = Debug|Any CPU
		{5BADC8D8-FB25-4C6E-BDA6-B87ECF55C1C7}.Debug|x86.Build.0 = Debug|Any CPU
		{5BADC8D8-FB25-4C6E-BDA6-B87ECF55C1C7}.Release|Any CPU.ActiveCfg = Release|Any CPU
		{5BADC8D8-FB25-4C6E-BDA6-B87ECF55C1C7}.Release|Any CPU.Build.0 = Release|Any CPU
		{5BADC8D8-FB25-4C6E-BDA6-B87ECF55C1C7}.Release|ARM.ActiveCfg = Release|Any CPU
		{5BADC8D8-FB25-4C6E-BDA6-B87ECF55C1C7}.Release|ARM.Build.0 = Release|Any CPU
		{5BADC8D8-FB25-4C6E-BDA6-B87ECF55C1C7}.Release|x64.ActiveCfg = Release|Any CPU
		{5BADC8D8-FB25-4C6E-BDA6-B87ECF55C1C7}.Release|x64.Build.0 = Release|Any CPU
		{5BADC8D8-FB25-4C6E-BDA6-B87ECF55C1C7}.Release|x86.ActiveCfg = Release|Any CPU
		{5BADC8D8-FB25-4C6E-BDA6-B87ECF55C1C7}.Release|x86.Build.0 = Release|Any CPU
		{573ED4AF-1002-4D19-95E4-3E9B2B59E197}.Debug|Any CPU.ActiveCfg = Debug|Any CPU
		{573ED4AF-1002-4D19-95E4-3E9B2B59E197}.Debug|Any CPU.Build.0 = Debug|Any CPU
		{573ED4AF-1002-4D19-95E4-3E9B2B59E197}.Debug|ARM.ActiveCfg = Debug|Any CPU
		{573ED4AF-1002-4D19-95E4-3E9B2B59E197}.Debug|ARM.Build.0 = Debug|Any CPU
		{573ED4AF-1002-4D19-95E4-3E9B2B59E197}.Debug|x64.ActiveCfg = Debug|Any CPU
		{573ED4AF-1002-4D19-95E4-3E9B2B59E197}.Debug|x64.Build.0 = Debug|Any CPU
		{573ED4AF-1002-4D19-95E4-3E9B2B59E197}.Debug|x86.ActiveCfg = Debug|Any CPU
		{573ED4AF-1002-4D19-95E4-3E9B2B59E197}.Debug|x86.Build.0 = Debug|Any CPU
		{573ED4AF-1002-4D19-95E4-3E9B2B59E197}.Release|Any CPU.ActiveCfg = Release|Any CPU
		{573ED4AF-1002-4D19-95E4-3E9B2B59E197}.Release|Any CPU.Build.0 = Release|Any CPU
		{573ED4AF-1002-4D19-95E4-3E9B2B59E197}.Release|ARM.ActiveCfg = Release|Any CPU
		{573ED4AF-1002-4D19-95E4-3E9B2B59E197}.Release|ARM.Build.0 = Release|Any CPU
		{573ED4AF-1002-4D19-95E4-3E9B2B59E197}.Release|x64.ActiveCfg = Release|Any CPU
		{573ED4AF-1002-4D19-95E4-3E9B2B59E197}.Release|x64.Build.0 = Release|Any CPU
		{573ED4AF-1002-4D19-95E4-3E9B2B59E197}.Release|x86.ActiveCfg = Release|Any CPU
		{573ED4AF-1002-4D19-95E4-3E9B2B59E197}.Release|x86.Build.0 = Release|Any CPU
		{FBA09B28-1364-49B5-97E8-55F6967CE365}.Debug|Any CPU.ActiveCfg = Debug|Any CPU
		{FBA09B28-1364-49B5-97E8-55F6967CE365}.Debug|Any CPU.Build.0 = Debug|Any CPU
		{FBA09B28-1364-49B5-97E8-55F6967CE365}.Debug|ARM.ActiveCfg = Debug|Any CPU
		{FBA09B28-1364-49B5-97E8-55F6967CE365}.Debug|ARM.Build.0 = Debug|Any CPU
		{FBA09B28-1364-49B5-97E8-55F6967CE365}.Debug|x64.ActiveCfg = Debug|Any CPU
		{FBA09B28-1364-49B5-97E8-55F6967CE365}.Debug|x64.Build.0 = Debug|Any CPU
		{FBA09B28-1364-49B5-97E8-55F6967CE365}.Debug|x86.ActiveCfg = Debug|Any CPU
		{FBA09B28-1364-49B5-97E8-55F6967CE365}.Debug|x86.Build.0 = Debug|Any CPU
		{FBA09B28-1364-49B5-97E8-55F6967CE365}.Release|Any CPU.ActiveCfg = Release|Any CPU
		{FBA09B28-1364-49B5-97E8-55F6967CE365}.Release|Any CPU.Build.0 = Release|Any CPU
		{FBA09B28-1364-49B5-97E8-55F6967CE365}.Release|ARM.ActiveCfg = Release|Any CPU
		{FBA09B28-1364-49B5-97E8-55F6967CE365}.Release|ARM.Build.0 = Release|Any CPU
		{FBA09B28-1364-49B5-97E8-55F6967CE365}.Release|x64.ActiveCfg = Release|Any CPU
		{FBA09B28-1364-49B5-97E8-55F6967CE365}.Release|x64.Build.0 = Release|Any CPU
		{FBA09B28-1364-49B5-97E8-55F6967CE365}.Release|x86.ActiveCfg = Release|Any CPU
		{FBA09B28-1364-49B5-97E8-55F6967CE365}.Release|x86.Build.0 = Release|Any CPU
		{F87A56DE-F6E3-43EB-ADC8-8521A88A45F1}.Debug|Any CPU.ActiveCfg = Debug|Any CPU
		{F87A56DE-F6E3-43EB-ADC8-8521A88A45F1}.Debug|Any CPU.Build.0 = Debug|Any CPU
		{F87A56DE-F6E3-43EB-ADC8-8521A88A45F1}.Debug|ARM.ActiveCfg = Debug|Any CPU
		{F87A56DE-F6E3-43EB-ADC8-8521A88A45F1}.Debug|ARM.Build.0 = Debug|Any CPU
		{F87A56DE-F6E3-43EB-ADC8-8521A88A45F1}.Debug|x64.ActiveCfg = Debug|Any CPU
		{F87A56DE-F6E3-43EB-ADC8-8521A88A45F1}.Debug|x64.Build.0 = Debug|Any CPU
		{F87A56DE-F6E3-43EB-ADC8-8521A88A45F1}.Debug|x86.ActiveCfg = Debug|Any CPU
		{F87A56DE-F6E3-43EB-ADC8-8521A88A45F1}.Debug|x86.Build.0 = Debug|Any CPU
		{F87A56DE-F6E3-43EB-ADC8-8521A88A45F1}.Release|Any CPU.ActiveCfg = Release|Any CPU
		{F87A56DE-F6E3-43EB-ADC8-8521A88A45F1}.Release|Any CPU.Build.0 = Release|Any CPU
		{F87A56DE-F6E3-43EB-ADC8-8521A88A45F1}.Release|ARM.ActiveCfg = Release|Any CPU
		{F87A56DE-F6E3-43EB-ADC8-8521A88A45F1}.Release|ARM.Build.0 = Release|Any CPU
		{F87A56DE-F6E3-43EB-ADC8-8521A88A45F1}.Release|x64.ActiveCfg = Release|Any CPU
		{F87A56DE-F6E3-43EB-ADC8-8521A88A45F1}.Release|x64.Build.0 = Release|Any CPU
		{F87A56DE-F6E3-43EB-ADC8-8521A88A45F1}.Release|x86.ActiveCfg = Release|Any CPU
		{F87A56DE-F6E3-43EB-ADC8-8521A88A45F1}.Release|x86.Build.0 = Release|Any CPU
		{9162B2F4-8992-49A6-8B7C-45F837F79413}.Debug|Any CPU.ActiveCfg = Debug|Any CPU
		{9162B2F4-8992-49A6-8B7C-45F837F79413}.Debug|Any CPU.Build.0 = Debug|Any CPU
		{9162B2F4-8992-49A6-8B7C-45F837F79413}.Debug|ARM.ActiveCfg = Debug|Any CPU
		{9162B2F4-8992-49A6-8B7C-45F837F79413}.Debug|ARM.Build.0 = Debug|Any CPU
		{9162B2F4-8992-49A6-8B7C-45F837F79413}.Debug|x64.ActiveCfg = Debug|Any CPU
		{9162B2F4-8992-49A6-8B7C-45F837F79413}.Debug|x64.Build.0 = Debug|Any CPU
		{9162B2F4-8992-49A6-8B7C-45F837F79413}.Debug|x86.ActiveCfg = Debug|Any CPU
		{9162B2F4-8992-49A6-8B7C-45F837F79413}.Debug|x86.Build.0 = Debug|Any CPU
		{9162B2F4-8992-49A6-8B7C-45F837F79413}.Release|Any CPU.ActiveCfg = Release|Any CPU
		{9162B2F4-8992-49A6-8B7C-45F837F79413}.Release|Any CPU.Build.0 = Release|Any CPU
		{9162B2F4-8992-49A6-8B7C-45F837F79413}.Release|ARM.ActiveCfg = Release|Any CPU
		{9162B2F4-8992-49A6-8B7C-45F837F79413}.Release|ARM.Build.0 = Release|Any CPU
		{9162B2F4-8992-49A6-8B7C-45F837F79413}.Release|x64.ActiveCfg = Release|Any CPU
		{9162B2F4-8992-49A6-8B7C-45F837F79413}.Release|x64.Build.0 = Release|Any CPU
		{9162B2F4-8992-49A6-8B7C-45F837F79413}.Release|x86.ActiveCfg = Release|Any CPU
		{9162B2F4-8992-49A6-8B7C-45F837F79413}.Release|x86.Build.0 = Release|Any CPU
		{60E967C5-2742-4B71-B8BC-46BE819A4C10}.Debug|Any CPU.ActiveCfg = Debug|Any CPU
		{60E967C5-2742-4B71-B8BC-46BE819A4C10}.Debug|Any CPU.Build.0 = Debug|Any CPU
		{60E967C5-2742-4B71-B8BC-46BE819A4C10}.Debug|ARM.ActiveCfg = Debug|Any CPU
		{60E967C5-2742-4B71-B8BC-46BE819A4C10}.Debug|ARM.Build.0 = Debug|Any CPU
		{60E967C5-2742-4B71-B8BC-46BE819A4C10}.Debug|x64.ActiveCfg = Debug|Any CPU
		{60E967C5-2742-4B71-B8BC-46BE819A4C10}.Debug|x64.Build.0 = Debug|Any CPU
		{60E967C5-2742-4B71-B8BC-46BE819A4C10}.Debug|x86.ActiveCfg = Debug|Any CPU
		{60E967C5-2742-4B71-B8BC-46BE819A4C10}.Debug|x86.Build.0 = Debug|Any CPU
		{60E967C5-2742-4B71-B8BC-46BE819A4C10}.Release|Any CPU.ActiveCfg = Release|Any CPU
		{60E967C5-2742-4B71-B8BC-46BE819A4C10}.Release|Any CPU.Build.0 = Release|Any CPU
		{60E967C5-2742-4B71-B8BC-46BE819A4C10}.Release|ARM.ActiveCfg = Release|Any CPU
		{60E967C5-2742-4B71-B8BC-46BE819A4C10}.Release|ARM.Build.0 = Release|Any CPU
		{60E967C5-2742-4B71-B8BC-46BE819A4C10}.Release|x64.ActiveCfg = Release|Any CPU
		{60E967C5-2742-4B71-B8BC-46BE819A4C10}.Release|x64.Build.0 = Release|Any CPU
		{60E967C5-2742-4B71-B8BC-46BE819A4C10}.Release|x86.ActiveCfg = Release|Any CPU
		{60E967C5-2742-4B71-B8BC-46BE819A4C10}.Release|x86.Build.0 = Release|Any CPU
		{2B8DC10B-20E1-4826-B71A-70B0A930DF10}.Debug|Any CPU.ActiveCfg = Debug|Any CPU
		{2B8DC10B-20E1-4826-B71A-70B0A930DF10}.Debug|Any CPU.Build.0 = Debug|Any CPU
		{2B8DC10B-20E1-4826-B71A-70B0A930DF10}.Debug|ARM.ActiveCfg = Debug|Any CPU
		{2B8DC10B-20E1-4826-B71A-70B0A930DF10}.Debug|ARM.Build.0 = Debug|Any CPU
		{2B8DC10B-20E1-4826-B71A-70B0A930DF10}.Debug|x64.ActiveCfg = Debug|Any CPU
		{2B8DC10B-20E1-4826-B71A-70B0A930DF10}.Debug|x64.Build.0 = Debug|Any CPU
		{2B8DC10B-20E1-4826-B71A-70B0A930DF10}.Debug|x86.ActiveCfg = Debug|Any CPU
		{2B8DC10B-20E1-4826-B71A-70B0A930DF10}.Debug|x86.Build.0 = Debug|Any CPU
		{2B8DC10B-20E1-4826-B71A-70B0A930DF10}.Release|Any CPU.ActiveCfg = Release|Any CPU
		{2B8DC10B-20E1-4826-B71A-70B0A930DF10}.Release|Any CPU.Build.0 = Release|Any CPU
		{2B8DC10B-20E1-4826-B71A-70B0A930DF10}.Release|ARM.ActiveCfg = Release|Any CPU
		{2B8DC10B-20E1-4826-B71A-70B0A930DF10}.Release|ARM.Build.0 = Release|Any CPU
		{2B8DC10B-20E1-4826-B71A-70B0A930DF10}.Release|x64.ActiveCfg = Release|Any CPU
		{2B8DC10B-20E1-4826-B71A-70B0A930DF10}.Release|x64.Build.0 = Release|Any CPU
		{2B8DC10B-20E1-4826-B71A-70B0A930DF10}.Release|x86.ActiveCfg = Release|Any CPU
		{2B8DC10B-20E1-4826-B71A-70B0A930DF10}.Release|x86.Build.0 = Release|Any CPU
		{258898CB-7C18-45FE-A34D-778EB2DCCD3B}.Debug|Any CPU.ActiveCfg = Debug|Any CPU
		{258898CB-7C18-45FE-A34D-778EB2DCCD3B}.Debug|Any CPU.Build.0 = Debug|Any CPU
		{258898CB-7C18-45FE-A34D-778EB2DCCD3B}.Debug|ARM.ActiveCfg = Debug|Any CPU
		{258898CB-7C18-45FE-A34D-778EB2DCCD3B}.Debug|ARM.Build.0 = Debug|Any CPU
		{258898CB-7C18-45FE-A34D-778EB2DCCD3B}.Debug|x64.ActiveCfg = Debug|Any CPU
		{258898CB-7C18-45FE-A34D-778EB2DCCD3B}.Debug|x64.Build.0 = Debug|Any CPU
		{258898CB-7C18-45FE-A34D-778EB2DCCD3B}.Debug|x86.ActiveCfg = Debug|Any CPU
		{258898CB-7C18-45FE-A34D-778EB2DCCD3B}.Debug|x86.Build.0 = Debug|Any CPU
		{258898CB-7C18-45FE-A34D-778EB2DCCD3B}.Release|Any CPU.ActiveCfg = Release|Any CPU
		{258898CB-7C18-45FE-A34D-778EB2DCCD3B}.Release|Any CPU.Build.0 = Release|Any CPU
		{258898CB-7C18-45FE-A34D-778EB2DCCD3B}.Release|ARM.ActiveCfg = Release|Any CPU
		{258898CB-7C18-45FE-A34D-778EB2DCCD3B}.Release|ARM.Build.0 = Release|Any CPU
		{258898CB-7C18-45FE-A34D-778EB2DCCD3B}.Release|x64.ActiveCfg = Release|Any CPU
		{258898CB-7C18-45FE-A34D-778EB2DCCD3B}.Release|x64.Build.0 = Release|Any CPU
		{258898CB-7C18-45FE-A34D-778EB2DCCD3B}.Release|x86.ActiveCfg = Release|Any CPU
		{258898CB-7C18-45FE-A34D-778EB2DCCD3B}.Release|x86.Build.0 = Release|Any CPU
		{E45B871A-AC42-4ED0-AFD7-EC450297B3A4}.Debug|Any CPU.ActiveCfg = Debug|Any CPU
		{E45B871A-AC42-4ED0-AFD7-EC450297B3A4}.Debug|Any CPU.Build.0 = Debug|Any CPU
		{E45B871A-AC42-4ED0-AFD7-EC450297B3A4}.Debug|ARM.ActiveCfg = Debug|Any CPU
		{E45B871A-AC42-4ED0-AFD7-EC450297B3A4}.Debug|ARM.Build.0 = Debug|Any CPU
		{E45B871A-AC42-4ED0-AFD7-EC450297B3A4}.Debug|x64.ActiveCfg = Debug|Any CPU
		{E45B871A-AC42-4ED0-AFD7-EC450297B3A4}.Debug|x64.Build.0 = Debug|Any CPU
		{E45B871A-AC42-4ED0-AFD7-EC450297B3A4}.Debug|x86.ActiveCfg = Debug|Any CPU
		{E45B871A-AC42-4ED0-AFD7-EC450297B3A4}.Debug|x86.Build.0 = Debug|Any CPU
		{E45B871A-AC42-4ED0-AFD7-EC450297B3A4}.Release|Any CPU.ActiveCfg = Release|Any CPU
		{E45B871A-AC42-4ED0-AFD7-EC450297B3A4}.Release|Any CPU.Build.0 = Release|Any CPU
		{E45B871A-AC42-4ED0-AFD7-EC450297B3A4}.Release|ARM.ActiveCfg = Release|Any CPU
		{E45B871A-AC42-4ED0-AFD7-EC450297B3A4}.Release|ARM.Build.0 = Release|Any CPU
		{E45B871A-AC42-4ED0-AFD7-EC450297B3A4}.Release|x64.ActiveCfg = Release|Any CPU
		{E45B871A-AC42-4ED0-AFD7-EC450297B3A4}.Release|x64.Build.0 = Release|Any CPU
		{E45B871A-AC42-4ED0-AFD7-EC450297B3A4}.Release|x86.ActiveCfg = Release|Any CPU
		{E45B871A-AC42-4ED0-AFD7-EC450297B3A4}.Release|x86.Build.0 = Release|Any CPU
		{50B373FD-DFEF-4DFF-9260-3BFAC746BAFC}.Debug|Any CPU.ActiveCfg = Debug|Any CPU
		{50B373FD-DFEF-4DFF-9260-3BFAC746BAFC}.Debug|Any CPU.Build.0 = Debug|Any CPU
		{50B373FD-DFEF-4DFF-9260-3BFAC746BAFC}.Debug|ARM.ActiveCfg = Debug|Any CPU
		{50B373FD-DFEF-4DFF-9260-3BFAC746BAFC}.Debug|ARM.Build.0 = Debug|Any CPU
		{50B373FD-DFEF-4DFF-9260-3BFAC746BAFC}.Debug|x64.ActiveCfg = Debug|Any CPU
		{50B373FD-DFEF-4DFF-9260-3BFAC746BAFC}.Debug|x64.Build.0 = Debug|Any CPU
		{50B373FD-DFEF-4DFF-9260-3BFAC746BAFC}.Debug|x86.ActiveCfg = Debug|Any CPU
		{50B373FD-DFEF-4DFF-9260-3BFAC746BAFC}.Debug|x86.Build.0 = Debug|Any CPU
		{50B373FD-DFEF-4DFF-9260-3BFAC746BAFC}.Release|Any CPU.ActiveCfg = Release|Any CPU
		{50B373FD-DFEF-4DFF-9260-3BFAC746BAFC}.Release|Any CPU.Build.0 = Release|Any CPU
		{50B373FD-DFEF-4DFF-9260-3BFAC746BAFC}.Release|ARM.ActiveCfg = Release|Any CPU
		{50B373FD-DFEF-4DFF-9260-3BFAC746BAFC}.Release|ARM.Build.0 = Release|Any CPU
		{50B373FD-DFEF-4DFF-9260-3BFAC746BAFC}.Release|x64.ActiveCfg = Release|Any CPU
		{50B373FD-DFEF-4DFF-9260-3BFAC746BAFC}.Release|x64.Build.0 = Release|Any CPU
		{50B373FD-DFEF-4DFF-9260-3BFAC746BAFC}.Release|x86.ActiveCfg = Release|Any CPU
		{50B373FD-DFEF-4DFF-9260-3BFAC746BAFC}.Release|x86.Build.0 = Release|Any CPU
		{47987443-2B3A-4807-8E5C-0F4911D4A4FC}.Debug|Any CPU.ActiveCfg = Debug|Any CPU
		{47987443-2B3A-4807-8E5C-0F4911D4A4FC}.Debug|Any CPU.Build.0 = Debug|Any CPU
		{47987443-2B3A-4807-8E5C-0F4911D4A4FC}.Debug|ARM.ActiveCfg = Debug|Any CPU
		{47987443-2B3A-4807-8E5C-0F4911D4A4FC}.Debug|ARM.Build.0 = Debug|Any CPU
		{47987443-2B3A-4807-8E5C-0F4911D4A4FC}.Debug|x64.ActiveCfg = Debug|Any CPU
		{47987443-2B3A-4807-8E5C-0F4911D4A4FC}.Debug|x64.Build.0 = Debug|Any CPU
		{47987443-2B3A-4807-8E5C-0F4911D4A4FC}.Debug|x86.ActiveCfg = Debug|Any CPU
		{47987443-2B3A-4807-8E5C-0F4911D4A4FC}.Debug|x86.Build.0 = Debug|Any CPU
		{47987443-2B3A-4807-8E5C-0F4911D4A4FC}.Release|Any CPU.ActiveCfg = Release|Any CPU
		{47987443-2B3A-4807-8E5C-0F4911D4A4FC}.Release|Any CPU.Build.0 = Release|Any CPU
		{47987443-2B3A-4807-8E5C-0F4911D4A4FC}.Release|ARM.ActiveCfg = Release|Any CPU
		{47987443-2B3A-4807-8E5C-0F4911D4A4FC}.Release|ARM.Build.0 = Release|Any CPU
		{47987443-2B3A-4807-8E5C-0F4911D4A4FC}.Release|x64.ActiveCfg = Release|Any CPU
		{47987443-2B3A-4807-8E5C-0F4911D4A4FC}.Release|x64.Build.0 = Release|Any CPU
		{47987443-2B3A-4807-8E5C-0F4911D4A4FC}.Release|x86.ActiveCfg = Release|Any CPU
		{47987443-2B3A-4807-8E5C-0F4911D4A4FC}.Release|x86.Build.0 = Release|Any CPU
		{F95CD2A5-479F-4EE2-A073-CED7F2BDF7EC}.Debug|Any CPU.ActiveCfg = Debug|Any CPU
		{F95CD2A5-479F-4EE2-A073-CED7F2BDF7EC}.Debug|Any CPU.Build.0 = Debug|Any CPU
		{F95CD2A5-479F-4EE2-A073-CED7F2BDF7EC}.Debug|ARM.ActiveCfg = Debug|Any CPU
		{F95CD2A5-479F-4EE2-A073-CED7F2BDF7EC}.Debug|ARM.Build.0 = Debug|Any CPU
		{F95CD2A5-479F-4EE2-A073-CED7F2BDF7EC}.Debug|x64.ActiveCfg = Debug|Any CPU
		{F95CD2A5-479F-4EE2-A073-CED7F2BDF7EC}.Debug|x64.Build.0 = Debug|Any CPU
		{F95CD2A5-479F-4EE2-A073-CED7F2BDF7EC}.Debug|x86.ActiveCfg = Debug|Any CPU
		{F95CD2A5-479F-4EE2-A073-CED7F2BDF7EC}.Debug|x86.Build.0 = Debug|Any CPU
		{F95CD2A5-479F-4EE2-A073-CED7F2BDF7EC}.Release|Any CPU.ActiveCfg = Release|Any CPU
		{F95CD2A5-479F-4EE2-A073-CED7F2BDF7EC}.Release|Any CPU.Build.0 = Release|Any CPU
		{F95CD2A5-479F-4EE2-A073-CED7F2BDF7EC}.Release|ARM.ActiveCfg = Release|Any CPU
		{F95CD2A5-479F-4EE2-A073-CED7F2BDF7EC}.Release|ARM.Build.0 = Release|Any CPU
		{F95CD2A5-479F-4EE2-A073-CED7F2BDF7EC}.Release|x64.ActiveCfg = Release|Any CPU
		{F95CD2A5-479F-4EE2-A073-CED7F2BDF7EC}.Release|x64.Build.0 = Release|Any CPU
		{F95CD2A5-479F-4EE2-A073-CED7F2BDF7EC}.Release|x86.ActiveCfg = Release|Any CPU
		{F95CD2A5-479F-4EE2-A073-CED7F2BDF7EC}.Release|x86.Build.0 = Release|Any CPU
		{5037BB6A-4389-4057-BB74-301067A4E067}.Debug|Any CPU.ActiveCfg = Debug|Any CPU
		{5037BB6A-4389-4057-BB74-301067A4E067}.Debug|Any CPU.Build.0 = Debug|Any CPU
		{5037BB6A-4389-4057-BB74-301067A4E067}.Debug|ARM.ActiveCfg = Debug|Any CPU
		{5037BB6A-4389-4057-BB74-301067A4E067}.Debug|ARM.Build.0 = Debug|Any CPU
		{5037BB6A-4389-4057-BB74-301067A4E067}.Debug|x64.ActiveCfg = Debug|Any CPU
		{5037BB6A-4389-4057-BB74-301067A4E067}.Debug|x64.Build.0 = Debug|Any CPU
		{5037BB6A-4389-4057-BB74-301067A4E067}.Debug|x86.ActiveCfg = Debug|Any CPU
		{5037BB6A-4389-4057-BB74-301067A4E067}.Debug|x86.Build.0 = Debug|Any CPU
		{5037BB6A-4389-4057-BB74-301067A4E067}.Release|Any CPU.ActiveCfg = Release|Any CPU
		{5037BB6A-4389-4057-BB74-301067A4E067}.Release|Any CPU.Build.0 = Release|Any CPU
		{5037BB6A-4389-4057-BB74-301067A4E067}.Release|ARM.ActiveCfg = Release|Any CPU
		{5037BB6A-4389-4057-BB74-301067A4E067}.Release|ARM.Build.0 = Release|Any CPU
		{5037BB6A-4389-4057-BB74-301067A4E067}.Release|x64.ActiveCfg = Release|Any CPU
		{5037BB6A-4389-4057-BB74-301067A4E067}.Release|x64.Build.0 = Release|Any CPU
		{5037BB6A-4389-4057-BB74-301067A4E067}.Release|x86.ActiveCfg = Release|Any CPU
		{5037BB6A-4389-4057-BB74-301067A4E067}.Release|x86.Build.0 = Release|Any CPU
		{E2D1B0A6-1EC9-488C-A138-8ADBC675A40B}.Debug|Any CPU.ActiveCfg = Debug|Any CPU
		{E2D1B0A6-1EC9-488C-A138-8ADBC675A40B}.Debug|Any CPU.Build.0 = Debug|Any CPU
		{E2D1B0A6-1EC9-488C-A138-8ADBC675A40B}.Debug|ARM.ActiveCfg = Debug|Any CPU
		{E2D1B0A6-1EC9-488C-A138-8ADBC675A40B}.Debug|ARM.Build.0 = Debug|Any CPU
		{E2D1B0A6-1EC9-488C-A138-8ADBC675A40B}.Debug|x64.ActiveCfg = Debug|Any CPU
		{E2D1B0A6-1EC9-488C-A138-8ADBC675A40B}.Debug|x64.Build.0 = Debug|Any CPU
		{E2D1B0A6-1EC9-488C-A138-8ADBC675A40B}.Debug|x86.ActiveCfg = Debug|Any CPU
		{E2D1B0A6-1EC9-488C-A138-8ADBC675A40B}.Debug|x86.Build.0 = Debug|Any CPU
		{E2D1B0A6-1EC9-488C-A138-8ADBC675A40B}.Release|Any CPU.ActiveCfg = Release|Any CPU
		{E2D1B0A6-1EC9-488C-A138-8ADBC675A40B}.Release|Any CPU.Build.0 = Release|Any CPU
		{E2D1B0A6-1EC9-488C-A138-8ADBC675A40B}.Release|ARM.ActiveCfg = Release|Any CPU
		{E2D1B0A6-1EC9-488C-A138-8ADBC675A40B}.Release|ARM.Build.0 = Release|Any CPU
		{E2D1B0A6-1EC9-488C-A138-8ADBC675A40B}.Release|x64.ActiveCfg = Release|Any CPU
		{E2D1B0A6-1EC9-488C-A138-8ADBC675A40B}.Release|x64.Build.0 = Release|Any CPU
		{E2D1B0A6-1EC9-488C-A138-8ADBC675A40B}.Release|x86.ActiveCfg = Release|Any CPU
		{E2D1B0A6-1EC9-488C-A138-8ADBC675A40B}.Release|x86.Build.0 = Release|Any CPU
		{21EF5968-19F9-4F6E-92AE-47E3776478C9}.Debug|Any CPU.ActiveCfg = Debug|x64
		{21EF5968-19F9-4F6E-92AE-47E3776478C9}.Debug|Any CPU.Build.0 = Debug|x64
		{21EF5968-19F9-4F6E-92AE-47E3776478C9}.Debug|Any CPU.Deploy.0 = Debug|x64
		{21EF5968-19F9-4F6E-92AE-47E3776478C9}.Debug|ARM.ActiveCfg = Debug|ARM
		{21EF5968-19F9-4F6E-92AE-47E3776478C9}.Debug|ARM.Build.0 = Debug|ARM
		{21EF5968-19F9-4F6E-92AE-47E3776478C9}.Debug|ARM.Deploy.0 = Debug|ARM
		{21EF5968-19F9-4F6E-92AE-47E3776478C9}.Debug|x64.ActiveCfg = Debug|x64
		{21EF5968-19F9-4F6E-92AE-47E3776478C9}.Debug|x64.Build.0 = Debug|x64
		{21EF5968-19F9-4F6E-92AE-47E3776478C9}.Debug|x64.Deploy.0 = Debug|x64
		{21EF5968-19F9-4F6E-92AE-47E3776478C9}.Debug|x86.ActiveCfg = Debug|x86
		{21EF5968-19F9-4F6E-92AE-47E3776478C9}.Debug|x86.Build.0 = Debug|x86
		{21EF5968-19F9-4F6E-92AE-47E3776478C9}.Debug|x86.Deploy.0 = Debug|x86
		{21EF5968-19F9-4F6E-92AE-47E3776478C9}.Release|Any CPU.ActiveCfg = Release|x64
		{21EF5968-19F9-4F6E-92AE-47E3776478C9}.Release|Any CPU.Build.0 = Release|x64
		{21EF5968-19F9-4F6E-92AE-47E3776478C9}.Release|Any CPU.Deploy.0 = Release|x64
		{21EF5968-19F9-4F6E-92AE-47E3776478C9}.Release|ARM.ActiveCfg = Release|ARM
		{21EF5968-19F9-4F6E-92AE-47E3776478C9}.Release|ARM.Build.0 = Release|ARM
		{21EF5968-19F9-4F6E-92AE-47E3776478C9}.Release|ARM.Deploy.0 = Release|ARM
		{21EF5968-19F9-4F6E-92AE-47E3776478C9}.Release|x64.ActiveCfg = Release|x64
		{21EF5968-19F9-4F6E-92AE-47E3776478C9}.Release|x64.Build.0 = Release|x64
		{21EF5968-19F9-4F6E-92AE-47E3776478C9}.Release|x64.Deploy.0 = Release|x64
		{21EF5968-19F9-4F6E-92AE-47E3776478C9}.Release|x86.ActiveCfg = Release|x86
		{21EF5968-19F9-4F6E-92AE-47E3776478C9}.Release|x86.Build.0 = Release|x86
		{21EF5968-19F9-4F6E-92AE-47E3776478C9}.Release|x86.Deploy.0 = Release|x86
	EndGlobalSection
	GlobalSection(SolutionProperties) = preSolution
		HideSolutionNode = FALSE
	EndGlobalSection
	GlobalSection(NestedProjects) = preSolution
		{E7CAF10F-86B5-486F-9B76-BFC8B9EA41F8} = {03801197-72C1-4497-9AF8-51798E2F8EA8}
		{7334C3CF-A7B8-491B-BBA5-197856E3FA3B} = {03801197-72C1-4497-9AF8-51798E2F8EA8}
		{9B6766AF-03F6-48B0-89DC-41881B3E00CA} = {9BFE01D1-0EF4-4CFC-8E20-254A7E39FB14}
		{1CC4AF0D-DC51-4626-B08E-955F36898073} = {9BFE01D1-0EF4-4CFC-8E20-254A7E39FB14}
		{5E252D1C-F56D-4950-812F-8222DD16C388} = {1C0A50A0-778D-4AF2-9F04-E95206DA34AC}
		{CA46A0A4-331C-4625-B3A5-1A13109040C4} = {1C0A50A0-778D-4AF2-9F04-E95206DA34AC}
		{64CBB60E-9013-4BFA-A06F-10F55C341CB7} = {1C0A50A0-778D-4AF2-9F04-E95206DA34AC}
		{88F9C515-92A1-4B29-891C-F91C285DED5D} = {1C0A50A0-778D-4AF2-9F04-E95206DA34AC}
		{2AB1734F-11BF-439C-8CD3-B34634FEDD77} = {1C0A50A0-778D-4AF2-9F04-E95206DA34AC}
		{2B0C9C59-F5BF-48CB-AF8F-E226A6FA32AC} = {1C0A50A0-778D-4AF2-9F04-E95206DA34AC}
		{31470B76-4B1F-498C-8156-00E1F7F86324} = {1C0A50A0-778D-4AF2-9F04-E95206DA34AC}
		{A0745BCF-CC6B-45FC-AAA5-0EC614F160EC} = {1C0A50A0-778D-4AF2-9F04-E95206DA34AC}
		{F4427853-F86C-4BCA-AE15-9003D05B68E5} = {1C0A50A0-778D-4AF2-9F04-E95206DA34AC}
		{C0D13FCA-F032-4B2F-BC15-ABA9589C77B4} = {1C0A50A0-778D-4AF2-9F04-E95206DA34AC}
		{F9D04048-76C3-47E9-8D68-A4539F3FAD0A} = {1C0A50A0-778D-4AF2-9F04-E95206DA34AC}
		{D8CD6E89-A961-458E-9A80-F615BC34F297} = {1C0A50A0-778D-4AF2-9F04-E95206DA34AC}
		{54FFFCF8-C40B-4FB5-AE5F-C417B773D46D} = {1C0A50A0-778D-4AF2-9F04-E95206DA34AC}
		{F6C8EF2A-A996-49BC-90CF-7B8BFB626861} = {1C0A50A0-778D-4AF2-9F04-E95206DA34AC}
		{D707EA1E-3F24-49F0-9C74-48FC565FD2E2} = {1C0A50A0-778D-4AF2-9F04-E95206DA34AC}
		{C2F31CCA-EBA2-4BCC-9A6F-D13E2C7CD8D9} = {1C0A50A0-778D-4AF2-9F04-E95206DA34AC}
		{7B27DE84-65B6-4CA3-B1F6-F0A87810462E} = {1C0A50A0-778D-4AF2-9F04-E95206DA34AC}
		{C3FBBE93-2E56-4208-AD34-2574F0D32A42} = {1C0A50A0-778D-4AF2-9F04-E95206DA34AC}
		{27BB2901-134E-4B35-8D41-03466E5F3D5F} = {1C0A50A0-778D-4AF2-9F04-E95206DA34AC}
		{458C85A2-8B0E-43A6-B5C3-6EC3276031B5} = {1C0A50A0-778D-4AF2-9F04-E95206DA34AC}
		{B32D80EF-5F4A-4476-989E-C98EDE93FB50} = {1C0A50A0-778D-4AF2-9F04-E95206DA34AC}
		{513338DE-9A71-4F2A-A4BA-95389A6166A8} = {1C0A50A0-778D-4AF2-9F04-E95206DA34AC}
		{24B6950D-846C-4F2E-95B0-81253DAE49D0} = {1C0A50A0-778D-4AF2-9F04-E95206DA34AC}
		{7B85DD9D-F850-4ED8-BD5B-5B7804831936} = {1C0A50A0-778D-4AF2-9F04-E95206DA34AC}
		{5BADC8D8-FB25-4C6E-BDA6-B87ECF55C1C7} = {1C0A50A0-778D-4AF2-9F04-E95206DA34AC}
		{573ED4AF-1002-4D19-95E4-3E9B2B59E197} = {1C0A50A0-778D-4AF2-9F04-E95206DA34AC}
		{FBA09B28-1364-49B5-97E8-55F6967CE365} = {1C0A50A0-778D-4AF2-9F04-E95206DA34AC}
		{F87A56DE-F6E3-43EB-ADC8-8521A88A45F1} = {1C0A50A0-778D-4AF2-9F04-E95206DA34AC}
		{9162B2F4-8992-49A6-8B7C-45F837F79413} = {1C0A50A0-778D-4AF2-9F04-E95206DA34AC}
		{60E967C5-2742-4B71-B8BC-46BE819A4C10} = {1C0A50A0-778D-4AF2-9F04-E95206DA34AC}
		{2B8DC10B-20E1-4826-B71A-70B0A930DF10} = {1C0A50A0-778D-4AF2-9F04-E95206DA34AC}
		{258898CB-7C18-45FE-A34D-778EB2DCCD3B} = {1C0A50A0-778D-4AF2-9F04-E95206DA34AC}
		{E45B871A-AC42-4ED0-AFD7-EC450297B3A4} = {1C0A50A0-778D-4AF2-9F04-E95206DA34AC}
		{50B373FD-DFEF-4DFF-9260-3BFAC746BAFC} = {9BFE01D1-0EF4-4CFC-8E20-254A7E39FB14}
		{1C0A50A0-778D-4AF2-9F04-E95206DA34AC} = {F5D72A2B-8550-493A-8E91-A88FBB29643D}
		{F95CD2A5-479F-4EE2-A073-CED7F2BDF7EC} = {9BFE01D1-0EF4-4CFC-8E20-254A7E39FB14}
		{A6BC8AF5-E3BF-4F75-9FBA-FE5ED7D50AD2} = {9BFE01D1-0EF4-4CFC-8E20-254A7E39FB14}
		{2035A6EE-3425-4EBA-8067-919ADAB2599E} = {9BFE01D1-0EF4-4CFC-8E20-254A7E39FB14}
		{E2D1B0A6-1EC9-488C-A138-8ADBC675A40B} = {9BFE01D1-0EF4-4CFC-8E20-254A7E39FB14}
		{21EF5968-19F9-4F6E-92AE-47E3776478C9} = {9BFE01D1-0EF4-4CFC-8E20-254A7E39FB14}
	EndGlobalSection
	GlobalSection(ExtensibilityGlobals) = postSolution
		SolutionGuid = {1D0C3A88-8F05-4858-97B6-0E554C1064BD}
	EndGlobalSection
	GlobalSection(Performance) = preSolution
		HasPerformanceSessions = true
	EndGlobalSection
	GlobalSection(Performance) = preSolution
		HasPerformanceSessions = true
	EndGlobalSection
	GlobalSection(Performance) = preSolution
		HasPerformanceSessions = true
	EndGlobalSection
	GlobalSection(Performance) = preSolution
		HasPerformanceSessions = true
	EndGlobalSection
EndGlobal
