
Microsoft Visual Studio Solution File, Format Version 12.00
# Visual Studio 14
VisualStudioVersion = 14.0.25123.0
MinimumVisualStudioVersion = 10.0.40219.1
Project("{FAE04EC0-301F-11D3-BF4B-00C04F79EFBC}") = "WInterop", "Winterop\WInterop.csproj", "{8031257A-B9C2-473F-A4DD-690BD6263FEB}"
EndProject
Project("{D954291E-2A0B-460D-934E-DC6B0785DB48}") = "Common.Desktop", "Common.Desktop\Common.Desktop.shproj", "{EF057D5B-9774-41B3-92E0-27069B0DBBFA}"
EndProject
Project("{FAE04EC0-301F-11D3-BF4B-00C04F79EFBC}") = "WInterop.Desktop", "WInterop.Desktop\WInterop.Desktop.csproj", "{AC918478-F510-44DD-92AE-6E0B013546F5}"
EndProject
Project("{2150E333-8FDC-42A3-9474-1A3956D46DE8}") = "Targets", "Targets", "{22B2F9E8-E6C2-470B-82A7-8C4E1573E2CA}"
EndProject
Project("{D954291E-2A0B-460D-934E-DC6B0785DB48}") = "Common", "Common\Common.shproj", "{E7CAF10F-86B5-486F-9B76-BFC8B9EA41F8}"
EndProject
Project("{FAE04EC0-301F-11D3-BF4B-00C04F79EFBC}") = "WInterop.WindowsRuntime", "Winterop.WindowsRuntime\WInterop.WindowsRuntime.csproj", "{58C13843-52C3-4125-BBC7-30A8B53F2D57}"
EndProject
Project("{2150E333-8FDC-42A3-9474-1A3956D46DE8}") = "Tests", "Tests", "{9BFE01D1-0EF4-4CFC-8E20-254A7E39FB14}"
EndProject
Project("{D954291E-2A0B-460D-934E-DC6B0785DB48}") = "Tests.Common", "Tests\Tests.Common\Tests.Common.shproj", "{2035A6EE-3425-4EBA-8067-919ADAB2599E}"
EndProject
Project("{FAE04EC0-301F-11D3-BF4B-00C04F79EFBC}") = "Tests.Desktop", "Tests\Tests.Desktop\Tests.Desktop.csproj", "{36072C7A-6B56-46A6-A7A6-233A1B686709}"
EndProject
Project("{FAE04EC0-301F-11D3-BF4B-00C04F79EFBC}") = "Tests.UniversalWindows", "Tests\Tests.UniversalWindows\Tests.UniversalWindows.csproj", "{21EF5968-19F9-4F6E-92AE-47E3776478C9}"
EndProject
Project("{FAE04EC0-301F-11D3-BF4B-00C04F79EFBC}") = "Tests.PortableOnDesktop", "Tests\Tests.PortableOnDesktop\Tests.PortableOnDesktop.csproj", "{F5BF349B-4807-4BD8-85E0-93E92BB09445}"
EndProject
Project("{FAE04EC0-301F-11D3-BF4B-00C04F79EFBC}") = "AutoGenerated", "AutoGenerated\AutoGenerated.csproj", "{7334C3CF-A7B8-491B-BBA5-197856E3FA3B}"
EndProject
Global
	GlobalSection(SharedMSBuildProjectFiles) = preSolution
		Tests\Tests.Common\Tests.Common.projitems*{2035a6ee-3425-4eba-8067-919adab2599e}*SharedItemsImports = 13
		Common\Common.projitems*{e7caf10f-86b5-486f-9b76-bfc8b9ea41f8}*SharedItemsImports = 13
		Tests\Tests.Common\Tests.Common.projitems*{f5bf349b-4807-4bd8-85e0-93e92bb09445}*SharedItemsImports = 4
		Common.Desktop\Common.Desktop.projitems*{ac918478-f510-44dd-92ae-6e0b013546f5}*SharedItemsImports = 4
		Common\Common.projitems*{ac918478-f510-44dd-92ae-6e0b013546f5}*SharedItemsImports = 4
		Common\Common.projitems*{58c13843-52c3-4125-bbc7-30a8b53f2d57}*SharedItemsImports = 4
		Common.Desktop\Common.Desktop.projitems*{8031257a-b9c2-473f-a4dd-690bd6263feb}*SharedItemsImports = 4
		Common\Common.projitems*{8031257a-b9c2-473f-a4dd-690bd6263feb}*SharedItemsImports = 4
		Common.Desktop\Common.Desktop.projitems*{ef057d5b-9774-41b3-92e0-27069b0dbbfa}*SharedItemsImports = 13
		Tests\Tests.Common\Tests.Common.projitems*{36072c7a-6b56-46a6-a7a6-233a1b686709}*SharedItemsImports = 4
		Tests\Tests.Common\Tests.Common.projitems*{21ef5968-19f9-4f6e-92ae-47e3776478c9}*SharedItemsImports = 4
	EndGlobalSection
	GlobalSection(SolutionConfigurationPlatforms) = preSolution
		Debug|Any CPU = Debug|Any CPU
		Debug|ARM = Debug|ARM
		Debug|x64 = Debug|x64
		Debug|x86 = Debug|x86
		Release|Any CPU = Release|Any CPU
		Release|ARM = Release|ARM
		Release|x64 = Release|x64
		Release|x86 = Release|x86
	EndGlobalSection
	GlobalSection(ProjectConfigurationPlatforms) = postSolution
		{8031257A-B9C2-473F-A4DD-690BD6263FEB}.Debug|Any CPU.ActiveCfg = Debug|Any CPU
		{8031257A-B9C2-473F-A4DD-690BD6263FEB}.Debug|Any CPU.Build.0 = Debug|Any CPU
		{8031257A-B9C2-473F-A4DD-690BD6263FEB}.Debug|ARM.ActiveCfg = Debug|Any CPU
		{8031257A-B9C2-473F-A4DD-690BD6263FEB}.Debug|ARM.Build.0 = Debug|Any CPU
		{8031257A-B9C2-473F-A4DD-690BD6263FEB}.Debug|x64.ActiveCfg = Debug|Any CPU
		{8031257A-B9C2-473F-A4DD-690BD6263FEB}.Debug|x64.Build.0 = Debug|Any CPU
		{8031257A-B9C2-473F-A4DD-690BD6263FEB}.Debug|x86.ActiveCfg = Debug|Any CPU
		{8031257A-B9C2-473F-A4DD-690BD6263FEB}.Debug|x86.Build.0 = Debug|Any CPU
		{8031257A-B9C2-473F-A4DD-690BD6263FEB}.Release|Any CPU.ActiveCfg = Release|Any CPU
		{8031257A-B9C2-473F-A4DD-690BD6263FEB}.Release|Any CPU.Build.0 = Release|Any CPU
		{8031257A-B9C2-473F-A4DD-690BD6263FEB}.Release|ARM.ActiveCfg = Release|Any CPU
		{8031257A-B9C2-473F-A4DD-690BD6263FEB}.Release|ARM.Build.0 = Release|Any CPU
		{8031257A-B9C2-473F-A4DD-690BD6263FEB}.Release|x64.ActiveCfg = Release|Any CPU
		{8031257A-B9C2-473F-A4DD-690BD6263FEB}.Release|x64.Build.0 = Release|Any CPU
		{8031257A-B9C2-473F-A4DD-690BD6263FEB}.Release|x86.ActiveCfg = Release|Any CPU
		{8031257A-B9C2-473F-A4DD-690BD6263FEB}.Release|x86.Build.0 = Release|Any CPU
		{AC918478-F510-44DD-92AE-6E0B013546F5}.Debug|Any CPU.ActiveCfg = Debug|Any CPU
		{AC918478-F510-44DD-92AE-6E0B013546F5}.Debug|Any CPU.Build.0 = Debug|Any CPU
		{AC918478-F510-44DD-92AE-6E0B013546F5}.Debug|ARM.ActiveCfg = Debug|Any CPU
		{AC918478-F510-44DD-92AE-6E0B013546F5}.Debug|ARM.Build.0 = Debug|Any CPU
		{AC918478-F510-44DD-92AE-6E0B013546F5}.Debug|x64.ActiveCfg = Debug|Any CPU
		{AC918478-F510-44DD-92AE-6E0B013546F5}.Debug|x64.Build.0 = Debug|Any CPU
		{AC918478-F510-44DD-92AE-6E0B013546F5}.Debug|x86.ActiveCfg = Debug|Any CPU
		{AC918478-F510-44DD-92AE-6E0B013546F5}.Debug|x86.Build.0 = Debug|Any CPU
		{AC918478-F510-44DD-92AE-6E0B013546F5}.Release|Any CPU.ActiveCfg = Release|Any CPU
		{AC918478-F510-44DD-92AE-6E0B013546F5}.Release|Any CPU.Build.0 = Release|Any CPU
		{AC918478-F510-44DD-92AE-6E0B013546F5}.Release|ARM.ActiveCfg = Release|Any CPU
		{AC918478-F510-44DD-92AE-6E0B013546F5}.Release|ARM.Build.0 = Release|Any CPU
		{AC918478-F510-44DD-92AE-6E0B013546F5}.Release|x64.ActiveCfg = Release|Any CPU
		{AC918478-F510-44DD-92AE-6E0B013546F5}.Release|x64.Build.0 = Release|Any CPU
		{AC918478-F510-44DD-92AE-6E0B013546F5}.Release|x86.ActiveCfg = Release|Any CPU
		{AC918478-F510-44DD-92AE-6E0B013546F5}.Release|x86.Build.0 = Release|Any CPU
		{58C13843-52C3-4125-BBC7-30A8B53F2D57}.Debug|Any CPU.ActiveCfg = Debug|Any CPU
		{58C13843-52C3-4125-BBC7-30A8B53F2D57}.Debug|Any CPU.Build.0 = Debug|Any CPU
		{58C13843-52C3-4125-BBC7-30A8B53F2D57}.Debug|ARM.ActiveCfg = Debug|Any CPU
		{58C13843-52C3-4125-BBC7-30A8B53F2D57}.Debug|ARM.Build.0 = Debug|Any CPU
		{58C13843-52C3-4125-BBC7-30A8B53F2D57}.Debug|x64.ActiveCfg = Debug|Any CPU
		{58C13843-52C3-4125-BBC7-30A8B53F2D57}.Debug|x64.Build.0 = Debug|Any CPU
		{58C13843-52C3-4125-BBC7-30A8B53F2D57}.Debug|x86.ActiveCfg = Debug|Any CPU
		{58C13843-52C3-4125-BBC7-30A8B53F2D57}.Debug|x86.Build.0 = Debug|Any CPU
		{58C13843-52C3-4125-BBC7-30A8B53F2D57}.Release|Any CPU.ActiveCfg = Release|Any CPU
		{58C13843-52C3-4125-BBC7-30A8B53F2D57}.Release|Any CPU.Build.0 = Release|Any CPU
		{58C13843-52C3-4125-BBC7-30A8B53F2D57}.Release|ARM.ActiveCfg = Release|Any CPU
		{58C13843-52C3-4125-BBC7-30A8B53F2D57}.Release|ARM.Build.0 = Release|Any CPU
		{58C13843-52C3-4125-BBC7-30A8B53F2D57}.Release|x64.ActiveCfg = Release|Any CPU
		{58C13843-52C3-4125-BBC7-30A8B53F2D57}.Release|x64.Build.0 = Release|Any CPU
		{58C13843-52C3-4125-BBC7-30A8B53F2D57}.Release|x86.ActiveCfg = Release|Any CPU
		{58C13843-52C3-4125-BBC7-30A8B53F2D57}.Release|x86.Build.0 = Release|Any CPU
		{36072C7A-6B56-46A6-A7A6-233A1B686709}.Debug|Any CPU.ActiveCfg = Debug|Any CPU
		{36072C7A-6B56-46A6-A7A6-233A1B686709}.Debug|Any CPU.Build.0 = Debug|Any CPU
		{36072C7A-6B56-46A6-A7A6-233A1B686709}.Debug|ARM.ActiveCfg = Debug|Any CPU
		{36072C7A-6B56-46A6-A7A6-233A1B686709}.Debug|ARM.Build.0 = Debug|Any CPU
		{36072C7A-6B56-46A6-A7A6-233A1B686709}.Debug|x64.ActiveCfg = Debug|Any CPU
		{36072C7A-6B56-46A6-A7A6-233A1B686709}.Debug|x64.Build.0 = Debug|Any CPU
		{36072C7A-6B56-46A6-A7A6-233A1B686709}.Debug|x86.ActiveCfg = Debug|Any CPU
		{36072C7A-6B56-46A6-A7A6-233A1B686709}.Debug|x86.Build.0 = Debug|Any CPU
		{36072C7A-6B56-46A6-A7A6-233A1B686709}.Release|Any CPU.ActiveCfg = Release|Any CPU
		{36072C7A-6B56-46A6-A7A6-233A1B686709}.Release|Any CPU.Build.0 = Release|Any CPU
		{36072C7A-6B56-46A6-A7A6-233A1B686709}.Release|ARM.ActiveCfg = Release|Any CPU
		{36072C7A-6B56-46A6-A7A6-233A1B686709}.Release|ARM.Build.0 = Release|Any CPU
		{36072C7A-6B56-46A6-A7A6-233A1B686709}.Release|x64.ActiveCfg = Release|Any CPU
		{36072C7A-6B56-46A6-A7A6-233A1B686709}.Release|x64.Build.0 = Release|Any CPU
		{36072C7A-6B56-46A6-A7A6-233A1B686709}.Release|x86.ActiveCfg = Release|Any CPU
		{36072C7A-6B56-46A6-A7A6-233A1B686709}.Release|x86.Build.0 = Release|Any CPU
		{21EF5968-19F9-4F6E-92AE-47E3776478C9}.Debug|Any CPU.ActiveCfg = Debug|x64
		{21EF5968-19F9-4F6E-92AE-47E3776478C9}.Debug|Any CPU.Build.0 = Debug|x64
		{21EF5968-19F9-4F6E-92AE-47E3776478C9}.Debug|ARM.ActiveCfg = Debug|ARM
		{21EF5968-19F9-4F6E-92AE-47E3776478C9}.Debug|ARM.Build.0 = Debug|ARM
		{21EF5968-19F9-4F6E-92AE-47E3776478C9}.Debug|ARM.Deploy.0 = Debug|ARM
		{21EF5968-19F9-4F6E-92AE-47E3776478C9}.Debug|x64.ActiveCfg = Debug|x64
		{21EF5968-19F9-4F6E-92AE-47E3776478C9}.Debug|x64.Build.0 = Debug|x64
		{21EF5968-19F9-4F6E-92AE-47E3776478C9}.Debug|x64.Deploy.0 = Debug|x64
		{21EF5968-19F9-4F6E-92AE-47E3776478C9}.Debug|x86.ActiveCfg = Debug|x86
		{21EF5968-19F9-4F6E-92AE-47E3776478C9}.Debug|x86.Build.0 = Debug|x86
		{21EF5968-19F9-4F6E-92AE-47E3776478C9}.Debug|x86.Deploy.0 = Debug|x86
		{21EF5968-19F9-4F6E-92AE-47E3776478C9}.Release|Any CPU.ActiveCfg = Release|x86
		{21EF5968-19F9-4F6E-92AE-47E3776478C9}.Release|ARM.ActiveCfg = Release|ARM
		{21EF5968-19F9-4F6E-92AE-47E3776478C9}.Release|ARM.Build.0 = Release|ARM
		{21EF5968-19F9-4F6E-92AE-47E3776478C9}.Release|ARM.Deploy.0 = Release|ARM
		{21EF5968-19F9-4F6E-92AE-47E3776478C9}.Release|x64.ActiveCfg = Release|x64
		{21EF5968-19F9-4F6E-92AE-47E3776478C9}.Release|x64.Build.0 = Release|x64
		{21EF5968-19F9-4F6E-92AE-47E3776478C9}.Release|x64.Deploy.0 = Release|x64
		{21EF5968-19F9-4F6E-92AE-47E3776478C9}.Release|x86.ActiveCfg = Release|x86
		{21EF5968-19F9-4F6E-92AE-47E3776478C9}.Release|x86.Build.0 = Release|x86
		{21EF5968-19F9-4F6E-92AE-47E3776478C9}.Release|x86.Deploy.0 = Release|x86
		{F5BF349B-4807-4BD8-85E0-93E92BB09445}.Debug|Any CPU.ActiveCfg = Debug|Any CPU
		{F5BF349B-4807-4BD8-85E0-93E92BB09445}.Debug|Any CPU.Build.0 = Debug|Any CPU
		{F5BF349B-4807-4BD8-85E0-93E92BB09445}.Debug|ARM.ActiveCfg = Debug|Any CPU
		{F5BF349B-4807-4BD8-85E0-93E92BB09445}.Debug|ARM.Build.0 = Debug|Any CPU
		{F5BF349B-4807-4BD8-85E0-93E92BB09445}.Debug|x64.ActiveCfg = Debug|Any CPU
		{F5BF349B-4807-4BD8-85E0-93E92BB09445}.Debug|x64.Build.0 = Debug|Any CPU
		{F5BF349B-4807-4BD8-85E0-93E92BB09445}.Debug|x86.ActiveCfg = Debug|Any CPU
		{F5BF349B-4807-4BD8-85E0-93E92BB09445}.Debug|x86.Build.0 = Debug|Any CPU
		{F5BF349B-4807-4BD8-85E0-93E92BB09445}.Release|Any CPU.ActiveCfg = Release|Any CPU
		{F5BF349B-4807-4BD8-85E0-93E92BB09445}.Release|Any CPU.Build.0 = Release|Any CPU
		{F5BF349B-4807-4BD8-85E0-93E92BB09445}.Release|ARM.ActiveCfg = Release|Any CPU
		{F5BF349B-4807-4BD8-85E0-93E92BB09445}.Release|ARM.Build.0 = Release|Any CPU
		{F5BF349B-4807-4BD8-85E0-93E92BB09445}.Release|x64.ActiveCfg = Release|Any CPU
		{F5BF349B-4807-4BD8-85E0-93E92BB09445}.Release|x64.Build.0 = Release|Any CPU
		{F5BF349B-4807-4BD8-85E0-93E92BB09445}.Release|x86.ActiveCfg = Release|Any CPU
		{F5BF349B-4807-4BD8-85E0-93E92BB09445}.Release|x86.Build.0 = Release|Any CPU
		{7334C3CF-A7B8-491B-BBA5-197856E3FA3B}.Debug|Any CPU.ActiveCfg = Debug|Any CPU
		{7334C3CF-A7B8-491B-BBA5-197856E3FA3B}.Debug|Any CPU.Build.0 = Debug|Any CPU
		{7334C3CF-A7B8-491B-BBA5-197856E3FA3B}.Debug|ARM.ActiveCfg = Debug|Any CPU
		{7334C3CF-A7B8-491B-BBA5-197856E3FA3B}.Debug|ARM.Build.0 = Debug|Any CPU
		{7334C3CF-A7B8-491B-BBA5-197856E3FA3B}.Debug|x64.ActiveCfg = Debug|Any CPU
		{7334C3CF-A7B8-491B-BBA5-197856E3FA3B}.Debug|x64.Build.0 = Debug|Any CPU
		{7334C3CF-A7B8-491B-BBA5-197856E3FA3B}.Debug|x86.ActiveCfg = Debug|Any CPU
		{7334C3CF-A7B8-491B-BBA5-197856E3FA3B}.Debug|x86.Build.0 = Debug|Any CPU
		{7334C3CF-A7B8-491B-BBA5-197856E3FA3B}.Release|Any CPU.ActiveCfg = Release|Any CPU
		{7334C3CF-A7B8-491B-BBA5-197856E3FA3B}.Release|Any CPU.Build.0 = Release|Any CPU
		{7334C3CF-A7B8-491B-BBA5-197856E3FA3B}.Release|ARM.ActiveCfg = Release|Any CPU
		{7334C3CF-A7B8-491B-BBA5-197856E3FA3B}.Release|ARM.Build.0 = Release|Any CPU
		{7334C3CF-A7B8-491B-BBA5-197856E3FA3B}.Release|x64.ActiveCfg = Release|Any CPU
		{7334C3CF-A7B8-491B-BBA5-197856E3FA3B}.Release|x64.Build.0 = Release|Any CPU
		{7334C3CF-A7B8-491B-BBA5-197856E3FA3B}.Release|x86.ActiveCfg = Release|Any CPU
		{7334C3CF-A7B8-491B-BBA5-197856E3FA3B}.Release|x86.Build.0 = Release|Any CPU
	EndGlobalSection
	GlobalSection(SolutionProperties) = preSolution
		HideSolutionNode = FALSE
	EndGlobalSection
	GlobalSection(NestedProjects) = preSolution
		{8031257A-B9C2-473F-A4DD-690BD6263FEB} = {22B2F9E8-E6C2-470B-82A7-8C4E1573E2CA}
		{AC918478-F510-44DD-92AE-6E0B013546F5} = {22B2F9E8-E6C2-470B-82A7-8C4E1573E2CA}
		{58C13843-52C3-4125-BBC7-30A8B53F2D57} = {22B2F9E8-E6C2-470B-82A7-8C4E1573E2CA}
		{2035A6EE-3425-4EBA-8067-919ADAB2599E} = {9BFE01D1-0EF4-4CFC-8E20-254A7E39FB14}
		{36072C7A-6B56-46A6-A7A6-233A1B686709} = {9BFE01D1-0EF4-4CFC-8E20-254A7E39FB14}
		{21EF5968-19F9-4F6E-92AE-47E3776478C9} = {9BFE01D1-0EF4-4CFC-8E20-254A7E39FB14}
		{F5BF349B-4807-4BD8-85E0-93E92BB09445} = {9BFE01D1-0EF4-4CFC-8E20-254A7E39FB14}
	EndGlobalSection
EndGlobal
