
Microsoft Visual Studio Solution File, Format Version 12.00
# Visual Studio 15
VisualStudioVersion = 15.0.26403.7
MinimumVisualStudioVersion = 10.0.40219.1
Project("{9A19103F-16F7-4668-BE54-9A1E7A4F7556}") = "WInterop", "Winterop\WInterop.csproj", "{8031257A-B9C2-473F-A4DD-690BD6263FEB}"
	ProjectSection(ProjectDependencies) = postProject
		{7334C3CF-A7B8-491B-BBA5-197856E3FA3B} = {7334C3CF-A7B8-491B-BBA5-197856E3FA3B}
	EndProjectSection
EndProject
Project("{9A19103F-16F7-4668-BE54-9A1E7A4F7556}") = "WInterop.Desktop", "WInterop.Desktop\WInterop.Desktop.csproj", "{AC918478-F510-44DD-92AE-6E0B013546F5}"
	ProjectSection(ProjectDependencies) = postProject
		{7334C3CF-A7B8-491B-BBA5-197856E3FA3B} = {7334C3CF-A7B8-491B-BBA5-197856E3FA3B}
	EndProjectSection
EndProject
Project("{D954291E-2A0B-460D-934E-DC6B0785DB48}") = "Common", "Common\Common.shproj", "{E7CAF10F-86B5-486F-9B76-BFC8B9EA41F8}"
EndProject
Project("{2150E333-8FDC-42A3-9474-1A3956D46DE8}") = "Tests", "Tests", "{9BFE01D1-0EF4-4CFC-8E20-254A7E39FB14}"
EndProject
Project("{D954291E-2A0B-460D-934E-DC6B0785DB48}") = "Tests.Common", "Tests\Tests.Common\Tests.Common.shproj", "{2035A6EE-3425-4EBA-8067-919ADAB2599E}"
EndProject
Project("{9A19103F-16F7-4668-BE54-9A1E7A4F7556}") = "Tests.Desktop", "Tests\Tests.Desktop\Tests.Desktop.csproj", "{36072C7A-6B56-46A6-A7A6-233A1B686709}"
	ProjectSection(ProjectDependencies) = postProject
		{9B6766AF-03F6-48B0-89DC-41881B3E00CA} = {9B6766AF-03F6-48B0-89DC-41881B3E00CA}
	EndProjectSection
EndProject
Project("{FAE04EC0-301F-11D3-BF4B-00C04F79EFBC}") = "Tests.UniversalWindows", "Tests\Tests.UniversalWindows\Tests.UniversalWindows.csproj", "{21EF5968-19F9-4F6E-92AE-47E3776478C9}"
EndProject
Project("{9A19103F-16F7-4668-BE54-9A1E7A4F7556}") = "AutoGenerated", "AutoGenerated\AutoGenerated.csproj", "{7334C3CF-A7B8-491B-BBA5-197856E3FA3B}"
EndProject
Project("{2150E333-8FDC-42A3-9474-1A3956D46DE8}") = "Documentation", "Documentation", "{71CFE32A-7550-4ABF-B0F1-61862831E486}"
	ProjectSection(SolutionItems) = preProject
		..\docs\pinvoke.md = ..\docs\pinvoke.md
		..\README.md = ..\README.md
		..\docs\structs.md = ..\docs\structs.md
	EndProjectSection
EndProject
Project("{2150E333-8FDC-42A3-9474-1A3956D46DE8}") = "Libraries", "Libraries", "{03801197-72C1-4497-9AF8-51798E2F8EA8}"
EndProject
Project("{9A19103F-16F7-4668-BE54-9A1E7A4F7556}") = "Tests", "Tests\Tests\Tests.csproj", "{C17F4110-A1D1-4FAC-83F6-19B49A36F075}"
	ProjectSection(ProjectDependencies) = postProject
		{8031257A-B9C2-473F-A4DD-690BD6263FEB} = {8031257A-B9C2-473F-A4DD-690BD6263FEB}
	EndProjectSection
EndProject
Project("{D954291E-2A0B-460D-934E-DC6B0785DB48}") = "Tests.Common.Desktop", "Tests\Tests.Common.Desktop\Tests.Common.Desktop.shproj", "{A6BC8AF5-E3BF-4F75-9FBA-FE5ED7D50AD2}"
EndProject
Project("{8BC9CEB8-8B4A-11D0-8D11-00A0C91BC942}") = "NativeTestLibrary", "Tests\NativeTestLibrary\NativeTestLibrary.vcxproj", "{9B6766AF-03F6-48B0-89DC-41881B3E00CA}"
EndProject
Project("{D954291E-2A0B-460D-934E-DC6B0785DB48}") = "Shared.WinRT", "Shared.WinRT\Shared.WinRT.shproj", "{2322DE30-4C84-4D86-AC36-8E6C0E750C43}"
EndProject
Project("{D954291E-2A0B-460D-934E-DC6B0785DB48}") = "Shared.Desktop", "Shared.Desktop\Shared.Desktop.shproj", "{B3EA538A-E777-45BD-974B-DEDCEA40CA1A}"
EndProject
Project("{9A19103F-16F7-4668-BE54-9A1E7A4F7556}") = "WInterop.Types", "WInterop.Types\WInterop.Types.csproj", "{2BA38BE4-66E8-4B7C-A978-7BA8F3FCE486}"
EndProject
Project("{D954291E-2A0B-460D-934E-DC6B0785DB48}") = "Tests.Shared.Support", "Tests\Tests.Shared.Support\Tests.Shared.Support.shproj", "{1CC4AF0D-DC51-4626-B08E-955F36898073}"
EndProject
Project("{2150E333-8FDC-42A3-9474-1A3956D46DE8}") = "Samples", "Samples", "{F5D72A2B-8550-493A-8E91-A88FBB29643D}"
EndProject
Project("{9A19103F-16F7-4668-BE54-9A1E7A4F7556}") = "HelloMsg", "Samples\Petzold\5th\HelloMsg\HelloMsg.csproj", "{5E252D1C-F56D-4950-812F-8222DD16C388}"
EndProject
Project("{9A19103F-16F7-4668-BE54-9A1E7A4F7556}") = "ScrnSize", "Samples\Petzold\5th\ScrnSize\ScrnSize.csproj", "{CA46A0A4-331C-4625-B3A5-1A13109040C4}"
EndProject
Project("{9A19103F-16F7-4668-BE54-9A1E7A4F7556}") = "HelloWin", "Samples\Petzold\5th\HelloWin\HelloWin.csproj", "{64CBB60E-9013-4BFA-A06F-10F55C341CB7}"
EndProject
Project("{9A19103F-16F7-4668-BE54-9A1E7A4F7556}") = "SysMets1", "Samples\Petzold\5th\SysMets1\SysMets1.csproj", "{88F9C515-92A1-4B29-891C-F91C285DED5D}"
EndProject
Global
	GlobalSection(SharedMSBuildProjectFiles) = preSolution
		Tests\Tests.Shared.Support\Tests.Shared.Support.projitems*{1cc4af0d-dc51-4626-b08e-955f36898073}*SharedItemsImports = 13
		Tests\Tests.Common\Tests.Common.projitems*{2035a6ee-3425-4eba-8067-919adab2599e}*SharedItemsImports = 13
		Tests\Tests.Common\Tests.Common.projitems*{21ef5968-19f9-4f6e-92ae-47e3776478c9}*SharedItemsImports = 4
		Shared.WinRT\Shared.WinRT.projitems*{2322de30-4c84-4d86-ac36-8e6c0e750c43}*SharedItemsImports = 13
		Tests\Tests.Common.Desktop\Tests.Common.Desktop.projitems*{36072c7a-6b56-46a6-a7a6-233a1b686709}*SharedItemsImports = 4
		Common\Common.projitems*{8031257a-b9c2-473f-a4dd-690bd6263feb}*SharedItemsImports = 4
		Tests\Tests.Common.Desktop\Tests.Common.Desktop.projitems*{a6bc8af5-e3bf-4f75-9fba-fe5ed7d50ad2}*SharedItemsImports = 13
		Common\Common.projitems*{ac918478-f510-44dd-92ae-6e0b013546f5}*SharedItemsImports = 4
		Shared.Desktop\Shared.Desktop.projitems*{b3ea538a-e777-45bd-974b-dedcea40ca1a}*SharedItemsImports = 13
		Tests\Tests.Common\Tests.Common.projitems*{c17f4110-a1d1-4fac-83f6-19b49a36f075}*SharedItemsImports = 4
		Common\Common.projitems*{e7caf10f-86b5-486f-9b76-bfc8b9ea41f8}*SharedItemsImports = 13
	EndGlobalSection
	GlobalSection(SolutionConfigurationPlatforms) = preSolution
		Debug|Any CPU = Debug|Any CPU
		Debug|ARM = Debug|ARM
		Debug|x64 = Debug|x64
		Debug|x86 = Debug|x86
		Release|Any CPU = Release|Any CPU
		Release|ARM = Release|ARM
		Release|x64 = Release|x64
		Release|x86 = Release|x86
	EndGlobalSection
	GlobalSection(ProjectConfigurationPlatforms) = postSolution
		{8031257A-B9C2-473F-A4DD-690BD6263FEB}.Debug|Any CPU.ActiveCfg = Debug|Any CPU
		{8031257A-B9C2-473F-A4DD-690BD6263FEB}.Debug|Any CPU.Build.0 = Debug|Any CPU
		{8031257A-B9C2-473F-A4DD-690BD6263FEB}.Debug|ARM.ActiveCfg = Debug|Any CPU
		{8031257A-B9C2-473F-A4DD-690BD6263FEB}.Debug|ARM.Build.0 = Debug|Any CPU
		{8031257A-B9C2-473F-A4DD-690BD6263FEB}.Debug|x64.ActiveCfg = Debug|Any CPU
		{8031257A-B9C2-473F-A4DD-690BD6263FEB}.Debug|x64.Build.0 = Debug|Any CPU
		{8031257A-B9C2-473F-A4DD-690BD6263FEB}.Debug|x86.ActiveCfg = Debug|Any CPU
		{8031257A-B9C2-473F-A4DD-690BD6263FEB}.Debug|x86.Build.0 = Debug|Any CPU
		{8031257A-B9C2-473F-A4DD-690BD6263FEB}.Release|Any CPU.ActiveCfg = Release|Any CPU
		{8031257A-B9C2-473F-A4DD-690BD6263FEB}.Release|Any CPU.Build.0 = Release|Any CPU
		{8031257A-B9C2-473F-A4DD-690BD6263FEB}.Release|ARM.ActiveCfg = Release|Any CPU
		{8031257A-B9C2-473F-A4DD-690BD6263FEB}.Release|ARM.Build.0 = Release|Any CPU
		{8031257A-B9C2-473F-A4DD-690BD6263FEB}.Release|x64.ActiveCfg = Release|Any CPU
		{8031257A-B9C2-473F-A4DD-690BD6263FEB}.Release|x64.Build.0 = Release|Any CPU
		{8031257A-B9C2-473F-A4DD-690BD6263FEB}.Release|x86.ActiveCfg = Release|Any CPU
		{8031257A-B9C2-473F-A4DD-690BD6263FEB}.Release|x86.Build.0 = Release|Any CPU
		{AC918478-F510-44DD-92AE-6E0B013546F5}.Debug|Any CPU.ActiveCfg = Debug|Any CPU
		{AC918478-F510-44DD-92AE-6E0B013546F5}.Debug|Any CPU.Build.0 = Debug|Any CPU
		{AC918478-F510-44DD-92AE-6E0B013546F5}.Debug|ARM.ActiveCfg = Debug|Any CPU
		{AC918478-F510-44DD-92AE-6E0B013546F5}.Debug|ARM.Build.0 = Debug|Any CPU
		{AC918478-F510-44DD-92AE-6E0B013546F5}.Debug|x64.ActiveCfg = Debug|Any CPU
		{AC918478-F510-44DD-92AE-6E0B013546F5}.Debug|x64.Build.0 = Debug|Any CPU
		{AC918478-F510-44DD-92AE-6E0B013546F5}.Debug|x86.ActiveCfg = Debug|Any CPU
		{AC918478-F510-44DD-92AE-6E0B013546F5}.Debug|x86.Build.0 = Debug|Any CPU
		{AC918478-F510-44DD-92AE-6E0B013546F5}.Release|Any CPU.ActiveCfg = Release|Any CPU
		{AC918478-F510-44DD-92AE-6E0B013546F5}.Release|Any CPU.Build.0 = Release|Any CPU
		{AC918478-F510-44DD-92AE-6E0B013546F5}.Release|ARM.ActiveCfg = Release|Any CPU
		{AC918478-F510-44DD-92AE-6E0B013546F5}.Release|ARM.Build.0 = Release|Any CPU
		{AC918478-F510-44DD-92AE-6E0B013546F5}.Release|x64.ActiveCfg = Release|Any CPU
		{AC918478-F510-44DD-92AE-6E0B013546F5}.Release|x64.Build.0 = Release|Any CPU
		{AC918478-F510-44DD-92AE-6E0B013546F5}.Release|x86.ActiveCfg = Release|Any CPU
		{AC918478-F510-44DD-92AE-6E0B013546F5}.Release|x86.Build.0 = Release|Any CPU
		{36072C7A-6B56-46A6-A7A6-233A1B686709}.Debug|Any CPU.ActiveCfg = Debug|Any CPU
		{36072C7A-6B56-46A6-A7A6-233A1B686709}.Debug|Any CPU.Build.0 = Debug|Any CPU
		{36072C7A-6B56-46A6-A7A6-233A1B686709}.Debug|ARM.ActiveCfg = Debug|Any CPU
		{36072C7A-6B56-46A6-A7A6-233A1B686709}.Debug|ARM.Build.0 = Debug|Any CPU
		{36072C7A-6B56-46A6-A7A6-233A1B686709}.Debug|x64.ActiveCfg = Debug|Any CPU
		{36072C7A-6B56-46A6-A7A6-233A1B686709}.Debug|x64.Build.0 = Debug|Any CPU
		{36072C7A-6B56-46A6-A7A6-233A1B686709}.Debug|x86.ActiveCfg = Debug|Any CPU
		{36072C7A-6B56-46A6-A7A6-233A1B686709}.Debug|x86.Build.0 = Debug|Any CPU
		{36072C7A-6B56-46A6-A7A6-233A1B686709}.Release|Any CPU.ActiveCfg = Release|Any CPU
		{36072C7A-6B56-46A6-A7A6-233A1B686709}.Release|Any CPU.Build.0 = Release|Any CPU
		{36072C7A-6B56-46A6-A7A6-233A1B686709}.Release|ARM.ActiveCfg = Release|Any CPU
		{36072C7A-6B56-46A6-A7A6-233A1B686709}.Release|ARM.Build.0 = Release|Any CPU
		{36072C7A-6B56-46A6-A7A6-233A1B686709}.Release|x64.ActiveCfg = Release|Any CPU
		{36072C7A-6B56-46A6-A7A6-233A1B686709}.Release|x64.Build.0 = Release|Any CPU
		{36072C7A-6B56-46A6-A7A6-233A1B686709}.Release|x86.ActiveCfg = Release|Any CPU
		{36072C7A-6B56-46A6-A7A6-233A1B686709}.Release|x86.Build.0 = Release|Any CPU
		{21EF5968-19F9-4F6E-92AE-47E3776478C9}.Debug|Any CPU.ActiveCfg = Debug|x64
		{21EF5968-19F9-4F6E-92AE-47E3776478C9}.Debug|Any CPU.Build.0 = Debug|x64
		{21EF5968-19F9-4F6E-92AE-47E3776478C9}.Debug|ARM.ActiveCfg = Debug|ARM
		{21EF5968-19F9-4F6E-92AE-47E3776478C9}.Debug|ARM.Build.0 = Debug|ARM
		{21EF5968-19F9-4F6E-92AE-47E3776478C9}.Debug|ARM.Deploy.0 = Debug|ARM
		{21EF5968-19F9-4F6E-92AE-47E3776478C9}.Debug|x64.ActiveCfg = Debug|x64
		{21EF5968-19F9-4F6E-92AE-47E3776478C9}.Debug|x64.Build.0 = Debug|x64
		{21EF5968-19F9-4F6E-92AE-47E3776478C9}.Debug|x64.Deploy.0 = Debug|x64
		{21EF5968-19F9-4F6E-92AE-47E3776478C9}.Debug|x86.ActiveCfg = Debug|x86
		{21EF5968-19F9-4F6E-92AE-47E3776478C9}.Debug|x86.Build.0 = Debug|x86
		{21EF5968-19F9-4F6E-92AE-47E3776478C9}.Debug|x86.Deploy.0 = Debug|x86
		{21EF5968-19F9-4F6E-92AE-47E3776478C9}.Release|Any CPU.ActiveCfg = Release|x64
		{21EF5968-19F9-4F6E-92AE-47E3776478C9}.Release|Any CPU.Build.0 = Release|x64
		{21EF5968-19F9-4F6E-92AE-47E3776478C9}.Release|ARM.ActiveCfg = Release|ARM
		{21EF5968-19F9-4F6E-92AE-47E3776478C9}.Release|ARM.Build.0 = Release|ARM
		{21EF5968-19F9-4F6E-92AE-47E3776478C9}.Release|ARM.Deploy.0 = Release|ARM
		{21EF5968-19F9-4F6E-92AE-47E3776478C9}.Release|x64.ActiveCfg = Release|x64
		{21EF5968-19F9-4F6E-92AE-47E3776478C9}.Release|x64.Build.0 = Release|x64
		{21EF5968-19F9-4F6E-92AE-47E3776478C9}.Release|x64.Deploy.0 = Release|x64
		{21EF5968-19F9-4F6E-92AE-47E3776478C9}.Release|x86.ActiveCfg = Release|x86
		{21EF5968-19F9-4F6E-92AE-47E3776478C9}.Release|x86.Build.0 = Release|x86
		{21EF5968-19F9-4F6E-92AE-47E3776478C9}.Release|x86.Deploy.0 = Release|x86
		{7334C3CF-A7B8-491B-BBA5-197856E3FA3B}.Debug|Any CPU.ActiveCfg = Debug|Any CPU
		{7334C3CF-A7B8-491B-BBA5-197856E3FA3B}.Debug|Any CPU.Build.0 = Debug|Any CPU
		{7334C3CF-A7B8-491B-BBA5-197856E3FA3B}.Debug|ARM.ActiveCfg = Debug|Any CPU
		{7334C3CF-A7B8-491B-BBA5-197856E3FA3B}.Debug|ARM.Build.0 = Debug|Any CPU
		{7334C3CF-A7B8-491B-BBA5-197856E3FA3B}.Debug|x64.ActiveCfg = Debug|Any CPU
		{7334C3CF-A7B8-491B-BBA5-197856E3FA3B}.Debug|x64.Build.0 = Debug|Any CPU
		{7334C3CF-A7B8-491B-BBA5-197856E3FA3B}.Debug|x86.ActiveCfg = Debug|Any CPU
		{7334C3CF-A7B8-491B-BBA5-197856E3FA3B}.Debug|x86.Build.0 = Debug|Any CPU
		{7334C3CF-A7B8-491B-BBA5-197856E3FA3B}.Release|Any CPU.ActiveCfg = Release|Any CPU
		{7334C3CF-A7B8-491B-BBA5-197856E3FA3B}.Release|Any CPU.Build.0 = Release|Any CPU
		{7334C3CF-A7B8-491B-BBA5-197856E3FA3B}.Release|ARM.ActiveCfg = Release|Any CPU
		{7334C3CF-A7B8-491B-BBA5-197856E3FA3B}.Release|ARM.Build.0 = Release|Any CPU
		{7334C3CF-A7B8-491B-BBA5-197856E3FA3B}.Release|x64.ActiveCfg = Release|Any CPU
		{7334C3CF-A7B8-491B-BBA5-197856E3FA3B}.Release|x64.Build.0 = Release|Any CPU
		{7334C3CF-A7B8-491B-BBA5-197856E3FA3B}.Release|x86.ActiveCfg = Release|Any CPU
		{7334C3CF-A7B8-491B-BBA5-197856E3FA3B}.Release|x86.Build.0 = Release|Any CPU
		{C17F4110-A1D1-4FAC-83F6-19B49A36F075}.Debug|Any CPU.ActiveCfg = Debug|Any CPU
		{C17F4110-A1D1-4FAC-83F6-19B49A36F075}.Debug|Any CPU.Build.0 = Debug|Any CPU
		{C17F4110-A1D1-4FAC-83F6-19B49A36F075}.Debug|ARM.ActiveCfg = Debug|Any CPU
		{C17F4110-A1D1-4FAC-83F6-19B49A36F075}.Debug|ARM.Build.0 = Debug|Any CPU
		{C17F4110-A1D1-4FAC-83F6-19B49A36F075}.Debug|x64.ActiveCfg = Debug|Any CPU
		{C17F4110-A1D1-4FAC-83F6-19B49A36F075}.Debug|x64.Build.0 = Debug|Any CPU
		{C17F4110-A1D1-4FAC-83F6-19B49A36F075}.Debug|x86.ActiveCfg = Debug|Any CPU
		{C17F4110-A1D1-4FAC-83F6-19B49A36F075}.Debug|x86.Build.0 = Debug|Any CPU
		{C17F4110-A1D1-4FAC-83F6-19B49A36F075}.Release|Any CPU.ActiveCfg = Release|Any CPU
		{C17F4110-A1D1-4FAC-83F6-19B49A36F075}.Release|Any CPU.Build.0 = Release|Any CPU
		{C17F4110-A1D1-4FAC-83F6-19B49A36F075}.Release|ARM.ActiveCfg = Release|Any CPU
		{C17F4110-A1D1-4FAC-83F6-19B49A36F075}.Release|ARM.Build.0 = Release|Any CPU
		{C17F4110-A1D1-4FAC-83F6-19B49A36F075}.Release|x64.ActiveCfg = Release|Any CPU
		{C17F4110-A1D1-4FAC-83F6-19B49A36F075}.Release|x64.Build.0 = Release|Any CPU
		{C17F4110-A1D1-4FAC-83F6-19B49A36F075}.Release|x86.ActiveCfg = Release|Any CPU
		{C17F4110-A1D1-4FAC-83F6-19B49A36F075}.Release|x86.Build.0 = Release|Any CPU
		{9B6766AF-03F6-48B0-89DC-41881B3E00CA}.Debug|Any CPU.ActiveCfg = Debug|x64
		{9B6766AF-03F6-48B0-89DC-41881B3E00CA}.Debug|Any CPU.Build.0 = Debug|x64
		{9B6766AF-03F6-48B0-89DC-41881B3E00CA}.Debug|ARM.ActiveCfg = Debug|Win32
		{9B6766AF-03F6-48B0-89DC-41881B3E00CA}.Debug|x64.ActiveCfg = Debug|x64
		{9B6766AF-03F6-48B0-89DC-41881B3E00CA}.Debug|x64.Build.0 = Debug|x64
		{9B6766AF-03F6-48B0-89DC-41881B3E00CA}.Debug|x86.ActiveCfg = Debug|Win32
		{9B6766AF-03F6-48B0-89DC-41881B3E00CA}.Debug|x86.Build.0 = Debug|Win32
		{9B6766AF-03F6-48B0-89DC-41881B3E00CA}.Release|Any CPU.ActiveCfg = Release|x64
		{9B6766AF-03F6-48B0-89DC-41881B3E00CA}.Release|Any CPU.Build.0 = Release|x64
		{9B6766AF-03F6-48B0-89DC-41881B3E00CA}.Release|ARM.ActiveCfg = Release|Win32
		{9B6766AF-03F6-48B0-89DC-41881B3E00CA}.Release|x64.ActiveCfg = Release|x64
		{9B6766AF-03F6-48B0-89DC-41881B3E00CA}.Release|x64.Build.0 = Release|x64
		{9B6766AF-03F6-48B0-89DC-41881B3E00CA}.Release|x86.ActiveCfg = Release|Win32
		{9B6766AF-03F6-48B0-89DC-41881B3E00CA}.Release|x86.Build.0 = Release|Win32
		{2BA38BE4-66E8-4B7C-A978-7BA8F3FCE486}.Debug|Any CPU.ActiveCfg = Debug|Any CPU
		{2BA38BE4-66E8-4B7C-A978-7BA8F3FCE486}.Debug|Any CPU.Build.0 = Debug|Any CPU
		{2BA38BE4-66E8-4B7C-A978-7BA8F3FCE486}.Debug|ARM.ActiveCfg = Debug|Any CPU
		{2BA38BE4-66E8-4B7C-A978-7BA8F3FCE486}.Debug|ARM.Build.0 = Debug|Any CPU
		{2BA38BE4-66E8-4B7C-A978-7BA8F3FCE486}.Debug|x64.ActiveCfg = Debug|Any CPU
		{2BA38BE4-66E8-4B7C-A978-7BA8F3FCE486}.Debug|x64.Build.0 = Debug|Any CPU
		{2BA38BE4-66E8-4B7C-A978-7BA8F3FCE486}.Debug|x86.ActiveCfg = Debug|Any CPU
		{2BA38BE4-66E8-4B7C-A978-7BA8F3FCE486}.Debug|x86.Build.0 = Debug|Any CPU
		{2BA38BE4-66E8-4B7C-A978-7BA8F3FCE486}.Release|Any CPU.ActiveCfg = Release|Any CPU
		{2BA38BE4-66E8-4B7C-A978-7BA8F3FCE486}.Release|Any CPU.Build.0 = Release|Any CPU
		{2BA38BE4-66E8-4B7C-A978-7BA8F3FCE486}.Release|ARM.ActiveCfg = Release|Any CPU
		{2BA38BE4-66E8-4B7C-A978-7BA8F3FCE486}.Release|ARM.Build.0 = Release|Any CPU
		{2BA38BE4-66E8-4B7C-A978-7BA8F3FCE486}.Release|x64.ActiveCfg = Release|Any CPU
		{2BA38BE4-66E8-4B7C-A978-7BA8F3FCE486}.Release|x64.Build.0 = Release|Any CPU
		{2BA38BE4-66E8-4B7C-A978-7BA8F3FCE486}.Release|x86.ActiveCfg = Release|Any CPU
		{2BA38BE4-66E8-4B7C-A978-7BA8F3FCE486}.Release|x86.Build.0 = Release|Any CPU
		{5E252D1C-F56D-4950-812F-8222DD16C388}.Debug|Any CPU.ActiveCfg = Debug|Any CPU
		{5E252D1C-F56D-4950-812F-8222DD16C388}.Debug|Any CPU.Build.0 = Debug|Any CPU
		{5E252D1C-F56D-4950-812F-8222DD16C388}.Debug|ARM.ActiveCfg = Debug|Any CPU
		{5E252D1C-F56D-4950-812F-8222DD16C388}.Debug|ARM.Build.0 = Debug|Any CPU
		{5E252D1C-F56D-4950-812F-8222DD16C388}.Debug|x64.ActiveCfg = Debug|Any CPU
		{5E252D1C-F56D-4950-812F-8222DD16C388}.Debug|x64.Build.0 = Debug|Any CPU
		{5E252D1C-F56D-4950-812F-8222DD16C388}.Debug|x86.ActiveCfg = Debug|Any CPU
		{5E252D1C-F56D-4950-812F-8222DD16C388}.Debug|x86.Build.0 = Debug|Any CPU
		{5E252D1C-F56D-4950-812F-8222DD16C388}.Release|Any CPU.ActiveCfg = Release|Any CPU
		{5E252D1C-F56D-4950-812F-8222DD16C388}.Release|Any CPU.Build.0 = Release|Any CPU
		{5E252D1C-F56D-4950-812F-8222DD16C388}.Release|ARM.ActiveCfg = Release|Any CPU
		{5E252D1C-F56D-4950-812F-8222DD16C388}.Release|ARM.Build.0 = Release|Any CPU
		{5E252D1C-F56D-4950-812F-8222DD16C388}.Release|x64.ActiveCfg = Release|Any CPU
		{5E252D1C-F56D-4950-812F-8222DD16C388}.Release|x64.Build.0 = Release|Any CPU
		{5E252D1C-F56D-4950-812F-8222DD16C388}.Release|x86.ActiveCfg = Release|Any CPU
		{5E252D1C-F56D-4950-812F-8222DD16C388}.Release|x86.Build.0 = Release|Any CPU
		{CA46A0A4-331C-4625-B3A5-1A13109040C4}.Debug|Any CPU.ActiveCfg = Debug|Any CPU
		{CA46A0A4-331C-4625-B3A5-1A13109040C4}.Debug|Any CPU.Build.0 = Debug|Any CPU
		{CA46A0A4-331C-4625-B3A5-1A13109040C4}.Debug|ARM.ActiveCfg = Debug|Any CPU
		{CA46A0A4-331C-4625-B3A5-1A13109040C4}.Debug|ARM.Build.0 = Debug|Any CPU
		{CA46A0A4-331C-4625-B3A5-1A13109040C4}.Debug|x64.ActiveCfg = Debug|Any CPU
		{CA46A0A4-331C-4625-B3A5-1A13109040C4}.Debug|x64.Build.0 = Debug|Any CPU
		{CA46A0A4-331C-4625-B3A5-1A13109040C4}.Debug|x86.ActiveCfg = Debug|Any CPU
		{CA46A0A4-331C-4625-B3A5-1A13109040C4}.Debug|x86.Build.0 = Debug|Any CPU
		{CA46A0A4-331C-4625-B3A5-1A13109040C4}.Release|Any CPU.ActiveCfg = Release|Any CPU
		{CA46A0A4-331C-4625-B3A5-1A13109040C4}.Release|Any CPU.Build.0 = Release|Any CPU
		{CA46A0A4-331C-4625-B3A5-1A13109040C4}.Release|ARM.ActiveCfg = Release|Any CPU
		{CA46A0A4-331C-4625-B3A5-1A13109040C4}.Release|ARM.Build.0 = Release|Any CPU
		{CA46A0A4-331C-4625-B3A5-1A13109040C4}.Release|x64.ActiveCfg = Release|Any CPU
		{CA46A0A4-331C-4625-B3A5-1A13109040C4}.Release|x64.Build.0 = Release|Any CPU
		{CA46A0A4-331C-4625-B3A5-1A13109040C4}.Release|x86.ActiveCfg = Release|Any CPU
		{CA46A0A4-331C-4625-B3A5-1A13109040C4}.Release|x86.Build.0 = Release|Any CPU
		{64CBB60E-9013-4BFA-A06F-10F55C341CB7}.Debug|Any CPU.ActiveCfg = Debug|Any CPU
		{64CBB60E-9013-4BFA-A06F-10F55C341CB7}.Debug|Any CPU.Build.0 = Debug|Any CPU
		{64CBB60E-9013-4BFA-A06F-10F55C341CB7}.Debug|ARM.ActiveCfg = Debug|Any CPU
		{64CBB60E-9013-4BFA-A06F-10F55C341CB7}.Debug|ARM.Build.0 = Debug|Any CPU
		{64CBB60E-9013-4BFA-A06F-10F55C341CB7}.Debug|x64.ActiveCfg = Debug|Any CPU
		{64CBB60E-9013-4BFA-A06F-10F55C341CB7}.Debug|x64.Build.0 = Debug|Any CPU
		{64CBB60E-9013-4BFA-A06F-10F55C341CB7}.Debug|x86.ActiveCfg = Debug|Any CPU
		{64CBB60E-9013-4BFA-A06F-10F55C341CB7}.Debug|x86.Build.0 = Debug|Any CPU
		{64CBB60E-9013-4BFA-A06F-10F55C341CB7}.Release|Any CPU.ActiveCfg = Release|Any CPU
		{64CBB60E-9013-4BFA-A06F-10F55C341CB7}.Release|Any CPU.Build.0 = Release|Any CPU
		{64CBB60E-9013-4BFA-A06F-10F55C341CB7}.Release|ARM.ActiveCfg = Release|Any CPU
		{64CBB60E-9013-4BFA-A06F-10F55C341CB7}.Release|ARM.Build.0 = Release|Any CPU
		{64CBB60E-9013-4BFA-A06F-10F55C341CB7}.Release|x64.ActiveCfg = Release|Any CPU
		{64CBB60E-9013-4BFA-A06F-10F55C341CB7}.Release|x64.Build.0 = Release|Any CPU
		{64CBB60E-9013-4BFA-A06F-10F55C341CB7}.Release|x86.ActiveCfg = Release|Any CPU
		{64CBB60E-9013-4BFA-A06F-10F55C341CB7}.Release|x86.Build.0 = Release|Any CPU
		{88F9C515-92A1-4B29-891C-F91C285DED5D}.Debug|Any CPU.ActiveCfg = Debug|Any CPU
		{88F9C515-92A1-4B29-891C-F91C285DED5D}.Debug|Any CPU.Build.0 = Debug|Any CPU
		{88F9C515-92A1-4B29-891C-F91C285DED5D}.Debug|ARM.ActiveCfg = Debug|Any CPU
		{88F9C515-92A1-4B29-891C-F91C285DED5D}.Debug|ARM.Build.0 = Debug|Any CPU
		{88F9C515-92A1-4B29-891C-F91C285DED5D}.Debug|x64.ActiveCfg = Debug|Any CPU
		{88F9C515-92A1-4B29-891C-F91C285DED5D}.Debug|x64.Build.0 = Debug|Any CPU
		{88F9C515-92A1-4B29-891C-F91C285DED5D}.Debug|x86.ActiveCfg = Debug|Any CPU
		{88F9C515-92A1-4B29-891C-F91C285DED5D}.Debug|x86.Build.0 = Debug|Any CPU
		{88F9C515-92A1-4B29-891C-F91C285DED5D}.Release|Any CPU.ActiveCfg = Release|Any CPU
		{88F9C515-92A1-4B29-891C-F91C285DED5D}.Release|Any CPU.Build.0 = Release|Any CPU
		{88F9C515-92A1-4B29-891C-F91C285DED5D}.Release|ARM.ActiveCfg = Release|Any CPU
		{88F9C515-92A1-4B29-891C-F91C285DED5D}.Release|ARM.Build.0 = Release|Any CPU
		{88F9C515-92A1-4B29-891C-F91C285DED5D}.Release|x64.ActiveCfg = Release|Any CPU
		{88F9C515-92A1-4B29-891C-F91C285DED5D}.Release|x64.Build.0 = Release|Any CPU
		{88F9C515-92A1-4B29-891C-F91C285DED5D}.Release|x86.ActiveCfg = Release|Any CPU
		{88F9C515-92A1-4B29-891C-F91C285DED5D}.Release|x86.Build.0 = Release|Any CPU
	EndGlobalSection
	GlobalSection(SolutionProperties) = preSolution
		HideSolutionNode = FALSE
	EndGlobalSection
	GlobalSection(NestedProjects) = preSolution
		{8031257A-B9C2-473F-A4DD-690BD6263FEB} = {03801197-72C1-4497-9AF8-51798E2F8EA8}
		{AC918478-F510-44DD-92AE-6E0B013546F5} = {03801197-72C1-4497-9AF8-51798E2F8EA8}
		{E7CAF10F-86B5-486F-9B76-BFC8B9EA41F8} = {03801197-72C1-4497-9AF8-51798E2F8EA8}
		{2035A6EE-3425-4EBA-8067-919ADAB2599E} = {9BFE01D1-0EF4-4CFC-8E20-254A7E39FB14}
		{36072C7A-6B56-46A6-A7A6-233A1B686709} = {9BFE01D1-0EF4-4CFC-8E20-254A7E39FB14}
		{21EF5968-19F9-4F6E-92AE-47E3776478C9} = {9BFE01D1-0EF4-4CFC-8E20-254A7E39FB14}
		{7334C3CF-A7B8-491B-BBA5-197856E3FA3B} = {03801197-72C1-4497-9AF8-51798E2F8EA8}
		{C17F4110-A1D1-4FAC-83F6-19B49A36F075} = {9BFE01D1-0EF4-4CFC-8E20-254A7E39FB14}
		{A6BC8AF5-E3BF-4F75-9FBA-FE5ED7D50AD2} = {9BFE01D1-0EF4-4CFC-8E20-254A7E39FB14}
		{9B6766AF-03F6-48B0-89DC-41881B3E00CA} = {9BFE01D1-0EF4-4CFC-8E20-254A7E39FB14}
		{1CC4AF0D-DC51-4626-B08E-955F36898073} = {9BFE01D1-0EF4-4CFC-8E20-254A7E39FB14}
		{5E252D1C-F56D-4950-812F-8222DD16C388} = {F5D72A2B-8550-493A-8E91-A88FBB29643D}
		{CA46A0A4-331C-4625-B3A5-1A13109040C4} = {F5D72A2B-8550-493A-8E91-A88FBB29643D}
		{64CBB60E-9013-4BFA-A06F-10F55C341CB7} = {F5D72A2B-8550-493A-8E91-A88FBB29643D}
		{88F9C515-92A1-4B29-891C-F91C285DED5D} = {F5D72A2B-8550-493A-8E91-A88FBB29643D}
	EndGlobalSection
EndGlobal
